{
  "pins" : [
    {
      "identity" : "gauthsignin-swift",
      "kind" : "remoteSourceControl",
      "location" : "https://github.com/GSM-MSG/GAuthSignin-Swift",
      "state" : {
        "revision" : "ce6e6f82462fa861b3b10ae05307ec63b73c6cc9",
        "version" : "0.0.3"
      }
    },
    {
      "identity" : "rxflow",
      "kind" : "remoteSourceControl",
      "location" : "https://github.com/RxSwiftCommunity/RxFlow",
      "state" : {
        "revision" : "d8d4e53d05239f1ec1bd8bec173907868afa0fa1",
        "version" : "2.13.0"
      }
    },
    {
      "identity" : "rxswift",
      "kind" : "remoteSourceControl",
      "location" : "https://github.com/ReactiveX/RxSwift.git",
      "state" : {
        "revision" : "b4307ba0b6425c0ba4178e138799946c3da594f8",
        "version" : "6.5.0"
      }
    },
    {
      "identity" : "snapkit",
      "kind" : "remoteSourceControl",
      "location" : "https://github.com/SnapKit/SnapKit",
      "state" : {
        "revision" : "f222cbdf325885926566172f6f5f06af95473158",
        "version" : "5.6.0"
      }
    },
    {
      "identity" : "then",
      "kind" : "remoteSourceControl",
      "location" : "https://github.com/devxoul/Then",
      "state" : {
        "revision" : "d41ef523faef0f911369f79c0b96815d9dbb6d7a",
        "version" : "3.0.0"
      }
    }
  ],
  "version" : 2
}
