// !$*UTF8*$!
{
	archiveVersion = 1;
	classes = {
	};
	objectVersion = 55;
	objects = {

/* Begin PBXBuildFile section */
		00218B877F00F30482C3322C /* IntroReactor.swift in Sources */ = {isa = PBXBuildFile; fileRef = D731D6D31347481DA366521B /* IntroReactor.swift */; };
		00376F6D7377122406E0BAAD /* Assets.xcassets in Resources */ = {isa = PBXBuildFile; fileRef = ABB6E2ADDC0ED6343FA96DB1 /* Assets.xcassets */; };
		00C1EDD175C07AA22845430E /* OutingListModel.swift in Sources */ = {isa = PBXBuildFile; fileRef = 0635F77C3B1C0CC85FAD2869 /* OutingListModel.swift */; };
		0BF7A04CD7B51FC80A4F6472 /* SF-Pro-Text-Medium.otf in Resources */ = {isa = PBXBuildFile; fileRef = 39313DE12E85BD2C48238CCC /* SF-Pro-Text-Medium.otf */; };
		0C4FB0F9CD6867982147CB80 /* SearchModalViewController.swift in Sources */ = {isa = PBXBuildFile; fileRef = 07720F6C0E8B57927E69400D /* SearchModalViewController.swift */; };
		0F4381801C957FDECFF3E137 /* GOMSColor.swift in Sources */ = {isa = PBXBuildFile; fileRef = 3BD89D8062517C54D755C6FC /* GOMSColor.swift */; };
		137DCB3C45E5CE2B10CF1677 /* SnapKit in Frameworks */ = {isa = PBXBuildFile; productRef = C7C08E545C8AAE050C536B30 /* SnapKit */; };
		13BEAA05293FA4319A826530 /* LateServices.swift in Sources */ = {isa = PBXBuildFile; fileRef = 295397FAD951EB22776E0EA2 /* LateServices.swift */; };
		13DC2925516B449FCC210747 /* OutingViewController.swift in Sources */ = {isa = PBXBuildFile; fileRef = 6428C1CD555E404837613330 /* OutingViewController.swift */; };
		14267BD13559E0B6203CAFEA /* GOMSTabBar.swift in Sources */ = {isa = PBXBuildFile; fileRef = 4490FA17B9A929FDAEEA923C /* GOMSTabBar.swift */; };
		17EFEB02E598A042C1191B07 /* LoginWithNumberViewModel.swift in Sources */ = {isa = PBXBuildFile; fileRef = 6846BEC8229D59DE6E0BC868 /* LoginWithNumberViewModel.swift */; };
		1815C764B5C149B5B9CC62DD /* QRCodeModel.swift in Sources */ = {isa = PBXBuildFile; fileRef = DF8A3BF1C61EFCBB1A314149 /* QRCodeModel.swift */; };
		197141CE26653C403692AEA9 /* SignInModel.swift in Sources */ = {isa = PBXBuildFile; fileRef = A4B077D499D3BF1E566F0E52 /* SignInModel.swift */; };
		1C3ADC7783E4800634E86B02 /* NotificationServices.swift in Sources */ = {isa = PBXBuildFile; fileRef = 6B13CB7B98A03E74C3C13FF5 /* NotificationServices.swift */; };
		248B1FD13684D09BC1863DF9 /* GOMSStep.swift in Sources */ = {isa = PBXBuildFile; fileRef = 3E451230CE75A5B517AC7C0D /* GOMSStep.swift */; };
		25B44A02412E18EC2DD622B6 /* SF-Pro-Text-Semibold.otf in Resources */ = {isa = PBXBuildFile; fileRef = C35DA823CB515BD7427792FD /* SF-Pro-Text-Semibold.otf */; };
		26C0BD076523CA3C33E2AFCF /* GOMSFont.swift in Sources */ = {isa = PBXBuildFile; fileRef = B6DE3CD27B429653B4AE1EAB /* GOMSFont.swift */; };
		2790EF0FB564F8CB2C7A9307 /* SceneDelegate.swift in Sources */ = {isa = PBXBuildFile; fileRef = 8B63889E2CE3DE6CECF9E50B /* SceneDelegate.swift */; };
		281F5521BCF7E784E22419E8 /* AuthFlow.swift in Sources */ = {isa = PBXBuildFile; fileRef = E87F44DB0DCBE1F74B576907 /* AuthFlow.swift */; };
		289D47649380CA7B80FD00E7 /* QRScanner in Frameworks */ = {isa = PBXBuildFile; productRef = 4FE8C28B467C9CE652486900 /* QRScanner */; };
		2E688212D716DFFBF49CAE79 /* ProfileViewModel.swift in Sources */ = {isa = PBXBuildFile; fileRef = E3D8DD3B2162507EFE23B404 /* ProfileViewModel.swift */; };
		31D5181F3E02660DC61E7534 /* AccountModel.swift in Sources */ = {isa = PBXBuildFile; fileRef = 46453BBA10D94D166B2498C9 /* AccountModel.swift */; };
		32FAB44A8574F1B2397B936F /* OutingCountModel.swift in Sources */ = {isa = PBXBuildFile; fileRef = A1222865F763F7F78EB7F82B /* OutingCountModel.swift */; };
		3677857998C796CF1F619EE2 /* RxFlow in Frameworks */ = {isa = PBXBuildFile; productRef = B5A5D4FDFFB3F435EF7F6B53 /* RxFlow */; };
		39CDEA366D86ECCD3553F1E0 /* QRCodeFlow.swift in Sources */ = {isa = PBXBuildFile; fileRef = 64EC7ADD2EB48F6A89009F7E /* QRCodeFlow.swift */; };
		3D143330E17F1053EC95DC30 /* StudentInfoModel.swift in Sources */ = {isa = PBXBuildFile; fileRef = A2E02A6BAF31D5F99715EC3B /* StudentInfoModel.swift */; };
		3E6CD32E11DA46CEAFBC933B /* QRCodeViewController.swift in Sources */ = {isa = PBXBuildFile; fileRef = 8CE97E13DBFC259E99CD7D4F /* QRCodeViewController.swift */; };
		46C6B263D98A71D6EB7DB01F /* SearchModel.swift in Sources */ = {isa = PBXBuildFile; fileRef = DF651ECE46F86CCB3159AC19 /* SearchModel.swift */; };
		493128A428A77484FDE0078A /* RoleCell.swift in Sources */ = {isa = PBXBuildFile; fileRef = DF5F326E926997F82820F199 /* RoleCell.swift */; };
		4A258C31A37F954D524852A6 /* RxSwift in Frameworks */ = {isa = PBXBuildFile; productRef = 081F136A16B08657C2E5D58D /* RxSwift */; };
		4F404B67DE5AF8F2F8E712A9 /* OutingFlow.swift in Sources */ = {isa = PBXBuildFile; fileRef = 2A0F2375EE5E4B6444926746 /* OutingFlow.swift */; };
		52118FF2D917294507DF4F27 /* GoogleService-Info.plist in Resources */ = {isa = PBXBuildFile; fileRef = E8926A38BD09D59151CDC98D /* GoogleService-Info.plist */; };
		526E648A9EA922B192DF0736 /* LoginWithNumberViewController.swift in Sources */ = {isa = PBXBuildFile; fileRef = 088A97C0C33E5021A5131591 /* LoginWithNumberViewController.swift */; };
		53EC2844FFCCBBDB4BCB1EA0 /* HomeViewController.swift in Sources */ = {isa = PBXBuildFile; fileRef = 13EA7E9CF4EB6A2520AB2D86 /* HomeViewController.swift */; };
		5769086A0AEF802A1D6083F9 /* LateRankRequest.swift in Sources */ = {isa = PBXBuildFile; fileRef = 71DC10833DB2918D0B5D7051 /* LateRankRequest.swift */; };
		5A990392C21F5FEB947B6769 /* SF-Pro-Text-Bold.otf in Resources */ = {isa = PBXBuildFile; fileRef = 7E14EAC00E2627CE96CDAF3F /* SF-Pro-Text-Bold.otf */; };
		60EAF1A265451E7899876667 /* ProfileTableViewCell.swift in Sources */ = {isa = PBXBuildFile; fileRef = 0765E5A9EB9F6E48A0F28D93 /* ProfileTableViewCell.swift */; };
		622AA0A09E49057253326CA9 /* GOMSShadow.swift in Sources */ = {isa = PBXBuildFile; fileRef = DD13EFD2DBBE1E35454F269B /* GOMSShadow.swift */; };
		64376B716865B84D9A20B5EC /* StudentCouncilServices.swift .swift in Sources */ = {isa = PBXBuildFile; fileRef = 55D9D0634B7E8F5C42182ECA /* StudentCouncilServices.swift .swift */; };
		65AD2A08A00E8B4E4A343E58 /* SF-Pro-Text-Regular.otf in Resources */ = {isa = PBXBuildFile; fileRef = C66C990BFA4E2308FAC7371C /* SF-Pro-Text-Regular.otf */; };
		6A6F960A5D95151F3FBC0F8E /* ProfileViewController.swift in Sources */ = {isa = PBXBuildFile; fileRef = 3C40A2FE679E0118A486F06F /* ProfileViewController.swift */; };
		6C91311D4CABE1ADC77137B4 /* GOMSTextField.swift in Sources */ = {isa = PBXBuildFile; fileRef = 6926EC30A2F12B3D50F4D879 /* GOMSTextField.swift */; };
		702E0F7435A192AA3D09856C /* GOMSToken.swift in Sources */ = {isa = PBXBuildFile; fileRef = F0CB27F8DFB3B74247721004 /* GOMSToken.swift */; };
		716CB6D9CEF82595D1D2DC07 /* GOMSImageView.swift in Sources */ = {isa = PBXBuildFile; fileRef = D6B5037D396751D7329C3D61 /* GOMSImageView.swift */; };
		72028F0A66B9312FD563AB7E /* OutingTableViewCell.swift in Sources */ = {isa = PBXBuildFile; fileRef = 3EC474B134561AC16088E87B /* OutingTableViewCell.swift */; };
		73F4534655B41782CE790A4C /* Fraunces-Black.ttf in Resources */ = {isa = PBXBuildFile; fileRef = 33EEE569891C3731AE11B3DB /* Fraunces-Black.ttf */; };
		7660552A9BFFE52FBCFEBBB9 /* HomeViewModel.swift in Sources */ = {isa = PBXBuildFile; fileRef = 24D6510F4883CE9AD796FD8F /* HomeViewModel.swift */; };
		7AAF0E0FB49FD12113D2A6FB /* QRCode in Frameworks */ = {isa = PBXBuildFile; productRef = FDDF27BAA27DB80FFA7E1BF2 /* QRCode */; };
		7AAFB23D3C59E17B95BD2657 /* Siren in Frameworks */ = {isa = PBXBuildFile; productRef = 28027DF5225FC73445281A5F /* Siren */; };
		81C846E7B6C1B3377D89F2E1 /* MakeQRModel.swift in Sources */ = {isa = PBXBuildFile; fileRef = 0730E97BADBC88DB876C1393 /* MakeQRModel.swift */; };
		8207672D806B3E9BA8F4A415 /* UINavigationBar.swift in Sources */ = {isa = PBXBuildFile; fileRef = 7EF5435A5D9016B119A4573D /* UINavigationBar.swift */; };
		8C3E388AC696BE1B4400758F /* OutingSearchModel.swift in Sources */ = {isa = PBXBuildFile; fileRef = 9388FF33F3F763118675B3B5 /* OutingSearchModel.swift */; };
		8D0B34FF3C060B87514A5C7B /* Then in Frameworks */ = {isa = PBXBuildFile; productRef = EB99EDF37B441D92FE5A82CA /* Then */; };
		90C0666B24341AF743D2A48E /* LateRankModel.swift in Sources */ = {isa = PBXBuildFile; fileRef = 2B5793E1FC9341527315B0A8 /* LateRankModel.swift */; };
		912ED3DC54EFF91C9BD9A5B4 /* Moya in Frameworks */ = {isa = PBXBuildFile; productRef = 05539138342D52593CC4A0B0 /* Moya */; };
		9251671FB767C6D2E48564E8 /* AccountServices.swift in Sources */ = {isa = PBXBuildFile; fileRef = 0FF5F78908D60700B4C935DF /* AccountServices.swift */; };
		96CC4DEF30770C1F115658DA /* BaseViewController.swift in Sources */ = {isa = PBXBuildFile; fileRef = 0297FAE6FE4A628F72E17B21 /* BaseViewController.swift */; };
		96F2BB913F8CC97F79A0B7BA /* GOMSRefreshToken.swift in Sources */ = {isa = PBXBuildFile; fileRef = 0AB1E1255A684C0176905183 /* GOMSRefreshToken.swift */; };
		9814616D9B05E6A957CFE3EB /* StudentInfoCell.swift .swift in Sources */ = {isa = PBXBuildFile; fileRef = 9F381DB7D2D2C20F94C53468 /* StudentInfoCell.swift .swift */; };
		9A33939DC41C18EB4059A600 /* OutingViewModel.swift in Sources */ = {isa = PBXBuildFile; fileRef = 91ED536E620F9BC99598EE54 /* OutingViewModel.swift */; };
		9F913DF033454D55F1037F75 /* SignInRequest.swift in Sources */ = {isa = PBXBuildFile; fileRef = 71F53CB28B1A5311BF484B8E /* SignInRequest.swift */; };
		A01752B27C66A70F6F12FA69 /* StudentInfoViewController.swift in Sources */ = {isa = PBXBuildFile; fileRef = 31CD8887FBFB8B9ED53423B3 /* StudentInfoViewController.swift */; };
		ABB6F591AFDAA19F6EF2E0C5 /* FirebaseAnalytics in Frameworks */ = {isa = PBXBuildFile; productRef = 7D244E1453707818C962596D /* FirebaseAnalytics */; };
		AC3AC29F0F6516A844F86B75 /* SearchModalViewModel.swift in Sources */ = {isa = PBXBuildFile; fileRef = 6BC580F9AA155D6ACED87E4F /* SearchModalViewModel.swift */; };
		B1132D06F70EF5C367D49E53 /* GAuthSignin in Frameworks */ = {isa = PBXBuildFile; productRef = F813DF204217A8A8FA083193 /* GAuthSignin */; };
		B23C5A8F69B6CB7C9BFE292C /* HomeCollectionViewCell.swift in Sources */ = {isa = PBXBuildFile; fileRef = 978264A050185C912349596A /* HomeCollectionViewCell.swift */; };
		B53CAFA02101E7D7FF936C3D /* ReactorKit in Frameworks */ = {isa = PBXBuildFile; productRef = 3C88277923F2237A11F45C73 /* ReactorKit */; };
		B63E657DEAC2370BA64B1F06 /* RefreshTokenModel.swift in Sources */ = {isa = PBXBuildFile; fileRef = 73B05B3CB63AA72F32F58F52 /* RefreshTokenModel.swift */; };
		B6F7B3CDE8A55413DD14BCE9 /* AuthServices.swift in Sources */ = {isa = PBXBuildFile; fileRef = 5C5CF79422AB13E1EE716100 /* AuthServices.swift */; };
		BF9A8A20D6867E104E442A70 /* RxCocoa in Frameworks */ = {isa = PBXBuildFile; productRef = BFE9D9C4C243D7D5A3A968EC /* RxCocoa */; };
		C076B14F4653C3D1E78F3A3E /* AppDelegate.swift in Sources */ = {isa = PBXBuildFile; fileRef = CC1EB3C71F7FA78C9663D371 /* AppDelegate.swift */; };
		C166BB3EDDB3A8442A897F1E /* OutingServices.swift in Sources */ = {isa = PBXBuildFile; fileRef = 0EF56F29FFC248A39CA54F95 /* OutingServices.swift */; };
		C295C3CB1AB4289264FEB1E3 /* IntroViewController.swift in Sources */ = {isa = PBXBuildFile; fileRef = FA439C37C96040C4FE5E37A6 /* IntroViewController.swift */; };
		C30791725E2E7E8D21B7CA65 /* EditUserModalViewModel.swift in Sources */ = {isa = PBXBuildFile; fileRef = 0B2BAD598216A8239D214E8C /* EditUserModalViewModel.swift */; };
		C60E1BEBC649786E7EBFE5B6 /* FirebaseMessaging in Frameworks */ = {isa = PBXBuildFile; productRef = BC6304B918F94843C21D40DF /* FirebaseMessaging */; };
		C67C2A74C66A33E755F46043 /* SplashViewController.swift in Sources */ = {isa = PBXBuildFile; fileRef = D1FE83833543F454C7F1C32C /* SplashViewController.swift */; };
		C8CCAB7E00784089C11B8B3B /* AppFlow.swift in Sources */ = {isa = PBXBuildFile; fileRef = 5CFE1BED4EFEAAF1A4F6C847 /* AppFlow.swift */; };
		C991C75FBDD7E39A9B8C3A57 /* HomeFlow.swift in Sources */ = {isa = PBXBuildFile; fileRef = 0CBC44172A0E10154B5B8F4D /* HomeFlow.swift */; };
		CBDDEB65BD67DC6BDEAB9B34 /* EditAuthorityRequest.swift in Sources */ = {isa = PBXBuildFile; fileRef = D87FBF56FF18F068A62D2666 /* EditAuthorityRequest.swift */; };
		D1BDAC2DC3627EC26CBCEE7B /* OutingModel.swift in Sources */ = {isa = PBXBuildFile; fileRef = 994B53423EF41EC5BA02DEF7 /* OutingModel.swift */; };
		D1E01ADCD6A4A83C842D5CC7 /* Cell.swift in Sources */ = {isa = PBXBuildFile; fileRef = 8230CCA82A130F052294DDB4 /* Cell.swift */; };
		E6229E4983AD0ED4DF7CB7F5 /* TuistBundle+GOMSIOS.swift in Sources */ = {isa = PBXBuildFile; fileRef = BC65C7C162624042253ABA86 /* TuistBundle+GOMSIOS.swift */; };
		E6A35DF17F2B41EAD774B72B /* LaunchScreen.storyboard in Resources */ = {isa = PBXBuildFile; fileRef = 7813475D446B5FD839D6445B /* LaunchScreen.storyboard */; };
		E8AB59C96E8CB2454E49C32A /* StudentInfoViewModel.swift in Sources */ = {isa = PBXBuildFile; fileRef = 8FD41BBFAFBE4AC7AB1EB746 /* StudentInfoViewModel.swift */; };
		E976AD0F5755D28E9AAAB326 /* EditModalViewController.swift in Sources */ = {isa = PBXBuildFile; fileRef = B82FB852DFBD8264D85CDE12 /* EditModalViewController.swift */; };
		F71E566CAB6CE41B32AE0BFB /* BaseURL.swift in Sources */ = {isa = PBXBuildFile; fileRef = 8897DBB2E89D9A3111F95E28 /* BaseURL.swift */; };
		F874F498B452084D603227B5 /* Kingfisher in Frameworks */ = {isa = PBXBuildFile; productRef = 98C1F1421CABED10E7FE1B75 /* Kingfisher */; };
		F9836FCE6394F772A14B06D4 /* BaseViewModel.swift in Sources */ = {isa = PBXBuildFile; fileRef = A1F81B1F96416CCEF789E952 /* BaseViewModel.swift */; };
		F99CB0B4579C8BF18BD50FA5 /* TabBarFlow.swift in Sources */ = {isa = PBXBuildFile; fileRef = 89BEA719AD89929E5D32B7E9 /* TabBarFlow.swift */; };
		FAF8AA3F1722F90CB276E917 /* LoginWithNumberTextField.swift in Sources */ = {isa = PBXBuildFile; fileRef = 53C2E733D878EFF0980E2499 /* LoginWithNumberTextField.swift */; };
/* End PBXBuildFile section */

/* Begin PBXCopyFilesBuildPhase section */
		D543DCF894EFBA2CE01F63E0 /* Embed Frameworks */ = {
			isa = PBXCopyFilesBuildPhase;
			buildActionMask = 2147483647;
			dstPath = "";
			dstSubfolderSpec = 10;
			files = (
			);
			name = "Embed Frameworks";
			runOnlyForDeploymentPostprocessing = 0;
		};
/* End PBXCopyFilesBuildPhase section */

/* Begin PBXFileReference section */
		0297FAE6FE4A628F72E17B21 /* BaseViewController.swift */ = {isa = PBXFileReference; lastKnownFileType = sourcecode.swift; path = BaseViewController.swift; sourceTree = "<group>"; };
		0635F77C3B1C0CC85FAD2869 /* OutingListModel.swift */ = {isa = PBXFileReference; lastKnownFileType = sourcecode.swift; path = OutingListModel.swift; sourceTree = "<group>"; };
		0730E97BADBC88DB876C1393 /* MakeQRModel.swift */ = {isa = PBXFileReference; lastKnownFileType = sourcecode.swift; path = MakeQRModel.swift; sourceTree = "<group>"; };
		0765E5A9EB9F6E48A0F28D93 /* ProfileTableViewCell.swift */ = {isa = PBXFileReference; lastKnownFileType = sourcecode.swift; path = ProfileTableViewCell.swift; sourceTree = "<group>"; };
		07720F6C0E8B57927E69400D /* SearchModalViewController.swift */ = {isa = PBXFileReference; lastKnownFileType = sourcecode.swift; path = SearchModalViewController.swift; sourceTree = "<group>"; };
		088A97C0C33E5021A5131591 /* LoginWithNumberViewController.swift */ = {isa = PBXFileReference; lastKnownFileType = sourcecode.swift; path = LoginWithNumberViewController.swift; sourceTree = "<group>"; };
		0AB1E1255A684C0176905183 /* GOMSRefreshToken.swift */ = {isa = PBXFileReference; lastKnownFileType = sourcecode.swift; path = GOMSRefreshToken.swift; sourceTree = "<group>"; };
		0B2BAD598216A8239D214E8C /* EditUserModalViewModel.swift */ = {isa = PBXFileReference; lastKnownFileType = sourcecode.swift; path = EditUserModalViewModel.swift; sourceTree = "<group>"; };
		0CBC44172A0E10154B5B8F4D /* HomeFlow.swift */ = {isa = PBXFileReference; lastKnownFileType = sourcecode.swift; path = HomeFlow.swift; sourceTree = "<group>"; };
		0EF56F29FFC248A39CA54F95 /* OutingServices.swift */ = {isa = PBXFileReference; lastKnownFileType = sourcecode.swift; path = OutingServices.swift; sourceTree = "<group>"; };
		0FF5F78908D60700B4C935DF /* AccountServices.swift */ = {isa = PBXFileReference; lastKnownFileType = sourcecode.swift; path = AccountServices.swift; sourceTree = "<group>"; };
		13EA7E9CF4EB6A2520AB2D86 /* HomeViewController.swift */ = {isa = PBXFileReference; lastKnownFileType = sourcecode.swift; path = HomeViewController.swift; sourceTree = "<group>"; };
		1BB01AC984E534B6A92A87D8 /* Base */ = {isa = PBXFileReference; lastKnownFileType = file.storyboard; name = Base; path = Base.lproj/LaunchScreen.storyboard; sourceTree = "<group>"; };
		24D6510F4883CE9AD796FD8F /* HomeViewModel.swift */ = {isa = PBXFileReference; lastKnownFileType = sourcecode.swift; path = HomeViewModel.swift; sourceTree = "<group>"; };
		295397FAD951EB22776E0EA2 /* LateServices.swift */ = {isa = PBXFileReference; lastKnownFileType = sourcecode.swift; path = LateServices.swift; sourceTree = "<group>"; };
		2A0F2375EE5E4B6444926746 /* OutingFlow.swift */ = {isa = PBXFileReference; lastKnownFileType = sourcecode.swift; path = OutingFlow.swift; sourceTree = "<group>"; };
		2B5793E1FC9341527315B0A8 /* LateRankModel.swift */ = {isa = PBXFileReference; lastKnownFileType = sourcecode.swift; path = LateRankModel.swift; sourceTree = "<group>"; };
		31CD8887FBFB8B9ED53423B3 /* StudentInfoViewController.swift */ = {isa = PBXFileReference; lastKnownFileType = sourcecode.swift; path = StudentInfoViewController.swift; sourceTree = "<group>"; };
		33EEE569891C3731AE11B3DB /* Fraunces-Black.ttf */ = {isa = PBXFileReference; lastKnownFileType = file; path = "Fraunces-Black.ttf"; sourceTree = "<group>"; };
		39313DE12E85BD2C48238CCC /* SF-Pro-Text-Medium.otf */ = {isa = PBXFileReference; lastKnownFileType = file; path = "SF-Pro-Text-Medium.otf"; sourceTree = "<group>"; };
		3BD89D8062517C54D755C6FC /* GOMSColor.swift */ = {isa = PBXFileReference; lastKnownFileType = sourcecode.swift; path = GOMSColor.swift; sourceTree = "<group>"; };
		3C40A2FE679E0118A486F06F /* ProfileViewController.swift */ = {isa = PBXFileReference; lastKnownFileType = sourcecode.swift; path = ProfileViewController.swift; sourceTree = "<group>"; };
		3E451230CE75A5B517AC7C0D /* GOMSStep.swift */ = {isa = PBXFileReference; lastKnownFileType = sourcecode.swift; path = GOMSStep.swift; sourceTree = "<group>"; };
		3EC474B134561AC16088E87B /* OutingTableViewCell.swift */ = {isa = PBXFileReference; lastKnownFileType = sourcecode.swift; path = OutingTableViewCell.swift; sourceTree = "<group>"; };
		4490FA17B9A929FDAEEA923C /* GOMSTabBar.swift */ = {isa = PBXFileReference; lastKnownFileType = sourcecode.swift; path = GOMSTabBar.swift; sourceTree = "<group>"; };
		46453BBA10D94D166B2498C9 /* AccountModel.swift */ = {isa = PBXFileReference; lastKnownFileType = sourcecode.swift; path = AccountModel.swift; sourceTree = "<group>"; };
		53C2E733D878EFF0980E2499 /* LoginWithNumberTextField.swift */ = {isa = PBXFileReference; lastKnownFileType = sourcecode.swift; path = LoginWithNumberTextField.swift; sourceTree = "<group>"; };
		54E3A574A755C72873CD6306 /* Info.plist */ = {isa = PBXFileReference; lastKnownFileType = text.plist; path = Info.plist; sourceTree = "<group>"; };
		55D9D0634B7E8F5C42182ECA /* StudentCouncilServices.swift .swift */ = {isa = PBXFileReference; lastKnownFileType = sourcecode.swift; path = "StudentCouncilServices.swift .swift"; sourceTree = "<group>"; };
		5C5CF79422AB13E1EE716100 /* AuthServices.swift */ = {isa = PBXFileReference; lastKnownFileType = sourcecode.swift; path = AuthServices.swift; sourceTree = "<group>"; };
		5CFE1BED4EFEAAF1A4F6C847 /* AppFlow.swift */ = {isa = PBXFileReference; lastKnownFileType = sourcecode.swift; path = AppFlow.swift; sourceTree = "<group>"; };
		6428C1CD555E404837613330 /* OutingViewController.swift */ = {isa = PBXFileReference; lastKnownFileType = sourcecode.swift; path = OutingViewController.swift; sourceTree = "<group>"; };
		64EC7ADD2EB48F6A89009F7E /* QRCodeFlow.swift */ = {isa = PBXFileReference; lastKnownFileType = sourcecode.swift; path = QRCodeFlow.swift; sourceTree = "<group>"; };
		6846BEC8229D59DE6E0BC868 /* LoginWithNumberViewModel.swift */ = {isa = PBXFileReference; lastKnownFileType = sourcecode.swift; path = LoginWithNumberViewModel.swift; sourceTree = "<group>"; };
		6926EC30A2F12B3D50F4D879 /* GOMSTextField.swift */ = {isa = PBXFileReference; lastKnownFileType = sourcecode.swift; path = GOMSTextField.swift; sourceTree = "<group>"; };
		6B13CB7B98A03E74C3C13FF5 /* NotificationServices.swift */ = {isa = PBXFileReference; lastKnownFileType = sourcecode.swift; path = NotificationServices.swift; sourceTree = "<group>"; };
		6BC580F9AA155D6ACED87E4F /* SearchModalViewModel.swift */ = {isa = PBXFileReference; lastKnownFileType = sourcecode.swift; path = SearchModalViewModel.swift; sourceTree = "<group>"; };
		71DC10833DB2918D0B5D7051 /* LateRankRequest.swift */ = {isa = PBXFileReference; lastKnownFileType = sourcecode.swift; path = LateRankRequest.swift; sourceTree = "<group>"; };
		71F53CB28B1A5311BF484B8E /* SignInRequest.swift */ = {isa = PBXFileReference; lastKnownFileType = sourcecode.swift; path = SignInRequest.swift; sourceTree = "<group>"; };
		73B05B3CB63AA72F32F58F52 /* RefreshTokenModel.swift */ = {isa = PBXFileReference; lastKnownFileType = sourcecode.swift; path = RefreshTokenModel.swift; sourceTree = "<group>"; };
		7E14EAC00E2627CE96CDAF3F /* SF-Pro-Text-Bold.otf */ = {isa = PBXFileReference; lastKnownFileType = file; path = "SF-Pro-Text-Bold.otf"; sourceTree = "<group>"; };
		7EF5435A5D9016B119A4573D /* UINavigationBar.swift */ = {isa = PBXFileReference; lastKnownFileType = sourcecode.swift; path = UINavigationBar.swift; sourceTree = "<group>"; };
		8230CCA82A130F052294DDB4 /* Cell.swift */ = {isa = PBXFileReference; lastKnownFileType = sourcecode.swift; path = Cell.swift; sourceTree = "<group>"; };
		8897DBB2E89D9A3111F95E28 /* BaseURL.swift */ = {isa = PBXFileReference; lastKnownFileType = sourcecode.swift; path = BaseURL.swift; sourceTree = "<group>"; };
		89BEA719AD89929E5D32B7E9 /* TabBarFlow.swift */ = {isa = PBXFileReference; lastKnownFileType = sourcecode.swift; path = TabBarFlow.swift; sourceTree = "<group>"; };
		8B63889E2CE3DE6CECF9E50B /* SceneDelegate.swift */ = {isa = PBXFileReference; lastKnownFileType = sourcecode.swift; path = SceneDelegate.swift; sourceTree = "<group>"; };
		8CE97E13DBFC259E99CD7D4F /* QRCodeViewController.swift */ = {isa = PBXFileReference; lastKnownFileType = sourcecode.swift; path = QRCodeViewController.swift; sourceTree = "<group>"; };
		8FD41BBFAFBE4AC7AB1EB746 /* StudentInfoViewModel.swift */ = {isa = PBXFileReference; lastKnownFileType = sourcecode.swift; path = StudentInfoViewModel.swift; sourceTree = "<group>"; };
		91ED536E620F9BC99598EE54 /* OutingViewModel.swift */ = {isa = PBXFileReference; lastKnownFileType = sourcecode.swift; path = OutingViewModel.swift; sourceTree = "<group>"; };
		9388FF33F3F763118675B3B5 /* OutingSearchModel.swift */ = {isa = PBXFileReference; lastKnownFileType = sourcecode.swift; path = OutingSearchModel.swift; sourceTree = "<group>"; };
		978264A050185C912349596A /* HomeCollectionViewCell.swift */ = {isa = PBXFileReference; lastKnownFileType = sourcecode.swift; path = HomeCollectionViewCell.swift; sourceTree = "<group>"; };
		994B53423EF41EC5BA02DEF7 /* OutingModel.swift */ = {isa = PBXFileReference; lastKnownFileType = sourcecode.swift; path = OutingModel.swift; sourceTree = "<group>"; };
		9F381DB7D2D2C20F94C53468 /* StudentInfoCell.swift .swift */ = {isa = PBXFileReference; lastKnownFileType = sourcecode.swift; path = "StudentInfoCell.swift .swift"; sourceTree = "<group>"; };
		A1222865F763F7F78EB7F82B /* OutingCountModel.swift */ = {isa = PBXFileReference; lastKnownFileType = sourcecode.swift; path = OutingCountModel.swift; sourceTree = "<group>"; };
		A1F81B1F96416CCEF789E952 /* BaseViewModel.swift */ = {isa = PBXFileReference; lastKnownFileType = sourcecode.swift; path = BaseViewModel.swift; sourceTree = "<group>"; };
		A2E02A6BAF31D5F99715EC3B /* StudentInfoModel.swift */ = {isa = PBXFileReference; lastKnownFileType = sourcecode.swift; path = StudentInfoModel.swift; sourceTree = "<group>"; };
		A4B077D499D3BF1E566F0E52 /* SignInModel.swift */ = {isa = PBXFileReference; lastKnownFileType = sourcecode.swift; path = SignInModel.swift; sourceTree = "<group>"; };
		ABB6E2ADDC0ED6343FA96DB1 /* Assets.xcassets */ = {isa = PBXFileReference; lastKnownFileType = folder.assetcatalog; path = Assets.xcassets; sourceTree = "<group>"; };
		B6DE3CD27B429653B4AE1EAB /* GOMSFont.swift */ = {isa = PBXFileReference; lastKnownFileType = sourcecode.swift; path = GOMSFont.swift; sourceTree = "<group>"; };
		B82FB852DFBD8264D85CDE12 /* EditModalViewController.swift */ = {isa = PBXFileReference; lastKnownFileType = sourcecode.swift; path = EditModalViewController.swift; sourceTree = "<group>"; };
		BC65C7C162624042253ABA86 /* TuistBundle+GOMSIOS.swift */ = {isa = PBXFileReference; lastKnownFileType = sourcecode.swift; path = "TuistBundle+GOMSIOS.swift"; sourceTree = "<group>"; };
		C35DA823CB515BD7427792FD /* SF-Pro-Text-Semibold.otf */ = {isa = PBXFileReference; lastKnownFileType = file; path = "SF-Pro-Text-Semibold.otf"; sourceTree = "<group>"; };
		C66C990BFA4E2308FAC7371C /* SF-Pro-Text-Regular.otf */ = {isa = PBXFileReference; lastKnownFileType = file; path = "SF-Pro-Text-Regular.otf"; sourceTree = "<group>"; };
		CC1EB3C71F7FA78C9663D371 /* AppDelegate.swift */ = {isa = PBXFileReference; lastKnownFileType = sourcecode.swift; path = AppDelegate.swift; sourceTree = "<group>"; };
		D1FE83833543F454C7F1C32C /* SplashViewController.swift */ = {isa = PBXFileReference; lastKnownFileType = sourcecode.swift; path = SplashViewController.swift; sourceTree = "<group>"; };
		D3A56D0F2A6BF9775902773D /* GOMS.app */ = {isa = PBXFileReference; explicitFileType = wrapper.application; includeInIndex = 0; path = GOMS.app; sourceTree = BUILT_PRODUCTS_DIR; };
		D6B5037D396751D7329C3D61 /* GOMSImageView.swift */ = {isa = PBXFileReference; lastKnownFileType = sourcecode.swift; path = GOMSImageView.swift; sourceTree = "<group>"; };
		D731D6D31347481DA366521B /* IntroReactor.swift */ = {isa = PBXFileReference; lastKnownFileType = sourcecode.swift; path = IntroReactor.swift; sourceTree = "<group>"; };
		D87FBF56FF18F068A62D2666 /* EditAuthorityRequest.swift */ = {isa = PBXFileReference; lastKnownFileType = sourcecode.swift; path = EditAuthorityRequest.swift; sourceTree = "<group>"; };
		DD13EFD2DBBE1E35454F269B /* GOMSShadow.swift */ = {isa = PBXFileReference; lastKnownFileType = sourcecode.swift; path = GOMSShadow.swift; sourceTree = "<group>"; };
		DF5F326E926997F82820F199 /* RoleCell.swift */ = {isa = PBXFileReference; lastKnownFileType = sourcecode.swift; path = RoleCell.swift; sourceTree = "<group>"; };
		DF651ECE46F86CCB3159AC19 /* SearchModel.swift */ = {isa = PBXFileReference; lastKnownFileType = sourcecode.swift; path = SearchModel.swift; sourceTree = "<group>"; };
		DF8A3BF1C61EFCBB1A314149 /* QRCodeModel.swift */ = {isa = PBXFileReference; lastKnownFileType = sourcecode.swift; path = QRCodeModel.swift; sourceTree = "<group>"; };
		E3D8DD3B2162507EFE23B404 /* ProfileViewModel.swift */ = {isa = PBXFileReference; lastKnownFileType = sourcecode.swift; path = ProfileViewModel.swift; sourceTree = "<group>"; };
		E87F44DB0DCBE1F74B576907 /* AuthFlow.swift */ = {isa = PBXFileReference; lastKnownFileType = sourcecode.swift; path = AuthFlow.swift; sourceTree = "<group>"; };
		E8926A38BD09D59151CDC98D /* GoogleService-Info.plist */ = {isa = PBXFileReference; lastKnownFileType = text.plist; path = "GoogleService-Info.plist"; sourceTree = "<group>"; };
		F0CB27F8DFB3B74247721004 /* GOMSToken.swift */ = {isa = PBXFileReference; lastKnownFileType = sourcecode.swift; path = GOMSToken.swift; sourceTree = "<group>"; };
		FA439C37C96040C4FE5E37A6 /* IntroViewController.swift */ = {isa = PBXFileReference; lastKnownFileType = sourcecode.swift; path = IntroViewController.swift; sourceTree = "<group>"; };
/* End PBXFileReference section */

/* Begin PBXFrameworksBuildPhase section */
		D02FC1658295CB87615F4677 /* Frameworks */ = {
			isa = PBXFrameworksBuildPhase;
			buildActionMask = 2147483647;
			files = (
				3677857998C796CF1F619EE2 /* RxFlow in Frameworks */,
				4A258C31A37F954D524852A6 /* RxSwift in Frameworks */,
				BF9A8A20D6867E104E442A70 /* RxCocoa in Frameworks */,
				137DCB3C45E5CE2B10CF1677 /* SnapKit in Frameworks */,
				8D0B34FF3C060B87514A5C7B /* Then in Frameworks */,
				912ED3DC54EFF91C9BD9A5B4 /* Moya in Frameworks */,
				F874F498B452084D603227B5 /* Kingfisher in Frameworks */,
				289D47649380CA7B80FD00E7 /* QRScanner in Frameworks */,
				B1132D06F70EF5C367D49E53 /* GAuthSignin in Frameworks */,
				7AAFB23D3C59E17B95BD2657 /* Siren in Frameworks */,
				B53CAFA02101E7D7FF936C3D /* ReactorKit in Frameworks */,
				7AAF0E0FB49FD12113D2A6FB /* QRCode in Frameworks */,
				C60E1BEBC649786E7EBFE5B6 /* FirebaseMessaging in Frameworks */,
				ABB6F591AFDAA19F6EF2E0C5 /* FirebaseAnalytics in Frameworks */,
			);
			runOnlyForDeploymentPostprocessing = 0;
		};
/* End PBXFrameworksBuildPhase section */

/* Begin PBXGroup section */
		01B5A62669A529644A9BE66F /* View */ = {
			isa = PBXGroup;
			children = (
				3C40A2FE679E0118A486F06F /* ProfileViewController.swift */,
			);
			path = View;
			sourceTree = "<group>";
		};
		01F499BA59DEA97DC40B4DE9 /* Profile */ = {
			isa = PBXGroup;
			children = (
				29494436C442EDAC7E609D9B /* Cell */,
				01B5A62669A529644A9BE66F /* View */,
				44EA8FFC819024E5AD4FC1AD /* ViewModel */,
			);
			path = Profile;
			sourceTree = "<group>";
		};
		04D538CC9A97E8FF93797E1E /* Intro */ = {
			isa = PBXGroup;
			children = (
				BFD87E3C008AE719C438F552 /* View */,
				3771E199C9D78C1BBD6FB81D /* Reactor */,
			);
			path = Intro;
			sourceTree = "<group>";
		};
		06BB3C1669155C886E98E08F /* Cell */ = {
			isa = PBXGroup;
			children = (
				978264A050185C912349596A /* HomeCollectionViewCell.swift */,
			);
			path = Cell;
			sourceTree = "<group>";
		};
		0F25B683BA9121AC236A5EAC /* Cell */ = {
			isa = PBXGroup;
			children = (
				3EC474B134561AC16088E87B /* OutingTableViewCell.swift */,
			);
			path = Cell;
			sourceTree = "<group>";
		};
		10BC48B7229F18F1FF8E2BD8 /* Main */ = {
			isa = PBXGroup;
			children = (
				7B2E5264F132D139B4DDD061 /* Items */,
				9A2D6A22F138088DBF246225 /* TabBar */,
			);
			path = Main;
			sourceTree = "<group>";
		};
		1279362F6A3976567E1C0C13 /* View */ = {
			isa = PBXGroup;
			children = (
				8CE97E13DBFC259E99CD7D4F /* QRCodeViewController.swift */,
			);
			path = View;
			sourceTree = "<group>";
		};
		1409A196070CCD43D9E058E8 /* Auth */ = {
			isa = PBXGroup;
			children = (
				5C5CF79422AB13E1EE716100 /* AuthServices.swift */,
			);
			path = Auth;
			sourceTree = "<group>";
		};
		1A86A625066647A04D548EAF /* View */ = {
			isa = PBXGroup;
			children = (
				13EA7E9CF4EB6A2520AB2D86 /* HomeViewController.swift */,
			);
			path = View;
			sourceTree = "<group>";
		};
		1C20FE308149C07822D5A181 /* View */ = {
			isa = PBXGroup;
			children = (
				6428C1CD555E404837613330 /* OutingViewController.swift */,
			);
			path = View;
			sourceTree = "<group>";
		};
		1C55A26C560F6E91B821D271 /* Main */ = {
			isa = PBXGroup;
			children = (
				84DA9BED953D8A6F7EA76F5A /* EditUserModal */,
				78F09023BC88D75D81A0F52B /* Home */,
				65031E658783B8E6050D5845 /* Outing */,
				01F499BA59DEA97DC40B4DE9 /* Profile */,
				B685C449D6207D7ED465C30E /* QRCode */,
				BBE2F3F10692575B420EDF17 /* SearchModal */,
				66B8D8946413CC85F4372CF6 /* Splash */,
				27650B4D2E74E7C38D023D96 /* StudentInfo */,
			);
			path = Main;
			sourceTree = "<group>";
		};
		1D7C950AD9A5F2466F7A8BE8 /* Presentation */ = {
			isa = PBXGroup;
			children = (
				5C922DAA2E0069271EFCB6B0 /* Auth */,
				CC411DA68DB947F2DE4D0E79 /* Base */,
				1C55A26C560F6E91B821D271 /* Main */,
				74C92CAD275D1A87EFE19488 /* TabBar */,
			);
			path = Presentation;
			sourceTree = "<group>";
		};
		27650B4D2E74E7C38D023D96 /* StudentInfo */ = {
			isa = PBXGroup;
			children = (
				918A70E9D79D404D3A387F41 /* Cell */,
				D4D24E87BDACD7A884E8B7FB /* View */,
				69523FB1E7163DE6527053C4 /* ViewModel */,
			);
			path = StudentInfo;
			sourceTree = "<group>";
		};
		29494436C442EDAC7E609D9B /* Cell */ = {
			isa = PBXGroup;
			children = (
				0765E5A9EB9F6E48A0F28D93 /* ProfileTableViewCell.swift */,
			);
			path = Cell;
			sourceTree = "<group>";
		};
		2AE672F6EFD4B4B4C011AF72 /* Account */ = {
			isa = PBXGroup;
			children = (
				0FF5F78908D60700B4C935DF /* AccountServices.swift */,
			);
			path = Account;
			sourceTree = "<group>";
		};
		2AEA64F7361F4FBC11525BB8 /* Auth */ = {
			isa = PBXGroup;
			children = (
				E87F44DB0DCBE1F74B576907 /* AuthFlow.swift */,
			);
			path = Auth;
			sourceTree = "<group>";
		};
		2D1A36C61C26E4E796ACEC91 /* StudentCouncil */ = {
			isa = PBXGroup;
			children = (
				D87FBF56FF18F068A62D2666 /* EditAuthorityRequest.swift */,
			);
			path = StudentCouncil;
			sourceTree = "<group>";
		};
		2F38A5C6231BD3DD6CBD0AB5 /* Services */ = {
			isa = PBXGroup;
			children = (
				2AE672F6EFD4B4B4C011AF72 /* Account */,
				1409A196070CCD43D9E058E8 /* Auth */,
				660F02A333B53D87F3D172D4 /* Late */,
				309F8A7030BC39316CE288BE /* Notification */,
				C0BB95D9729D7FB96D8B3CD3 /* Outing */,
				938DC9DD73A21D6CFCA051E5 /* StudentCouncil */,
			);
			path = Services;
			sourceTree = "<group>";
		};
		309F8A7030BC39316CE288BE /* Notification */ = {
			isa = PBXGroup;
			children = (
				6B13CB7B98A03E74C3C13FF5 /* NotificationServices.swift */,
			);
			path = Notification;
			sourceTree = "<group>";
		};
		345371DEF1E982230E03F99F /* ViewModel */ = {
			isa = PBXGroup;
			children = (
				DF8A3BF1C61EFCBB1A314149 /* QRCodeModel.swift */,
			);
			path = ViewModel;
			sourceTree = "<group>";
		};
		35A365B421C2A70E8FBE60AB /* Auth */ = {
			isa = PBXGroup;
			children = (
				6177794B256B2FF13CB79D7C /* SignIn */,
			);
			path = Auth;
			sourceTree = "<group>";
		};
		36AE259B1D0F0C5CAF7E4C9B /* Auth */ = {
			isa = PBXGroup;
			children = (
				B9367C110059253AAC232AB2 /* RefreshToken */,
				FB06AB00CBC4BB37973A0913 /* SignIn */,
			);
			path = Auth;
			sourceTree = "<group>";
		};
		3771E199C9D78C1BBD6FB81D /* Reactor */ = {
			isa = PBXGroup;
			children = (
				D731D6D31347481DA366521B /* IntroReactor.swift */,
			);
			path = Reactor;
			sourceTree = "<group>";
		};
		3797F06D332BC2907C32555B /* Font */ = {
			isa = PBXGroup;
			children = (
				33EEE569891C3731AE11B3DB /* Fraunces-Black.ttf */,
				7E14EAC00E2627CE96CDAF3F /* SF-Pro-Text-Bold.otf */,
				39313DE12E85BD2C48238CCC /* SF-Pro-Text-Medium.otf */,
				C66C990BFA4E2308FAC7371C /* SF-Pro-Text-Regular.otf */,
				C35DA823CB515BD7427792FD /* SF-Pro-Text-Semibold.otf */,
			);
			path = Font;
			sourceTree = "<group>";
		};
		39D9F1721E67CED7DE9BD69C /* Derived */ = {
			isa = PBXGroup;
			children = (
				83AC1697873ADD5A8784867B /* Sources */,
			);
			path = Derived;
			sourceTree = "<group>";
		};
		3C08BBE787467FF7AA5AC8F9 /* Sources */ = {
			isa = PBXGroup;
			children = (
				A60E4713C2F8D878C44FADCA /* Application */,
				56323FF0400E945A8B59E94A /* Data */,
				434A58350A1F1A0AF31775EC /* DesignSystem */,
				C71A15F2609BDCF9A8937875 /* Extension */,
				1D7C950AD9A5F2466F7A8BE8 /* Presentation */,
			);
			path = Sources;
			sourceTree = "<group>";
		};
		3F60F2231D45D03507A7C88A /* Late */ = {
			isa = PBXGroup;
			children = (
				71DC10833DB2918D0B5D7051 /* LateRankRequest.swift */,
			);
			path = Late;
			sourceTree = "<group>";
		};
		434A58350A1F1A0AF31775EC /* DesignSystem */ = {
			isa = PBXGroup;
			children = (
				53C2E733D878EFF0980E2499 /* LoginWithNumberTextField.swift */,
			);
			path = DesignSystem;
			sourceTree = "<group>";
		};
		44EA8FFC819024E5AD4FC1AD /* ViewModel */ = {
			isa = PBXGroup;
			children = (
				E3D8DD3B2162507EFE23B404 /* ProfileViewModel.swift */,
			);
			path = ViewModel;
			sourceTree = "<group>";
		};
		488DDF038D40B08C3807889A /* ViewModel */ = {
			isa = PBXGroup;
			children = (
				0B2BAD598216A8239D214E8C /* EditUserModalViewModel.swift */,
			);
			path = ViewModel;
			sourceTree = "<group>";
		};
		54C2F0F7053DBB7D7B091D74 /* ViewModel */ = {
			isa = PBXGroup;
			children = (
				24D6510F4883CE9AD796FD8F /* HomeViewModel.swift */,
			);
			path = ViewModel;
			sourceTree = "<group>";
		};
		56323FF0400E945A8B59E94A /* Data */ = {
			isa = PBXGroup;
			children = (
				563CB46DB9C5E64FA7DF1BD9 /* General */,
				E1938EA295496D9315328F12 /* Model */,
				A20AEDC3DF9566A364483D52 /* Request */,
				2F38A5C6231BD3DD6CBD0AB5 /* Services */,
			);
			path = Data;
			sourceTree = "<group>";
		};
		563CB46DB9C5E64FA7DF1BD9 /* General */ = {
			isa = PBXGroup;
			children = (
				8897DBB2E89D9A3111F95E28 /* BaseURL.swift */,
			);
			path = General;
			sourceTree = "<group>";
		};
		575239C0F6ABF69B08F13164 /* StudentCouncil */ = {
			isa = PBXGroup;
			children = (
				0730E97BADBC88DB876C1393 /* MakeQRModel.swift */,
				DF651ECE46F86CCB3159AC19 /* SearchModel.swift */,
				A2E02A6BAF31D5F99715EC3B /* StudentInfoModel.swift */,
			);
			path = StudentCouncil;
			sourceTree = "<group>";
		};
		59D312E526D037E7A6D7989F /* ViewModel */ = {
			isa = PBXGroup;
			children = (
				6846BEC8229D59DE6E0BC868 /* LoginWithNumberViewModel.swift */,
			);
			path = ViewModel;
			sourceTree = "<group>";
		};
		5C922DAA2E0069271EFCB6B0 /* Auth */ = {
			isa = PBXGroup;
			children = (
				04D538CC9A97E8FF93797E1E /* Intro */,
				9CD815B0836B1475C0C08DC3 /* LoginWithNumber */,
			);
			path = Auth;
			sourceTree = "<group>";
		};
		6177794B256B2FF13CB79D7C /* SignIn */ = {
			isa = PBXGroup;
			children = (
				71F53CB28B1A5311BF484B8E /* SignInRequest.swift */,
			);
			path = SignIn;
			sourceTree = "<group>";
		};
		6403CFA32D2DBE2C21471195 /* ViewModel */ = {
			isa = PBXGroup;
			children = (
				6BC580F9AA155D6ACED87E4F /* SearchModalViewModel.swift */,
			);
			path = ViewModel;
			sourceTree = "<group>";
		};
		648BAF08E2848A87A88F0B47 /* Products */ = {
			isa = PBXGroup;
			children = (
				D3A56D0F2A6BF9775902773D /* GOMS.app */,
			);
			name = Products;
			sourceTree = "<group>";
		};
		65031E658783B8E6050D5845 /* Outing */ = {
			isa = PBXGroup;
			children = (
				0F25B683BA9121AC236A5EAC /* Cell */,
				1C20FE308149C07822D5A181 /* View */,
				6D51ACBCE326B06C32D0A1A5 /* ViewModel */,
			);
			path = Outing;
			sourceTree = "<group>";
		};
		660F02A333B53D87F3D172D4 /* Late */ = {
			isa = PBXGroup;
			children = (
				295397FAD951EB22776E0EA2 /* LateServices.swift */,
			);
			path = Late;
			sourceTree = "<group>";
		};
		66B8D8946413CC85F4372CF6 /* Splash */ = {
			isa = PBXGroup;
			children = (
				D1FE83833543F454C7F1C32C /* SplashViewController.swift */,
			);
			path = Splash;
			sourceTree = "<group>";
		};
		69523FB1E7163DE6527053C4 /* ViewModel */ = {
			isa = PBXGroup;
			children = (
				8FD41BBFAFBE4AC7AB1EB746 /* StudentInfoViewModel.swift */,
			);
			path = ViewModel;
			sourceTree = "<group>";
		};
		6D51ACBCE326B06C32D0A1A5 /* ViewModel */ = {
			isa = PBXGroup;
			children = (
				91ED536E620F9BC99598EE54 /* OutingViewModel.swift */,
			);
			path = ViewModel;
			sourceTree = "<group>";
		};
		74C92CAD275D1A87EFE19488 /* TabBar */ = {
			isa = PBXGroup;
			children = (
				4490FA17B9A929FDAEEA923C /* GOMSTabBar.swift */,
			);
			path = TabBar;
			sourceTree = "<group>";
		};
		78F09023BC88D75D81A0F52B /* Home */ = {
			isa = PBXGroup;
			children = (
				06BB3C1669155C886E98E08F /* Cell */,
				1A86A625066647A04D548EAF /* View */,
				54C2F0F7053DBB7D7B091D74 /* ViewModel */,
				8230CCA82A130F052294DDB4 /* Cell.swift */,
			);
			path = Home;
			sourceTree = "<group>";
		};
		79BBDEC18805E22B0E13C82D /* GOMS-iOS */ = {
			isa = PBXGroup;
			children = (
				7BB6BD5705737AFB1B14871C /* Resources */,
				3C08BBE787467FF7AA5AC8F9 /* Sources */,
				54E3A574A755C72873CD6306 /* Info.plist */,
			);
			path = "GOMS-iOS";
			sourceTree = "<group>";
		};
		7B2E5264F132D139B4DDD061 /* Items */ = {
			isa = PBXGroup;
			children = (
				0CBC44172A0E10154B5B8F4D /* HomeFlow.swift */,
				2A0F2375EE5E4B6444926746 /* OutingFlow.swift */,
				64EC7ADD2EB48F6A89009F7E /* QRCodeFlow.swift */,
			);
			path = Items;
			sourceTree = "<group>";
		};
		7BB6BD5705737AFB1B14871C /* Resources */ = {
			isa = PBXGroup;
			children = (
				3797F06D332BC2907C32555B /* Font */,
				7813475D446B5FD839D6445B /* LaunchScreen.storyboard */,
				ABB6E2ADDC0ED6343FA96DB1 /* Assets.xcassets */,
				E8926A38BD09D59151CDC98D /* GoogleService-Info.plist */,
			);
			path = Resources;
			sourceTree = "<group>";
		};
		8190DAC218EC612754461DC0 /* Flow */ = {
			isa = PBXGroup;
			children = (
				BE7207EF61DBB01C42F6FAB7 /* Flows */,
				8BE6F76733D41DF56D6DA797 /* Step */,
				CC1EB3C71F7FA78C9663D371 /* AppDelegate.swift */,
				5CFE1BED4EFEAAF1A4F6C847 /* AppFlow.swift */,
				8B63889E2CE3DE6CECF9E50B /* SceneDelegate.swift */,
			);
			path = Flow;
			sourceTree = "<group>";
		};
		81B349B2A17DA59FF5FDC903 /* Frameworks */ = {
			isa = PBXGroup;
			children = (
			);
			name = Frameworks;
			sourceTree = "<group>";
		};
		83AC1697873ADD5A8784867B /* Sources */ = {
			isa = PBXGroup;
			children = (
				BC65C7C162624042253ABA86 /* TuistBundle+GOMSIOS.swift */,
			);
			path = Sources;
			sourceTree = "<group>";
		};
		84DA9BED953D8A6F7EA76F5A /* EditUserModal */ = {
			isa = PBXGroup;
			children = (
				9EC2ACF8702DA72C97D9290B /* View */,
				488DDF038D40B08C3807889A /* ViewModel */,
			);
			path = EditUserModal;
			sourceTree = "<group>";
		};
		8BE6F76733D41DF56D6DA797 /* Step */ = {
			isa = PBXGroup;
			children = (
				3E451230CE75A5B517AC7C0D /* GOMSStep.swift */,
			);
			path = Step;
			sourceTree = "<group>";
		};
		918A70E9D79D404D3A387F41 /* Cell */ = {
			isa = PBXGroup;
			children = (
				9F381DB7D2D2C20F94C53468 /* StudentInfoCell.swift .swift */,
			);
			path = Cell;
			sourceTree = "<group>";
		};
		91B2C3E344F2AFAB4DC6E044 /* Project */ = {
			isa = PBXGroup;
			children = (
				39D9F1721E67CED7DE9BD69C /* Derived */,
				79BBDEC18805E22B0E13C82D /* GOMS-iOS */,
			);
			name = Project;
			sourceTree = "<group>";
		};
		938DC9DD73A21D6CFCA051E5 /* StudentCouncil */ = {
			isa = PBXGroup;
			children = (
				55D9D0634B7E8F5C42182ECA /* StudentCouncilServices.swift .swift */,
			);
			path = StudentCouncil;
			sourceTree = "<group>";
		};
		9A2D6A22F138088DBF246225 /* TabBar */ = {
			isa = PBXGroup;
			children = (
				89BEA719AD89929E5D32B7E9 /* TabBarFlow.swift */,
			);
			path = TabBar;
			sourceTree = "<group>";
		};
		9CD815B0836B1475C0C08DC3 /* LoginWithNumber */ = {
			isa = PBXGroup;
			children = (
				D40E0F92AAC4747611560503 /* View */,
				59D312E526D037E7A6D7989F /* ViewModel */,
			);
			path = LoginWithNumber;
			sourceTree = "<group>";
		};
		9EC2ACF8702DA72C97D9290B /* View */ = {
			isa = PBXGroup;
			children = (
				B82FB852DFBD8264D85CDE12 /* EditModalViewController.swift */,
			);
			path = View;
			sourceTree = "<group>";
		};
		A20AEDC3DF9566A364483D52 /* Request */ = {
			isa = PBXGroup;
			children = (
				35A365B421C2A70E8FBE60AB /* Auth */,
				3F60F2231D45D03507A7C88A /* Late */,
				2D1A36C61C26E4E796ACEC91 /* StudentCouncil */,
			);
			path = Request;
			sourceTree = "<group>";
		};
		A60E4713C2F8D878C44FADCA /* Application */ = {
			isa = PBXGroup;
			children = (
				8190DAC218EC612754461DC0 /* Flow */,
			);
			path = Application;
			sourceTree = "<group>";
		};
		AED56A1DF2A785FA860E859D = {
			isa = PBXGroup;
			children = (
				91B2C3E344F2AFAB4DC6E044 /* Project */,
				81B349B2A17DA59FF5FDC903 /* Frameworks */,
				648BAF08E2848A87A88F0B47 /* Products */,
			);
			sourceTree = "<group>";
		};
		B3D33AE2B2CF66A911BAF080 /* Cell */ = {
			isa = PBXGroup;
			children = (
				DF5F326E926997F82820F199 /* RoleCell.swift */,
			);
			path = Cell;
			sourceTree = "<group>";
		};
		B685C449D6207D7ED465C30E /* QRCode */ = {
			isa = PBXGroup;
			children = (
				1279362F6A3976567E1C0C13 /* View */,
				345371DEF1E982230E03F99F /* ViewModel */,
			);
			path = QRCode;
			sourceTree = "<group>";
		};
		B8E3E898D563F5084627ADE2 /* View */ = {
			isa = PBXGroup;
			children = (
				07720F6C0E8B57927E69400D /* SearchModalViewController.swift */,
			);
			path = View;
			sourceTree = "<group>";
		};
		B9367C110059253AAC232AB2 /* RefreshToken */ = {
			isa = PBXGroup;
			children = (
				73B05B3CB63AA72F32F58F52 /* RefreshTokenModel.swift */,
			);
			path = RefreshToken;
			sourceTree = "<group>";
		};
		BBE2F3F10692575B420EDF17 /* SearchModal */ = {
			isa = PBXGroup;
			children = (
				B3D33AE2B2CF66A911BAF080 /* Cell */,
				B8E3E898D563F5084627ADE2 /* View */,
				6403CFA32D2DBE2C21471195 /* ViewModel */,
			);
			path = SearchModal;
			sourceTree = "<group>";
		};
		BE7207EF61DBB01C42F6FAB7 /* Flows */ = {
			isa = PBXGroup;
			children = (
				2AEA64F7361F4FBC11525BB8 /* Auth */,
				10BC48B7229F18F1FF8E2BD8 /* Main */,
			);
			path = Flows;
			sourceTree = "<group>";
		};
		BFD87E3C008AE719C438F552 /* View */ = {
			isa = PBXGroup;
			children = (
				FA439C37C96040C4FE5E37A6 /* IntroViewController.swift */,
			);
			path = View;
			sourceTree = "<group>";
		};
		C0BB95D9729D7FB96D8B3CD3 /* Outing */ = {
			isa = PBXGroup;
			children = (
				0EF56F29FFC248A39CA54F95 /* OutingServices.swift */,
			);
			path = Outing;
			sourceTree = "<group>";
		};
		C71A15F2609BDCF9A8937875 /* Extension */ = {
			isa = PBXGroup;
			children = (
				3BD89D8062517C54D755C6FC /* GOMSColor.swift */,
				B6DE3CD27B429653B4AE1EAB /* GOMSFont.swift */,
				D6B5037D396751D7329C3D61 /* GOMSImageView.swift */,
				0AB1E1255A684C0176905183 /* GOMSRefreshToken.swift */,
				DD13EFD2DBBE1E35454F269B /* GOMSShadow.swift */,
				6926EC30A2F12B3D50F4D879 /* GOMSTextField.swift */,
				F0CB27F8DFB3B74247721004 /* GOMSToken.swift */,
				7EF5435A5D9016B119A4573D /* UINavigationBar.swift */,
			);
			path = Extension;
			sourceTree = "<group>";
		};
		CC411DA68DB947F2DE4D0E79 /* Base */ = {
			isa = PBXGroup;
			children = (
				0297FAE6FE4A628F72E17B21 /* BaseViewController.swift */,
				A1F81B1F96416CCEF789E952 /* BaseViewModel.swift */,
			);
			path = Base;
			sourceTree = "<group>";
		};
		D40E0F92AAC4747611560503 /* View */ = {
			isa = PBXGroup;
			children = (
				088A97C0C33E5021A5131591 /* LoginWithNumberViewController.swift */,
			);
			path = View;
			sourceTree = "<group>";
		};
		D4D24E87BDACD7A884E8B7FB /* View */ = {
			isa = PBXGroup;
			children = (
				31CD8887FBFB8B9ED53423B3 /* StudentInfoViewController.swift */,
			);
			path = View;
			sourceTree = "<group>";
		};
		E1938EA295496D9315328F12 /* Model */ = {
			isa = PBXGroup;
			children = (
				F7DEA3EAA82AB834BE83E7FD /* Account */,
				36AE259B1D0F0C5CAF7E4C9B /* Auth */,
				E83D8C3FB2F2FD9D0E47DF0A /* Late */,
				FE46763B34FB6B77AA418D86 /* Outing */,
				575239C0F6ABF69B08F13164 /* StudentCouncil */,
			);
			path = Model;
			sourceTree = "<group>";
		};
		E83D8C3FB2F2FD9D0E47DF0A /* Late */ = {
			isa = PBXGroup;
			children = (
				2B5793E1FC9341527315B0A8 /* LateRankModel.swift */,
			);
			path = Late;
			sourceTree = "<group>";
		};
		F7DEA3EAA82AB834BE83E7FD /* Account */ = {
			isa = PBXGroup;
			children = (
				46453BBA10D94D166B2498C9 /* AccountModel.swift */,
			);
			path = Account;
			sourceTree = "<group>";
		};
		FB06AB00CBC4BB37973A0913 /* SignIn */ = {
			isa = PBXGroup;
			children = (
				A4B077D499D3BF1E566F0E52 /* SignInModel.swift */,
			);
			path = SignIn;
			sourceTree = "<group>";
		};
		FE46763B34FB6B77AA418D86 /* Outing */ = {
			isa = PBXGroup;
			children = (
				A1222865F763F7F78EB7F82B /* OutingCountModel.swift */,
				0635F77C3B1C0CC85FAD2869 /* OutingListModel.swift */,
				994B53423EF41EC5BA02DEF7 /* OutingModel.swift */,
				9388FF33F3F763118675B3B5 /* OutingSearchModel.swift */,
			);
			path = Outing;
			sourceTree = "<group>";
		};
/* End PBXGroup section */

/* Begin PBXNativeTarget section */
		F66C9385E26BB33EE2931DFB /* GOMS-iOS */ = {
			isa = PBXNativeTarget;
			buildConfigurationList = 77C8DA289F40AC2417B9248D /* Build configuration list for PBXNativeTarget "GOMS-iOS" */;
			buildPhases = (
				982153C8294538EB33A3D9F6 /* Sources */,
				231319C443AE43E855BCAFCA /* Resources */,
				D543DCF894EFBA2CE01F63E0 /* Embed Frameworks */,
				D02FC1658295CB87615F4677 /* Frameworks */,
			);
			buildRules = (
			);
			dependencies = (
			);
			name = "GOMS-iOS";
			packageProductDependencies = (
				B5A5D4FDFFB3F435EF7F6B53 /* RxFlow */,
				081F136A16B08657C2E5D58D /* RxSwift */,
				BFE9D9C4C243D7D5A3A968EC /* RxCocoa */,
				C7C08E545C8AAE050C536B30 /* SnapKit */,
				EB99EDF37B441D92FE5A82CA /* Then */,
				05539138342D52593CC4A0B0 /* Moya */,
				98C1F1421CABED10E7FE1B75 /* Kingfisher */,
				4FE8C28B467C9CE652486900 /* QRScanner */,
				F813DF204217A8A8FA083193 /* GAuthSignin */,
				28027DF5225FC73445281A5F /* Siren */,
				3C88277923F2237A11F45C73 /* ReactorKit */,
				FDDF27BAA27DB80FFA7E1BF2 /* QRCode */,
				BC6304B918F94843C21D40DF /* FirebaseMessaging */,
				7D244E1453707818C962596D /* FirebaseAnalytics */,
			);
			productName = GOMS;
			productReference = D3A56D0F2A6BF9775902773D /* GOMS.app */;
			productType = "com.apple.product-type.application";
		};
/* End PBXNativeTarget section */

/* Begin PBXProject section */
		681508A39904DC3090579ACB /* Project object */ = {
			isa = PBXProject;
			attributes = {
				BuildIndependentTargetsInParallel = YES;
				ORGANIZATIONNAME = HARIBO;
			};
			buildConfigurationList = DA7408DB5218F4061454ACF0 /* Build configuration list for PBXProject "GOMS-iOS" */;
			compatibilityVersion = "Xcode 13.0";
			developmentRegion = en;
			hasScannedForEncodings = 0;
			knownRegions = (
				Base,
				en,
			);
			mainGroup = AED56A1DF2A785FA860E859D;
			packageReferences = (
				11D24DC36F4A956516852473 /* XCRemoteSwiftPackageReference "Siren" */,
				22615A22CBAE36C4E05A46D1 /* XCRemoteSwiftPackageReference "GAuthSignin-Swift" */,
				1F4F6DCEB5D971B1D4220B72 /* XCRemoteSwiftPackageReference "Moya" */,
				A8867077F776A854984B5978 /* XCRemoteSwiftPackageReference "RxSwift" */,
				90AFD2E25EE9EA6D3A7CC13E /* XCRemoteSwiftPackageReference "ReactorKit" */,
				FFD5B6D4081A35622195590E /* XCRemoteSwiftPackageReference "RxFlow" */,
				11A293E5CB1EDC0DF4832D2C /* XCRemoteSwiftPackageReference "SnapKit" */,
				6E54C8325EBF75DC324828AD /* XCRemoteSwiftPackageReference "Then" */,
				64CA448C5F3B7B9E14D639BE /* XCRemoteSwiftPackageReference "QRCode" */,
				3F44892F27F1A72C6B7EA2AD /* XCRemoteSwiftPackageReference "firebase-ios-sdk" */,
				BEBF9F1645C5AE67F1F0E723 /* XCRemoteSwiftPackageReference "QRScanner" */,
				3A19482F0C32099983F713BE /* XCRemoteSwiftPackageReference "Kingfisher" */,
			);
			productRefGroup = 648BAF08E2848A87A88F0B47 /* Products */;
			projectDirPath = "";
			projectRoot = "";
			targets = (
				F66C9385E26BB33EE2931DFB /* GOMS-iOS */,
			);
		};
/* End PBXProject section */

/* Begin PBXResourcesBuildPhase section */
		231319C443AE43E855BCAFCA /* Resources */ = {
			isa = PBXResourcesBuildPhase;
			buildActionMask = 2147483647;
			files = (
				00376F6D7377122406E0BAAD /* Assets.xcassets in Resources */,
				E6A35DF17F2B41EAD774B72B /* LaunchScreen.storyboard in Resources */,
				73F4534655B41782CE790A4C /* Fraunces-Black.ttf in Resources */,
				5A990392C21F5FEB947B6769 /* SF-Pro-Text-Bold.otf in Resources */,
				0BF7A04CD7B51FC80A4F6472 /* SF-Pro-Text-Medium.otf in Resources */,
				65AD2A08A00E8B4E4A343E58 /* SF-Pro-Text-Regular.otf in Resources */,
				25B44A02412E18EC2DD622B6 /* SF-Pro-Text-Semibold.otf in Resources */,
				52118FF2D917294507DF4F27 /* GoogleService-Info.plist in Resources */,
			);
			runOnlyForDeploymentPostprocessing = 0;
		};
/* End PBXResourcesBuildPhase section */

/* Begin PBXSourcesBuildPhase section */
		982153C8294538EB33A3D9F6 /* Sources */ = {
			isa = PBXSourcesBuildPhase;
			buildActionMask = 2147483647;
			files = (
				E6229E4983AD0ED4DF7CB7F5 /* TuistBundle+GOMSIOS.swift in Sources */,
				C076B14F4653C3D1E78F3A3E /* AppDelegate.swift in Sources */,
				C8CCAB7E00784089C11B8B3B /* AppFlow.swift in Sources */,
				281F5521BCF7E784E22419E8 /* AuthFlow.swift in Sources */,
				C991C75FBDD7E39A9B8C3A57 /* HomeFlow.swift in Sources */,
				4F404B67DE5AF8F2F8E712A9 /* OutingFlow.swift in Sources */,
				39CDEA366D86ECCD3553F1E0 /* QRCodeFlow.swift in Sources */,
				F99CB0B4579C8BF18BD50FA5 /* TabBarFlow.swift in Sources */,
				2790EF0FB564F8CB2C7A9307 /* SceneDelegate.swift in Sources */,
				248B1FD13684D09BC1863DF9 /* GOMSStep.swift in Sources */,
				F71E566CAB6CE41B32AE0BFB /* BaseURL.swift in Sources */,
				31D5181F3E02660DC61E7534 /* AccountModel.swift in Sources */,
				B63E657DEAC2370BA64B1F06 /* RefreshTokenModel.swift in Sources */,
				197141CE26653C403692AEA9 /* SignInModel.swift in Sources */,
				90C0666B24341AF743D2A48E /* LateRankModel.swift in Sources */,
				32FAB44A8574F1B2397B936F /* OutingCountModel.swift in Sources */,
				00C1EDD175C07AA22845430E /* OutingListModel.swift in Sources */,
				D1BDAC2DC3627EC26CBCEE7B /* OutingModel.swift in Sources */,
				8C3E388AC696BE1B4400758F /* OutingSearchModel.swift in Sources */,
				81C846E7B6C1B3377D89F2E1 /* MakeQRModel.swift in Sources */,
				46C6B263D98A71D6EB7DB01F /* SearchModel.swift in Sources */,
				3D143330E17F1053EC95DC30 /* StudentInfoModel.swift in Sources */,
				9F913DF033454D55F1037F75 /* SignInRequest.swift in Sources */,
				5769086A0AEF802A1D6083F9 /* LateRankRequest.swift in Sources */,
				CBDDEB65BD67DC6BDEAB9B34 /* EditAuthorityRequest.swift in Sources */,
				9251671FB767C6D2E48564E8 /* AccountServices.swift in Sources */,
				B6F7B3CDE8A55413DD14BCE9 /* AuthServices.swift in Sources */,
				13BEAA05293FA4319A826530 /* LateServices.swift in Sources */,
				1C3ADC7783E4800634E86B02 /* NotificationServices.swift in Sources */,
				C166BB3EDDB3A8442A897F1E /* OutingServices.swift in Sources */,
				64376B716865B84D9A20B5EC /* StudentCouncilServices.swift .swift in Sources */,
				FAF8AA3F1722F90CB276E917 /* LoginWithNumberTextField.swift in Sources */,
				0F4381801C957FDECFF3E137 /* GOMSColor.swift in Sources */,
				26C0BD076523CA3C33E2AFCF /* GOMSFont.swift in Sources */,
				716CB6D9CEF82595D1D2DC07 /* GOMSImageView.swift in Sources */,
				96F2BB913F8CC97F79A0B7BA /* GOMSRefreshToken.swift in Sources */,
				622AA0A09E49057253326CA9 /* GOMSShadow.swift in Sources */,
				6C91311D4CABE1ADC77137B4 /* GOMSTextField.swift in Sources */,
				702E0F7435A192AA3D09856C /* GOMSToken.swift in Sources */,
				8207672D806B3E9BA8F4A415 /* UINavigationBar.swift in Sources */,
				C295C3CB1AB4289264FEB1E3 /* IntroViewController.swift in Sources */,
				00218B877F00F30482C3322C /* IntroReactor.swift in Sources */,
				526E648A9EA922B192DF0736 /* LoginWithNumberViewController.swift in Sources */,
				17EFEB02E598A042C1191B07 /* LoginWithNumberViewModel.swift in Sources */,
				96CC4DEF30770C1F115658DA /* BaseViewController.swift in Sources */,
				F9836FCE6394F772A14B06D4 /* BaseViewModel.swift in Sources */,
				E976AD0F5755D28E9AAAB326 /* EditModalViewController.swift in Sources */,
				C30791725E2E7E8D21B7CA65 /* EditUserModalViewModel.swift in Sources */,
				D1E01ADCD6A4A83C842D5CC7 /* Cell.swift in Sources */,
				B23C5A8F69B6CB7C9BFE292C /* HomeCollectionViewCell.swift in Sources */,
				53EC2844FFCCBBDB4BCB1EA0 /* HomeViewController.swift in Sources */,
				7660552A9BFFE52FBCFEBBB9 /* HomeViewModel.swift in Sources */,
				72028F0A66B9312FD563AB7E /* OutingTableViewCell.swift in Sources */,
				13DC2925516B449FCC210747 /* OutingViewController.swift in Sources */,
				9A33939DC41C18EB4059A600 /* OutingViewModel.swift in Sources */,
				60EAF1A265451E7899876667 /* ProfileTableViewCell.swift in Sources */,
				6A6F960A5D95151F3FBC0F8E /* ProfileViewController.swift in Sources */,
				2E688212D716DFFBF49CAE79 /* ProfileViewModel.swift in Sources */,
				3E6CD32E11DA46CEAFBC933B /* QRCodeViewController.swift in Sources */,
				1815C764B5C149B5B9CC62DD /* QRCodeModel.swift in Sources */,
				493128A428A77484FDE0078A /* RoleCell.swift in Sources */,
				0C4FB0F9CD6867982147CB80 /* SearchModalViewController.swift in Sources */,
				AC3AC29F0F6516A844F86B75 /* SearchModalViewModel.swift in Sources */,
				C67C2A74C66A33E755F46043 /* SplashViewController.swift in Sources */,
				9814616D9B05E6A957CFE3EB /* StudentInfoCell.swift .swift in Sources */,
				A01752B27C66A70F6F12FA69 /* StudentInfoViewController.swift in Sources */,
				E8AB59C96E8CB2454E49C32A /* StudentInfoViewModel.swift in Sources */,
				14267BD13559E0B6203CAFEA /* GOMSTabBar.swift in Sources */,
			);
			runOnlyForDeploymentPostprocessing = 0;
		};
/* End PBXSourcesBuildPhase section */

/* Begin PBXVariantGroup section */
		7813475D446B5FD839D6445B /* LaunchScreen.storyboard */ = {
			isa = PBXVariantGroup;
			children = (
				1BB01AC984E534B6A92A87D8 /* Base */,
			);
			name = LaunchScreen.storyboard;
			sourceTree = "<group>";
		};
/* End PBXVariantGroup section */

/* Begin XCBuildConfiguration section */
		241AD0489E4BAABA52B1349A /* Debug */ = {
			isa = XCBuildConfiguration;
			buildSettings = {
				ALWAYS_SEARCH_USER_PATHS = NO;
				CLANG_ANALYZER_LOCALIZABILITY_NONLOCALIZED = YES;
				CLANG_ANALYZER_NONNULL = YES;
				CLANG_ANALYZER_NUMBER_OBJECT_CONVERSION = YES_AGGRESSIVE;
				CLANG_CXX_LANGUAGE_STANDARD = "gnu++14";
				CLANG_CXX_LIBRARY = "libc++";
				CLANG_ENABLE_MODULES = YES;
				CLANG_ENABLE_OBJC_ARC = YES;
				CLANG_ENABLE_OBJC_WEAK = YES;
				CLANG_WARN_BLOCK_CAPTURE_AUTORELEASING = YES;
				CLANG_WARN_BOOL_CONVERSION = YES;
				CLANG_WARN_COMMA = YES;
				CLANG_WARN_CONSTANT_CONVERSION = YES;
				CLANG_WARN_DEPRECATED_OBJC_IMPLEMENTATIONS = YES;
				CLANG_WARN_DIRECT_OBJC_ISA_USAGE = YES_ERROR;
				CLANG_WARN_DOCUMENTATION_COMMENTS = YES;
				CLANG_WARN_EMPTY_BODY = YES;
				CLANG_WARN_ENUM_CONVERSION = YES;
				CLANG_WARN_INFINITE_RECURSION = YES;
				CLANG_WARN_INT_CONVERSION = YES;
				CLANG_WARN_NON_LITERAL_NULL_CONVERSION = YES;
				CLANG_WARN_OBJC_IMPLICIT_RETAIN_SELF = YES;
				CLANG_WARN_OBJC_LITERAL_CONVERSION = YES;
				CLANG_WARN_OBJC_ROOT_CLASS = YES_ERROR;
				CLANG_WARN_QUOTED_INCLUDE_IN_FRAMEWORK_HEADER = YES;
				CLANG_WARN_RANGE_LOOP_ANALYSIS = YES;
				CLANG_WARN_STRICT_PROTOTYPES = YES;
				CLANG_WARN_SUSPICIOUS_MOVE = YES;
				CLANG_WARN_UNGUARDED_AVAILABILITY = YES_AGGRESSIVE;
				CLANG_WARN_UNREACHABLE_CODE = YES;
				CLANG_WARN__DUPLICATE_METHOD_MATCH = YES;
				COPY_PHASE_STRIP = NO;
				DEAD_CODE_STRIPPING = YES;
				DEBUG_INFORMATION_FORMAT = dwarf;
				ENABLE_STRICT_OBJC_MSGSEND = YES;
				ENABLE_TESTABILITY = YES;
				GCC_C_LANGUAGE_STANDARD = gnu11;
				GCC_DYNAMIC_NO_PIC = NO;
				GCC_NO_COMMON_BLOCKS = YES;
				GCC_OPTIMIZATION_LEVEL = 0;
				GCC_PREPROCESSOR_DEFINITIONS = (
					"DEBUG=1",
					"$(inherited)",
				);
				GCC_WARN_64_TO_32_BIT_CONVERSION = YES;
				GCC_WARN_ABOUT_RETURN_TYPE = YES_ERROR;
				GCC_WARN_UNDECLARED_SELECTOR = YES;
				GCC_WARN_UNINITIALIZED_AUTOS = YES_AGGRESSIVE;
				GCC_WARN_UNUSED_FUNCTION = YES;
				GCC_WARN_UNUSED_VARIABLE = YES;
				MTL_ENABLE_DEBUG_INFO = YES;
				ONLY_ACTIVE_ARCH = YES;
				PRODUCT_NAME = "$(TARGET_NAME)";
			};
			name = Debug;
		};
		6BB5AFDD8BBAB4337A4631DB /* Release */ = {
			isa = XCBuildConfiguration;
			buildSettings = {
				ALWAYS_SEARCH_USER_PATHS = NO;
				CLANG_ANALYZER_LOCALIZABILITY_NONLOCALIZED = YES;
				CLANG_ANALYZER_NONNULL = YES;
				CLANG_ANALYZER_NUMBER_OBJECT_CONVERSION = YES_AGGRESSIVE;
				CLANG_CXX_LANGUAGE_STANDARD = "gnu++14";
				CLANG_CXX_LIBRARY = "libc++";
				CLANG_ENABLE_MODULES = YES;
				CLANG_ENABLE_OBJC_ARC = YES;
				CLANG_ENABLE_OBJC_WEAK = YES;
				CLANG_WARN_BLOCK_CAPTURE_AUTORELEASING = YES;
				CLANG_WARN_BOOL_CONVERSION = YES;
				CLANG_WARN_COMMA = YES;
				CLANG_WARN_CONSTANT_CONVERSION = YES;
				CLANG_WARN_DEPRECATED_OBJC_IMPLEMENTATIONS = YES;
				CLANG_WARN_DIRECT_OBJC_ISA_USAGE = YES_ERROR;
				CLANG_WARN_DOCUMENTATION_COMMENTS = YES;
				CLANG_WARN_EMPTY_BODY = YES;
				CLANG_WARN_ENUM_CONVERSION = YES;
				CLANG_WARN_INFINITE_RECURSION = YES;
				CLANG_WARN_INT_CONVERSION = YES;
				CLANG_WARN_NON_LITERAL_NULL_CONVERSION = YES;
				CLANG_WARN_OBJC_IMPLICIT_RETAIN_SELF = YES;
				CLANG_WARN_OBJC_LITERAL_CONVERSION = YES;
				CLANG_WARN_OBJC_ROOT_CLASS = YES_ERROR;
				CLANG_WARN_QUOTED_INCLUDE_IN_FRAMEWORK_HEADER = YES;
				CLANG_WARN_RANGE_LOOP_ANALYSIS = YES;
				CLANG_WARN_STRICT_PROTOTYPES = YES;
				CLANG_WARN_SUSPICIOUS_MOVE = YES;
				CLANG_WARN_UNGUARDED_AVAILABILITY = YES_AGGRESSIVE;
				CLANG_WARN_UNREACHABLE_CODE = YES;
				CLANG_WARN__DUPLICATE_METHOD_MATCH = YES;
				COPY_PHASE_STRIP = NO;
				DEAD_CODE_STRIPPING = YES;
				DEBUG_INFORMATION_FORMAT = "dwarf-with-dsym";
				ENABLE_NS_ASSERTIONS = NO;
				ENABLE_STRICT_OBJC_MSGSEND = YES;
				GCC_C_LANGUAGE_STANDARD = gnu11;
				GCC_NO_COMMON_BLOCKS = YES;
				GCC_WARN_64_TO_32_BIT_CONVERSION = YES;
				GCC_WARN_ABOUT_RETURN_TYPE = YES_ERROR;
				GCC_WARN_UNDECLARED_SELECTOR = YES;
				GCC_WARN_UNINITIALIZED_AUTOS = YES_AGGRESSIVE;
				GCC_WARN_UNUSED_FUNCTION = YES;
				GCC_WARN_UNUSED_VARIABLE = YES;
				MTL_ENABLE_DEBUG_INFO = NO;
				PRODUCT_NAME = "$(TARGET_NAME)";
				VALIDATE_PRODUCT = YES;
			};
			name = Release;
		};
		7CFD4C7979FBB6BC6D66D611 /* Debug */ = {
			isa = XCBuildConfiguration;
			buildSettings = {
				ASSETCATALOG_COMPILER_APPICON_NAME = AppIcon;
				CODE_SIGN_IDENTITY = "iPhone Developer";
				ENABLE_PREVIEWS = YES;
				INFOPLIST_FILE = "GOMS-iOS/Info.plist";
				IPHONEOS_DEPLOYMENT_TARGET = 15.0;
				LD_RUNPATH_SEARCH_PATHS = (
					"$(inherited)",
					"@executable_path/Frameworks",
				);
				PRODUCT_BUNDLE_IDENTIFIER = "Minjae.GOMS-iOS";
				PRODUCT_NAME = GOMS;
				SDKROOT = iphoneos;
				SUPPORTS_MACCATALYST = NO;
				SUPPORTS_MAC_DESIGNED_FOR_IPHONE_IPAD = YES;
				SUPPORTS_XR_DESIGNED_FOR_IPHONE_IPAD = NO;
				SWIFT_ACTIVE_COMPILATION_CONDITIONS = DEBUG;
				SWIFT_COMPILATION_MODE = singlefile;
				SWIFT_OPTIMIZATION_LEVEL = "-Onone";
				SWIFT_VERSION = 5.0;
				TARGETED_DEVICE_FAMILY = "1,2";
			};
			name = Debug;
		};
		8297ECFDDC86E6105E5DCB3E /* Release */ = {
			isa = XCBuildConfiguration;
			buildSettings = {
				ASSETCATALOG_COMPILER_APPICON_NAME = AppIcon;
				CODE_SIGN_IDENTITY = "iPhone Developer";
				ENABLE_PREVIEWS = YES;
				INFOPLIST_FILE = "GOMS-iOS/Info.plist";
				IPHONEOS_DEPLOYMENT_TARGET = 15.0;
				LD_RUNPATH_SEARCH_PATHS = (
					"$(inherited)",
					"@executable_path/Frameworks",
				);
				PRODUCT_BUNDLE_IDENTIFIER = "Minjae.GOMS-iOS";
				PRODUCT_NAME = GOMS;
				SDKROOT = iphoneos;
				SUPPORTS_MACCATALYST = NO;
				SUPPORTS_MAC_DESIGNED_FOR_IPHONE_IPAD = YES;
				SUPPORTS_XR_DESIGNED_FOR_IPHONE_IPAD = NO;
				SWIFT_COMPILATION_MODE = wholemodule;
				SWIFT_OPTIMIZATION_LEVEL = "-Owholemodule";
				SWIFT_VERSION = 5.0;
				TARGETED_DEVICE_FAMILY = "1,2";
			};
			name = Release;
		};
/* End XCBuildConfiguration section */

/* Begin XCConfigurationList section */
		77C8DA289F40AC2417B9248D /* Build configuration list for PBXNativeTarget "GOMS-iOS" */ = {
			isa = XCConfigurationList;
			buildConfigurations = (
				7CFD4C7979FBB6BC6D66D611 /* Debug */,
				8297ECFDDC86E6105E5DCB3E /* Release */,
			);
			defaultConfigurationIsVisible = 0;
			defaultConfigurationName = Release;
		};
		DA7408DB5218F4061454ACF0 /* Build configuration list for PBXProject "GOMS-iOS" */ = {
			isa = XCConfigurationList;
			buildConfigurations = (
				241AD0489E4BAABA52B1349A /* Debug */,
				6BB5AFDD8BBAB4337A4631DB /* Release */,
			);
			defaultConfigurationIsVisible = 0;
			defaultConfigurationName = Release;
		};
/* End XCConfigurationList section */

/* Begin XCRemoteSwiftPackageReference section */
		11A293E5CB1EDC0DF4832D2C /* XCRemoteSwiftPackageReference "SnapKit" */ = {
			isa = XCRemoteSwiftPackageReference;
			repositoryURL = "https://github.com/SnapKit/SnapKit.git";
			requirement = {
				kind = upToNextMajorVersion;
				minimumVersion = 5.0.1;
			};
		};
		11D24DC36F4A956516852473 /* XCRemoteSwiftPackageReference "Siren" */ = {
			isa = XCRemoteSwiftPackageReference;
			repositoryURL = "https://github.com/ArtSabintsev/Siren.git";
			requirement = {
				kind = upToNextMajorVersion;
				minimumVersion = 6.1.2;
			};
		};
		1F4F6DCEB5D971B1D4220B72 /* XCRemoteSwiftPackageReference "Moya" */ = {
			isa = XCRemoteSwiftPackageReference;
			repositoryURL = "https://github.com/Moya/Moya.git";
			requirement = {
				kind = upToNextMajorVersion;
				minimumVersion = 15.0.0;
			};
		};
		22615A22CBAE36C4E05A46D1 /* XCRemoteSwiftPackageReference "GAuthSignin-Swift" */ = {
			isa = XCRemoteSwiftPackageReference;
			repositoryURL = "https://github.com/GSM-MSG/GAuthSignin-Swift";
			requirement = {
				kind = upToNextMajorVersion;
				minimumVersion = 0.0.3;
			};
		};
		3A19482F0C32099983F713BE /* XCRemoteSwiftPackageReference "Kingfisher" */ = {
			isa = XCRemoteSwiftPackageReference;
			repositoryURL = "https://github.com/onevcat/Kingfisher.git";
			requirement = {
				kind = upToNextMajorVersion;
				minimumVersion = 7.0.0;
			};
		};
		3F44892F27F1A72C6B7EA2AD /* XCRemoteSwiftPackageReference "firebase-ios-sdk" */ = {
			isa = XCRemoteSwiftPackageReference;
			repositoryURL = "https://github.com/firebase/firebase-ios-sdk";
			requirement = {
				kind = upToNextMajorVersion;
				minimumVersion = 10.0.0;
			};
		};
		64CA448C5F3B7B9E14D639BE /* XCRemoteSwiftPackageReference "QRCode" */ = {
			isa = XCRemoteSwiftPackageReference;
			repositoryURL = "https://github.com/dmrschmidt/QRCode";
			requirement = {
				kind = upToNextMajorVersion;
				minimumVersion = 1.0.0;
			};
		};
		6E54C8325EBF75DC324828AD /* XCRemoteSwiftPackageReference "Then" */ = {
			isa = XCRemoteSwiftPackageReference;
			repositoryURL = "https://github.com/devxoul/Then";
			requirement = {
				kind = upToNextMajorVersion;
				minimumVersion = 2.0.0;
			};
		};
		90AFD2E25EE9EA6D3A7CC13E /* XCRemoteSwiftPackageReference "ReactorKit" */ = {
			isa = XCRemoteSwiftPackageReference;
			repositoryURL = "https://github.com/ReactorKit/ReactorKit.git";
			requirement = {
				kind = upToNextMajorVersion;
				minimumVersion = 3.0.0;
			};
		};
		A8867077F776A854984B5978 /* XCRemoteSwiftPackageReference "RxSwift" */ = {
			isa = XCRemoteSwiftPackageReference;
			repositoryURL = "https://github.com/ReactiveX/RxSwift.git";
			requirement = {
				kind = upToNextMajorVersion;
				minimumVersion = 6.6.0;
			};
		};
		BEBF9F1645C5AE67F1F0E723 /* XCRemoteSwiftPackageReference "QRScanner" */ = {
			isa = XCRemoteSwiftPackageReference;
			repositoryURL = "https://github.com/mercari/QRScanner.git";
			requirement = {
				kind = upToNextMajorVersion;
				minimumVersion = 1.9.0;
			};
		};
		FFD5B6D4081A35622195590E /* XCRemoteSwiftPackageReference "RxFlow" */ = {
			isa = XCRemoteSwiftPackageReference;
			repositoryURL = "https://github.com/RxSwiftCommunity/RxFlow.git";
			requirement = {
				kind = upToNextMajorVersion;
				minimumVersion = 2.10.0;
			};
		};
/* End XCRemoteSwiftPackageReference section */

/* Begin XCSwiftPackageProductDependency section */
		05539138342D52593CC4A0B0 /* Moya */ = {
			isa = XCSwiftPackageProductDependency;
			productName = Moya;
		};
		081F136A16B08657C2E5D58D /* RxSwift */ = {
			isa = XCSwiftPackageProductDependency;
			productName = RxSwift;
		};
		28027DF5225FC73445281A5F /* Siren */ = {
			isa = XCSwiftPackageProductDependency;
			productName = Siren;
		};
		3C88277923F2237A11F45C73 /* ReactorKit */ = {
			isa = XCSwiftPackageProductDependency;
			productName = ReactorKit;
		};
		4FE8C28B467C9CE652486900 /* QRScanner */ = {
			isa = XCSwiftPackageProductDependency;
			productName = QRScanner;
		};
		7D244E1453707818C962596D /* FirebaseAnalytics */ = {
			isa = XCSwiftPackageProductDependency;
			productName = FirebaseAnalytics;
		};
		98C1F1421CABED10E7FE1B75 /* Kingfisher */ = {
			isa = XCSwiftPackageProductDependency;
			productName = Kingfisher;
		};
		B5A5D4FDFFB3F435EF7F6B53 /* RxFlow */ = {
			isa = XCSwiftPackageProductDependency;
			productName = RxFlow;
		};
		BC6304B918F94843C21D40DF /* FirebaseMessaging */ = {
			isa = XCSwiftPackageProductDependency;
			productName = FirebaseMessaging;
		};
		BFE9D9C4C243D7D5A3A968EC /* RxCocoa */ = {
			isa = XCSwiftPackageProductDependency;
			productName = RxCocoa;
		};
		C7C08E545C8AAE050C536B30 /* SnapKit */ = {
			isa = XCSwiftPackageProductDependency;
			productName = SnapKit;
		};
		EB99EDF37B441D92FE5A82CA /* Then */ = {
			isa = XCSwiftPackageProductDependency;
			productName = Then;
		};
		F813DF204217A8A8FA083193 /* GAuthSignin */ = {
			isa = XCSwiftPackageProductDependency;
			productName = GAuthSignin;
		};
		FDDF27BAA27DB80FFA7E1BF2 /* QRCode */ = {
			isa = XCSwiftPackageProductDependency;
			productName = QRCode;
		};
/* End XCSwiftPackageProductDependency section */
	};
	rootObject = 681508A39904DC3090579ACB /* Project object */;
}
