// !$*UTF8*$!
{
	archiveVersion = 1;
	classes = {
	};
	objectVersion = 55;
	objects = {

/* Begin PBXBuildFile section */
		00376F6D7377122406E0BAAD /* Assets.xcassets in Resources */ = {isa = PBXBuildFile; fileRef = ABB6E2ADDC0ED6343FA96DB1 /* Assets.xcassets */; };
		00C1EDD175C07AA22845430E /* OutingListModel.swift in Sources */ = {isa = PBXBuildFile; fileRef = 0635F77C3B1C0CC85FAD2869 /* OutingListModel.swift */; };
		065860829238EF362436C117 /* ProfileTableViewCell.swift in Sources */ = {isa = PBXBuildFile; fileRef = 298CE1A60D63FEF24C554D53 /* ProfileTableViewCell.swift */; };
		08E229C2E386FC6369FA7071 /* GOMSTextField.swift in Sources */ = {isa = PBXBuildFile; fileRef = 33E5C8631C7546F34AC5A330 /* GOMSTextField.swift */; };
		0BF7A04CD7B51FC80A4F6472 /* SF-Pro-Text-Medium.otf in Resources */ = {isa = PBXBuildFile; fileRef = 39313DE12E85BD2C48238CCC /* SF-Pro-Text-Medium.otf */; };
		137DCB3C45E5CE2B10CF1677 /* SnapKit in Frameworks */ = {isa = PBXBuildFile; productRef = C7C08E545C8AAE050C536B30 /* SnapKit */; };
		13BEAA05293FA4319A826530 /* LateServices.swift in Sources */ = {isa = PBXBuildFile; fileRef = 295397FAD951EB22776E0EA2 /* LateServices.swift */; };
		1689B0D28958F0E756C64940 /* ProfileViewController.swift in Sources */ = {isa = PBXBuildFile; fileRef = 4DDDEC7387C087EA07E01D47 /* ProfileViewController.swift */; };
		197141CE26653C403692AEA9 /* SignInModel.swift in Sources */ = {isa = PBXBuildFile; fileRef = A4B077D499D3BF1E566F0E52 /* SignInModel.swift */; };
		1C3ADC7783E4800634E86B02 /* NotificationServices.swift in Sources */ = {isa = PBXBuildFile; fileRef = 6B13CB7B98A03E74C3C13FF5 /* NotificationServices.swift */; };
		21DA8DCCAA10FFC257E85B56 /* QRCodeViewController.swift in Sources */ = {isa = PBXBuildFile; fileRef = 873B7243A904733DBEA32FB0 /* QRCodeViewController.swift */; };
		220B5F82E1E65E65ACD5137E /* GOMSTabBar.swift in Sources */ = {isa = PBXBuildFile; fileRef = E1595A554EE6AE55D9D130DE /* GOMSTabBar.swift */; };
		248B1FD13684D09BC1863DF9 /* GOMSStep.swift in Sources */ = {isa = PBXBuildFile; fileRef = 3E451230CE75A5B517AC7C0D /* GOMSStep.swift */; };
		25B44A02412E18EC2DD622B6 /* SF-Pro-Text-Semibold.otf in Resources */ = {isa = PBXBuildFile; fileRef = C35DA823CB515BD7427792FD /* SF-Pro-Text-Semibold.otf */; };
		277CF1B904F696E9D4F7BA64 /* RoleCell.swift in Sources */ = {isa = PBXBuildFile; fileRef = CB3563359E3ED6D763DCB143 /* RoleCell.swift */; };
		2790EF0FB564F8CB2C7A9307 /* SceneDelegate.swift in Sources */ = {isa = PBXBuildFile; fileRef = 8B63889E2CE3DE6CECF9E50B /* SceneDelegate.swift */; };
		281F5521BCF7E784E22419E8 /* AuthFlow.swift in Sources */ = {isa = PBXBuildFile; fileRef = E87F44DB0DCBE1F74B576907 /* AuthFlow.swift */; };
		287849E7425977ED3632F623 /* OutingViewController.swift in Sources */ = {isa = PBXBuildFile; fileRef = 6DCE5CF2248206735F8CAB45 /* OutingViewController.swift */; };
		289D47649380CA7B80FD00E7 /* QRScanner in Frameworks */ = {isa = PBXBuildFile; productRef = 4FE8C28B467C9CE652486900 /* QRScanner */; };
		31D5181F3E02660DC61E7534 /* AccountModel.swift in Sources */ = {isa = PBXBuildFile; fileRef = 46453BBA10D94D166B2498C9 /* AccountModel.swift */; };
		32FAB44A8574F1B2397B936F /* OutingCountModel.swift in Sources */ = {isa = PBXBuildFile; fileRef = A1222865F763F7F78EB7F82B /* OutingCountModel.swift */; };
		3677857998C796CF1F619EE2 /* RxFlow in Frameworks */ = {isa = PBXBuildFile; productRef = B5A5D4FDFFB3F435EF7F6B53 /* RxFlow */; };
		36C4775C0863B0A6F72D2214 /* StudentInfoCell.swift .swift in Sources */ = {isa = PBXBuildFile; fileRef = F941062F68B1C675AA5B4FF4 /* StudentInfoCell.swift .swift */; };
		39CDEA366D86ECCD3553F1E0 /* QRCodeFlow.swift in Sources */ = {isa = PBXBuildFile; fileRef = 64EC7ADD2EB48F6A89009F7E /* QRCodeFlow.swift */; };
		3D143330E17F1053EC95DC30 /* StudentInfoModel.swift in Sources */ = {isa = PBXBuildFile; fileRef = A2E02A6BAF31D5F99715EC3B /* StudentInfoModel.swift */; };
		46C6B263D98A71D6EB7DB01F /* SearchModel.swift in Sources */ = {isa = PBXBuildFile; fileRef = DF651ECE46F86CCB3159AC19 /* SearchModel.swift */; };
		4A258C31A37F954D524852A6 /* RxSwift in Frameworks */ = {isa = PBXBuildFile; productRef = 081F136A16B08657C2E5D58D /* RxSwift */; };
		4A68DEF931ED0D1C699E8D44 /* GOMSColor.swift in Sources */ = {isa = PBXBuildFile; fileRef = DCFA9F6D7646E771A7EDC15C /* GOMSColor.swift */; };
		4F404B67DE5AF8F2F8E712A9 /* OutingFlow.swift in Sources */ = {isa = PBXBuildFile; fileRef = 2A0F2375EE5E4B6444926746 /* OutingFlow.swift */; };
		52118FF2D917294507DF4F27 /* GoogleService-Info.plist in Resources */ = {isa = PBXBuildFile; fileRef = E8926A38BD09D59151CDC98D /* GoogleService-Info.plist */; };
		55E998FD61D84B4AE73449FC /* LoginWithNumberViewModel.swift in Sources */ = {isa = PBXBuildFile; fileRef = 04BFCF9B8EE0F0CCD0FF3B37 /* LoginWithNumberViewModel.swift */; };
		5769086A0AEF802A1D6083F9 /* LateRankRequest.swift in Sources */ = {isa = PBXBuildFile; fileRef = 71DC10833DB2918D0B5D7051 /* LateRankRequest.swift */; };
		5A990392C21F5FEB947B6769 /* SF-Pro-Text-Bold.otf in Resources */ = {isa = PBXBuildFile; fileRef = 7E14EAC00E2627CE96CDAF3F /* SF-Pro-Text-Bold.otf */; };
		5E11B5881CF5D4B520105B30 /* SearchModalViewModel.swift in Sources */ = {isa = PBXBuildFile; fileRef = 3E18C173AB8C2EA6A7D03EB4 /* SearchModalViewModel.swift */; };
		5FC9F0C7CF2C0C340224E20F /* OutingTableViewCell.swift in Sources */ = {isa = PBXBuildFile; fileRef = 5E1FCEBD6BF1F71E84CF786A /* OutingTableViewCell.swift */; };
		64376B716865B84D9A20B5EC /* StudentCouncilServices.swift .swift in Sources */ = {isa = PBXBuildFile; fileRef = 55D9D0634B7E8F5C42182ECA /* StudentCouncilServices.swift .swift */; };
		65AD2A08A00E8B4E4A343E58 /* SF-Pro-Text-Regular.otf in Resources */ = {isa = PBXBuildFile; fileRef = C66C990BFA4E2308FAC7371C /* SF-Pro-Text-Regular.otf */; };
		67A531BDC4FB611B9484512F /* UINavigationBar.swift in Sources */ = {isa = PBXBuildFile; fileRef = AF77FDD4DC5F66C33B8C0B9C /* UINavigationBar.swift */; };
		6BBA088B8308C541745B7FAF /* LoginWithNumberViewController.swift in Sources */ = {isa = PBXBuildFile; fileRef = DAB9A79A4E8F1C1B180987C1 /* LoginWithNumberViewController.swift */; };
		73F4534655B41782CE790A4C /* Fraunces-Black.ttf in Resources */ = {isa = PBXBuildFile; fileRef = 33EEE569891C3731AE11B3DB /* Fraunces-Black.ttf */; };
		7556BB230BD77AA3F6C5D5A7 /* HomeCollectionViewCell.swift in Sources */ = {isa = PBXBuildFile; fileRef = 0A9B50F1A7F47FC1B7298C95 /* HomeCollectionViewCell.swift */; };
		772DA8452AD666E60006B800 /* UILabel+Rx.swift in Sources */ = {isa = PBXBuildFile; fileRef = 772DA8442AD666E60006B800 /* UILabel+Rx.swift */; };
		772DA8482AD6670F0006B800 /* HomeView+Rx.swift in Sources */ = {isa = PBXBuildFile; fileRef = 772DA8472AD6670F0006B800 /* HomeView+Rx.swift */; };
		772DA84A2ADCE2B10006B800 /* ProfileView+Rx.swift in Sources */ = {isa = PBXBuildFile; fileRef = 772DA8492ADCE2B10006B800 /* ProfileView+Rx.swift */; };
		7AAF0E0FB49FD12113D2A6FB /* QRCode in Frameworks */ = {isa = PBXBuildFile; productRef = FDDF27BAA27DB80FFA7E1BF2 /* QRCode */; };
		7AAFB23D3C59E17B95BD2657 /* Siren in Frameworks */ = {isa = PBXBuildFile; productRef = 28027DF5225FC73445281A5F /* Siren */; };
		81B265DF073B4599B73CF3C1 /* SplashViewController.swift in Sources */ = {isa = PBXBuildFile; fileRef = E415BB35B9CD3EA16C2ABE79 /* SplashViewController.swift */; };
		81C846E7B6C1B3377D89F2E1 /* MakeQRModel.swift in Sources */ = {isa = PBXBuildFile; fileRef = 0730E97BADBC88DB876C1393 /* MakeQRModel.swift */; };
		8667F3E9A77160B8B7BCA741 /* OutingViewModel.swift in Sources */ = {isa = PBXBuildFile; fileRef = FAEE5A3A1B193D317B4ACC48 /* OutingViewModel.swift */; };
		8C3E388AC696BE1B4400758F /* OutingSearchModel.swift in Sources */ = {isa = PBXBuildFile; fileRef = 9388FF33F3F763118675B3B5 /* OutingSearchModel.swift */; };
		8D0B34FF3C060B87514A5C7B /* Then in Frameworks */ = {isa = PBXBuildFile; productRef = EB99EDF37B441D92FE5A82CA /* Then */; };
		90C0666B24341AF743D2A48E /* LateRankModel.swift in Sources */ = {isa = PBXBuildFile; fileRef = 2B5793E1FC9341527315B0A8 /* LateRankModel.swift */; };
		912ED3DC54EFF91C9BD9A5B4 /* Moya in Frameworks */ = {isa = PBXBuildFile; productRef = 05539138342D52593CC4A0B0 /* Moya */; };
		9251671FB767C6D2E48564E8 /* AccountServices.swift in Sources */ = {isa = PBXBuildFile; fileRef = 0FF5F78908D60700B4C935DF /* AccountServices.swift */; };
		96CC4DEF30770C1F115658DA /* BaseViewController.swift in Sources */ = {isa = PBXBuildFile; fileRef = 0297FAE6FE4A628F72E17B21 /* BaseViewController.swift */; };
		9C7D8A4250E2CD030BA2905D /* EditUserModalViewModel.swift in Sources */ = {isa = PBXBuildFile; fileRef = 2A2E9184132125A534E95C58 /* EditUserModalViewModel.swift */; };
		9F913DF033454D55F1037F75 /* SignInRequest.swift in Sources */ = {isa = PBXBuildFile; fileRef = 71F53CB28B1A5311BF484B8E /* SignInRequest.swift */; };
		A5C8FEC5DFF28D06664375BF /* QRCodeModel.swift in Sources */ = {isa = PBXBuildFile; fileRef = C6139030D5496996615900CF /* QRCodeModel.swift */; };
		A7381B3B0E16928BF92368EB /* HomeViewController.swift in Sources */ = {isa = PBXBuildFile; fileRef = 4271F5E9366193892E953274 /* HomeViewController.swift */; };
		ABB6F591AFDAA19F6EF2E0C5 /* FirebaseAnalytics in Frameworks */ = {isa = PBXBuildFile; productRef = 7D244E1453707818C962596D /* FirebaseAnalytics */; };
		B0223F045DF8F744FE811261 /* GOMSFont.swift in Sources */ = {isa = PBXBuildFile; fileRef = 3C2718172E532227E0567CB2 /* GOMSFont.swift */; };
		B08B5A267DC5D26A20E7A221 /* StudentInfoViewModel.swift in Sources */ = {isa = PBXBuildFile; fileRef = CE5412482055549E0AC7F524 /* StudentInfoViewModel.swift */; };
		B1132D06F70EF5C367D49E53 /* GAuthSignin in Frameworks */ = {isa = PBXBuildFile; productRef = F813DF204217A8A8FA083193 /* GAuthSignin */; };
		B53CAFA02101E7D7FF936C3D /* ReactorKit in Frameworks */ = {isa = PBXBuildFile; productRef = 3C88277923F2237A11F45C73 /* ReactorKit */; };
		B570A043B14A8D3E1FCC3E2C /* GOMSImageView.swift in Sources */ = {isa = PBXBuildFile; fileRef = EC6F42A240FC24790A52E68D /* GOMSImageView.swift */; };
		B63E657DEAC2370BA64B1F06 /* RefreshTokenModel.swift in Sources */ = {isa = PBXBuildFile; fileRef = 73B05B3CB63AA72F32F58F52 /* RefreshTokenModel.swift */; };
		B6F7B3CDE8A55413DD14BCE9 /* AuthServices.swift in Sources */ = {isa = PBXBuildFile; fileRef = 5C5CF79422AB13E1EE716100 /* AuthServices.swift */; };
		B7DB63D002083C316431B56C /* ProfileReactor.swift in Sources */ = {isa = PBXBuildFile; fileRef = 20299AC4E5AC264227214CD1 /* ProfileReactor.swift */; };
		BF9A8A20D6867E104E442A70 /* RxCocoa in Frameworks */ = {isa = PBXBuildFile; productRef = BFE9D9C4C243D7D5A3A968EC /* RxCocoa */; };
		C076B14F4653C3D1E78F3A3E /* AppDelegate.swift in Sources */ = {isa = PBXBuildFile; fileRef = CC1EB3C71F7FA78C9663D371 /* AppDelegate.swift */; };
		C166BB3EDDB3A8442A897F1E /* OutingServices.swift in Sources */ = {isa = PBXBuildFile; fileRef = 0EF56F29FFC248A39CA54F95 /* OutingServices.swift */; };
		C32080A11EFCB1EAB86C1895 /* GOMSRefreshToken.swift in Sources */ = {isa = PBXBuildFile; fileRef = CF1D1497514F0C2F7F8EFE43 /* GOMSRefreshToken.swift */; };
		C350F6843C3CF098A0358D28 /* SearchModalViewController.swift in Sources */ = {isa = PBXBuildFile; fileRef = DD80FE74B451509F703C652C /* SearchModalViewController.swift */; };
		C60E1BEBC649786E7EBFE5B6 /* FirebaseMessaging in Frameworks */ = {isa = PBXBuildFile; productRef = BC6304B918F94843C21D40DF /* FirebaseMessaging */; };
		C8CCAB7E00784089C11B8B3B /* AppFlow.swift in Sources */ = {isa = PBXBuildFile; fileRef = 5CFE1BED4EFEAAF1A4F6C847 /* AppFlow.swift */; };
		C991C75FBDD7E39A9B8C3A57 /* HomeFlow.swift in Sources */ = {isa = PBXBuildFile; fileRef = 0CBC44172A0E10154B5B8F4D /* HomeFlow.swift */; };
		CBDDEB65BD67DC6BDEAB9B34 /* EditAuthorityRequest.swift in Sources */ = {isa = PBXBuildFile; fileRef = D87FBF56FF18F068A62D2666 /* EditAuthorityRequest.swift */; };
		D1BDAC2DC3627EC26CBCEE7B /* OutingModel.swift in Sources */ = {isa = PBXBuildFile; fileRef = 994B53423EF41EC5BA02DEF7 /* OutingModel.swift */; };
		D7EC915646A97E3AFBED5E0C /* HomeReactor.swift in Sources */ = {isa = PBXBuildFile; fileRef = 9D19D13FE2DC98D8350DBE49 /* HomeReactor.swift */; };
		E254CA86F50A9659678A1026 /* GOMSShadow.swift in Sources */ = {isa = PBXBuildFile; fileRef = 576B51268D5F464BDA13F8D1 /* GOMSShadow.swift */; };
		E554D94A81C2EE78E2FF15DF /* IntroReactor.swift in Sources */ = {isa = PBXBuildFile; fileRef = F106A6036B3829B1CF950F05 /* IntroReactor.swift */; };
		E6229E4983AD0ED4DF7CB7F5 /* TuistBundle+GOMSIOS.swift in Sources */ = {isa = PBXBuildFile; fileRef = BC65C7C162624042253ABA86 /* TuistBundle+GOMSIOS.swift */; };
		E6A35DF17F2B41EAD774B72B /* LaunchScreen.storyboard in Resources */ = {isa = PBXBuildFile; fileRef = 7813475D446B5FD839D6445B /* LaunchScreen.storyboard */; };
		E6FF1B54DBE484AE020BEBF7 /* IntroViewController.swift in Sources */ = {isa = PBXBuildFile; fileRef = 334347F2BA67DC70606FE1F5 /* IntroViewController.swift */; };
		E735EA4F0F94997438A2B045 /* LoginWithNumberTextField.swift in Sources */ = {isa = PBXBuildFile; fileRef = 10FDDB8DDDB7FC4D688117EE /* LoginWithNumberTextField.swift */; };
		EE05594B76800E02A3351743 /* GOMSToken.swift in Sources */ = {isa = PBXBuildFile; fileRef = 20CB02EF771C5C28BF090526 /* GOMSToken.swift */; };
		EEA584257EDD64DD6BA4EA6C /* EditModalViewController.swift in Sources */ = {isa = PBXBuildFile; fileRef = 2117C3E8786E46CF611298AC /* EditModalViewController.swift */; };
		F2DBC6C2F33612834713EA1F /* StudentInfoViewController.swift in Sources */ = {isa = PBXBuildFile; fileRef = 0D767CB7BAADE1FF8592B1A3 /* StudentInfoViewController.swift */; };
		F71E566CAB6CE41B32AE0BFB /* BaseURL.swift in Sources */ = {isa = PBXBuildFile; fileRef = 8897DBB2E89D9A3111F95E28 /* BaseURL.swift */; };
		F874F498B452084D603227B5 /* Kingfisher in Frameworks */ = {isa = PBXBuildFile; productRef = 98C1F1421CABED10E7FE1B75 /* Kingfisher */; };
		F9836FCE6394F772A14B06D4 /* BaseViewModel.swift in Sources */ = {isa = PBXBuildFile; fileRef = A1F81B1F96416CCEF789E952 /* BaseViewModel.swift */; };
		F99CB0B4579C8BF18BD50FA5 /* TabBarFlow.swift in Sources */ = {isa = PBXBuildFile; fileRef = 89BEA719AD89929E5D32B7E9 /* TabBarFlow.swift */; };
/* End PBXBuildFile section */

/* Begin PBXCopyFilesBuildPhase section */
		D543DCF894EFBA2CE01F63E0 /* Embed Frameworks */ = {
			isa = PBXCopyFilesBuildPhase;
			buildActionMask = 2147483647;
			dstPath = "";
			dstSubfolderSpec = 10;
			files = (
			);
			name = "Embed Frameworks";
			runOnlyForDeploymentPostprocessing = 0;
		};
/* End PBXCopyFilesBuildPhase section */

/* Begin PBXFileReference section */
		0297FAE6FE4A628F72E17B21 /* BaseViewController.swift */ = {isa = PBXFileReference; lastKnownFileType = sourcecode.swift; path = BaseViewController.swift; sourceTree = "<group>"; };
		04BFCF9B8EE0F0CCD0FF3B37 /* LoginWithNumberViewModel.swift */ = {isa = PBXFileReference; lastKnownFileType = sourcecode.swift; path = LoginWithNumberViewModel.swift; sourceTree = "<group>"; };
		0635F77C3B1C0CC85FAD2869 /* OutingListModel.swift */ = {isa = PBXFileReference; lastKnownFileType = sourcecode.swift; path = OutingListModel.swift; sourceTree = "<group>"; };
		0730E97BADBC88DB876C1393 /* MakeQRModel.swift */ = {isa = PBXFileReference; lastKnownFileType = sourcecode.swift; path = MakeQRModel.swift; sourceTree = "<group>"; };
		0A9B50F1A7F47FC1B7298C95 /* HomeCollectionViewCell.swift */ = {isa = PBXFileReference; lastKnownFileType = sourcecode.swift; path = HomeCollectionViewCell.swift; sourceTree = "<group>"; };
		0CBC44172A0E10154B5B8F4D /* HomeFlow.swift */ = {isa = PBXFileReference; lastKnownFileType = sourcecode.swift; path = HomeFlow.swift; sourceTree = "<group>"; };
		0D767CB7BAADE1FF8592B1A3 /* StudentInfoViewController.swift */ = {isa = PBXFileReference; lastKnownFileType = sourcecode.swift; path = StudentInfoViewController.swift; sourceTree = "<group>"; };
		0EF56F29FFC248A39CA54F95 /* OutingServices.swift */ = {isa = PBXFileReference; lastKnownFileType = sourcecode.swift; path = OutingServices.swift; sourceTree = "<group>"; };
		0FF5F78908D60700B4C935DF /* AccountServices.swift */ = {isa = PBXFileReference; lastKnownFileType = sourcecode.swift; path = AccountServices.swift; sourceTree = "<group>"; };
		10FDDB8DDDB7FC4D688117EE /* LoginWithNumberTextField.swift */ = {isa = PBXFileReference; lastKnownFileType = sourcecode.swift; path = LoginWithNumberTextField.swift; sourceTree = "<group>"; };
		1BB01AC984E534B6A92A87D8 /* Base */ = {isa = PBXFileReference; lastKnownFileType = file.storyboard; name = Base; path = Base.lproj/LaunchScreen.storyboard; sourceTree = "<group>"; };
		20299AC4E5AC264227214CD1 /* ProfileReactor.swift */ = {isa = PBXFileReference; lastKnownFileType = sourcecode.swift; path = ProfileReactor.swift; sourceTree = "<group>"; };
		20CB02EF771C5C28BF090526 /* GOMSToken.swift */ = {isa = PBXFileReference; lastKnownFileType = sourcecode.swift; path = GOMSToken.swift; sourceTree = "<group>"; };
		2117C3E8786E46CF611298AC /* EditModalViewController.swift */ = {isa = PBXFileReference; lastKnownFileType = sourcecode.swift; path = EditModalViewController.swift; sourceTree = "<group>"; };
		295397FAD951EB22776E0EA2 /* LateServices.swift */ = {isa = PBXFileReference; lastKnownFileType = sourcecode.swift; path = LateServices.swift; sourceTree = "<group>"; };
		298CE1A60D63FEF24C554D53 /* ProfileTableViewCell.swift */ = {isa = PBXFileReference; lastKnownFileType = sourcecode.swift; path = ProfileTableViewCell.swift; sourceTree = "<group>"; };
		2A0F2375EE5E4B6444926746 /* OutingFlow.swift */ = {isa = PBXFileReference; lastKnownFileType = sourcecode.swift; path = OutingFlow.swift; sourceTree = "<group>"; };
		2A2E9184132125A534E95C58 /* EditUserModalViewModel.swift */ = {isa = PBXFileReference; lastKnownFileType = sourcecode.swift; path = EditUserModalViewModel.swift; sourceTree = "<group>"; };
		2B5793E1FC9341527315B0A8 /* LateRankModel.swift */ = {isa = PBXFileReference; lastKnownFileType = sourcecode.swift; path = LateRankModel.swift; sourceTree = "<group>"; };
		334347F2BA67DC70606FE1F5 /* IntroViewController.swift */ = {isa = PBXFileReference; lastKnownFileType = sourcecode.swift; path = IntroViewController.swift; sourceTree = "<group>"; };
		33E5C8631C7546F34AC5A330 /* GOMSTextField.swift */ = {isa = PBXFileReference; lastKnownFileType = sourcecode.swift; path = GOMSTextField.swift; sourceTree = "<group>"; };
		33EEE569891C3731AE11B3DB /* Fraunces-Black.ttf */ = {isa = PBXFileReference; lastKnownFileType = file; path = "Fraunces-Black.ttf"; sourceTree = "<group>"; };
		39313DE12E85BD2C48238CCC /* SF-Pro-Text-Medium.otf */ = {isa = PBXFileReference; lastKnownFileType = file; path = "SF-Pro-Text-Medium.otf"; sourceTree = "<group>"; };
		3C2718172E532227E0567CB2 /* GOMSFont.swift */ = {isa = PBXFileReference; lastKnownFileType = sourcecode.swift; path = GOMSFont.swift; sourceTree = "<group>"; };
		3E18C173AB8C2EA6A7D03EB4 /* SearchModalViewModel.swift */ = {isa = PBXFileReference; lastKnownFileType = sourcecode.swift; path = SearchModalViewModel.swift; sourceTree = "<group>"; };
		3E451230CE75A5B517AC7C0D /* GOMSStep.swift */ = {isa = PBXFileReference; lastKnownFileType = sourcecode.swift; path = GOMSStep.swift; sourceTree = "<group>"; };
		4271F5E9366193892E953274 /* HomeViewController.swift */ = {isa = PBXFileReference; lastKnownFileType = sourcecode.swift; path = HomeViewController.swift; sourceTree = "<group>"; };
		46453BBA10D94D166B2498C9 /* AccountModel.swift */ = {isa = PBXFileReference; lastKnownFileType = sourcecode.swift; path = AccountModel.swift; sourceTree = "<group>"; };
		4DDDEC7387C087EA07E01D47 /* ProfileViewController.swift */ = {isa = PBXFileReference; lastKnownFileType = sourcecode.swift; path = ProfileViewController.swift; sourceTree = "<group>"; };
		54E3A574A755C72873CD6306 /* Info.plist */ = {isa = PBXFileReference; lastKnownFileType = text.plist; path = Info.plist; sourceTree = "<group>"; };
		55D9D0634B7E8F5C42182ECA /* StudentCouncilServices.swift .swift */ = {isa = PBXFileReference; lastKnownFileType = sourcecode.swift; path = "StudentCouncilServices.swift .swift"; sourceTree = "<group>"; };
		576B51268D5F464BDA13F8D1 /* GOMSShadow.swift */ = {isa = PBXFileReference; lastKnownFileType = sourcecode.swift; path = GOMSShadow.swift; sourceTree = "<group>"; };
		5C5CF79422AB13E1EE716100 /* AuthServices.swift */ = {isa = PBXFileReference; lastKnownFileType = sourcecode.swift; path = AuthServices.swift; sourceTree = "<group>"; };
		5CFE1BED4EFEAAF1A4F6C847 /* AppFlow.swift */ = {isa = PBXFileReference; lastKnownFileType = sourcecode.swift; path = AppFlow.swift; sourceTree = "<group>"; };
		5E1FCEBD6BF1F71E84CF786A /* OutingTableViewCell.swift */ = {isa = PBXFileReference; lastKnownFileType = sourcecode.swift; path = OutingTableViewCell.swift; sourceTree = "<group>"; };
		64EC7ADD2EB48F6A89009F7E /* QRCodeFlow.swift */ = {isa = PBXFileReference; lastKnownFileType = sourcecode.swift; path = QRCodeFlow.swift; sourceTree = "<group>"; };
		6B13CB7B98A03E74C3C13FF5 /* NotificationServices.swift */ = {isa = PBXFileReference; lastKnownFileType = sourcecode.swift; path = NotificationServices.swift; sourceTree = "<group>"; };
		6DCE5CF2248206735F8CAB45 /* OutingViewController.swift */ = {isa = PBXFileReference; lastKnownFileType = sourcecode.swift; path = OutingViewController.swift; sourceTree = "<group>"; };
		71DC10833DB2918D0B5D7051 /* LateRankRequest.swift */ = {isa = PBXFileReference; lastKnownFileType = sourcecode.swift; path = LateRankRequest.swift; sourceTree = "<group>"; };
		71F53CB28B1A5311BF484B8E /* SignInRequest.swift */ = {isa = PBXFileReference; lastKnownFileType = sourcecode.swift; path = SignInRequest.swift; sourceTree = "<group>"; };
		73B05B3CB63AA72F32F58F52 /* RefreshTokenModel.swift */ = {isa = PBXFileReference; lastKnownFileType = sourcecode.swift; path = RefreshTokenModel.swift; sourceTree = "<group>"; };
		772DA8442AD666E60006B800 /* UILabel+Rx.swift */ = {isa = PBXFileReference; lastKnownFileType = sourcecode.swift; path = "UILabel+Rx.swift"; sourceTree = "<group>"; };
		772DA8472AD6670F0006B800 /* HomeView+Rx.swift */ = {isa = PBXFileReference; lastKnownFileType = sourcecode.swift; path = "HomeView+Rx.swift"; sourceTree = "<group>"; };
		772DA8492ADCE2B10006B800 /* ProfileView+Rx.swift */ = {isa = PBXFileReference; lastKnownFileType = sourcecode.swift; path = "ProfileView+Rx.swift"; sourceTree = "<group>"; };
		7E14EAC00E2627CE96CDAF3F /* SF-Pro-Text-Bold.otf */ = {isa = PBXFileReference; lastKnownFileType = file; path = "SF-Pro-Text-Bold.otf"; sourceTree = "<group>"; };
		873B7243A904733DBEA32FB0 /* QRCodeViewController.swift */ = {isa = PBXFileReference; lastKnownFileType = sourcecode.swift; path = QRCodeViewController.swift; sourceTree = "<group>"; };
		8897DBB2E89D9A3111F95E28 /* BaseURL.swift */ = {isa = PBXFileReference; lastKnownFileType = sourcecode.swift; path = BaseURL.swift; sourceTree = "<group>"; };
		89BEA719AD89929E5D32B7E9 /* TabBarFlow.swift */ = {isa = PBXFileReference; lastKnownFileType = sourcecode.swift; path = TabBarFlow.swift; sourceTree = "<group>"; };
		8B63889E2CE3DE6CECF9E50B /* SceneDelegate.swift */ = {isa = PBXFileReference; lastKnownFileType = sourcecode.swift; path = SceneDelegate.swift; sourceTree = "<group>"; };
		9388FF33F3F763118675B3B5 /* OutingSearchModel.swift */ = {isa = PBXFileReference; lastKnownFileType = sourcecode.swift; path = OutingSearchModel.swift; sourceTree = "<group>"; };
		994B53423EF41EC5BA02DEF7 /* OutingModel.swift */ = {isa = PBXFileReference; lastKnownFileType = sourcecode.swift; path = OutingModel.swift; sourceTree = "<group>"; };
		9D19D13FE2DC98D8350DBE49 /* HomeReactor.swift */ = {isa = PBXFileReference; lastKnownFileType = sourcecode.swift; path = HomeReactor.swift; sourceTree = "<group>"; };
		A1222865F763F7F78EB7F82B /* OutingCountModel.swift */ = {isa = PBXFileReference; lastKnownFileType = sourcecode.swift; path = OutingCountModel.swift; sourceTree = "<group>"; };
		A1F81B1F96416CCEF789E952 /* BaseViewModel.swift */ = {isa = PBXFileReference; lastKnownFileType = sourcecode.swift; path = BaseViewModel.swift; sourceTree = "<group>"; };
		A2E02A6BAF31D5F99715EC3B /* StudentInfoModel.swift */ = {isa = PBXFileReference; lastKnownFileType = sourcecode.swift; path = StudentInfoModel.swift; sourceTree = "<group>"; };
		A4B077D499D3BF1E566F0E52 /* SignInModel.swift */ = {isa = PBXFileReference; lastKnownFileType = sourcecode.swift; path = SignInModel.swift; sourceTree = "<group>"; };
		ABB6E2ADDC0ED6343FA96DB1 /* Assets.xcassets */ = {isa = PBXFileReference; lastKnownFileType = folder.assetcatalog; path = Assets.xcassets; sourceTree = "<group>"; };
		AF77FDD4DC5F66C33B8C0B9C /* UINavigationBar.swift */ = {isa = PBXFileReference; lastKnownFileType = sourcecode.swift; path = UINavigationBar.swift; sourceTree = "<group>"; };
		BC65C7C162624042253ABA86 /* TuistBundle+GOMSIOS.swift */ = {isa = PBXFileReference; lastKnownFileType = sourcecode.swift; path = "TuistBundle+GOMSIOS.swift"; sourceTree = "<group>"; };
		C35DA823CB515BD7427792FD /* SF-Pro-Text-Semibold.otf */ = {isa = PBXFileReference; lastKnownFileType = file; path = "SF-Pro-Text-Semibold.otf"; sourceTree = "<group>"; };
		C6139030D5496996615900CF /* QRCodeModel.swift */ = {isa = PBXFileReference; lastKnownFileType = sourcecode.swift; path = QRCodeModel.swift; sourceTree = "<group>"; };
		C66C990BFA4E2308FAC7371C /* SF-Pro-Text-Regular.otf */ = {isa = PBXFileReference; lastKnownFileType = file; path = "SF-Pro-Text-Regular.otf"; sourceTree = "<group>"; };
		CB3563359E3ED6D763DCB143 /* RoleCell.swift */ = {isa = PBXFileReference; lastKnownFileType = sourcecode.swift; path = RoleCell.swift; sourceTree = "<group>"; };
		CC1EB3C71F7FA78C9663D371 /* AppDelegate.swift */ = {isa = PBXFileReference; lastKnownFileType = sourcecode.swift; path = AppDelegate.swift; sourceTree = "<group>"; };
		CE5412482055549E0AC7F524 /* StudentInfoViewModel.swift */ = {isa = PBXFileReference; lastKnownFileType = sourcecode.swift; path = StudentInfoViewModel.swift; sourceTree = "<group>"; };
		CF1D1497514F0C2F7F8EFE43 /* GOMSRefreshToken.swift */ = {isa = PBXFileReference; lastKnownFileType = sourcecode.swift; path = GOMSRefreshToken.swift; sourceTree = "<group>"; };
		D3A56D0F2A6BF9775902773D /* GOMS.app */ = {isa = PBXFileReference; explicitFileType = wrapper.application; includeInIndex = 0; path = GOMS.app; sourceTree = BUILT_PRODUCTS_DIR; };
		D87FBF56FF18F068A62D2666 /* EditAuthorityRequest.swift */ = {isa = PBXFileReference; lastKnownFileType = sourcecode.swift; path = EditAuthorityRequest.swift; sourceTree = "<group>"; };
		DAB9A79A4E8F1C1B180987C1 /* LoginWithNumberViewController.swift */ = {isa = PBXFileReference; lastKnownFileType = sourcecode.swift; path = LoginWithNumberViewController.swift; sourceTree = "<group>"; };
		DCFA9F6D7646E771A7EDC15C /* GOMSColor.swift */ = {isa = PBXFileReference; lastKnownFileType = sourcecode.swift; path = GOMSColor.swift; sourceTree = "<group>"; };
		DD80FE74B451509F703C652C /* SearchModalViewController.swift */ = {isa = PBXFileReference; lastKnownFileType = sourcecode.swift; path = SearchModalViewController.swift; sourceTree = "<group>"; };
		DF651ECE46F86CCB3159AC19 /* SearchModel.swift */ = {isa = PBXFileReference; lastKnownFileType = sourcecode.swift; path = SearchModel.swift; sourceTree = "<group>"; };
		E1595A554EE6AE55D9D130DE /* GOMSTabBar.swift */ = {isa = PBXFileReference; lastKnownFileType = sourcecode.swift; path = GOMSTabBar.swift; sourceTree = "<group>"; };
		E415BB35B9CD3EA16C2ABE79 /* SplashViewController.swift */ = {isa = PBXFileReference; lastKnownFileType = sourcecode.swift; path = SplashViewController.swift; sourceTree = "<group>"; };
		E87F44DB0DCBE1F74B576907 /* AuthFlow.swift */ = {isa = PBXFileReference; lastKnownFileType = sourcecode.swift; path = AuthFlow.swift; sourceTree = "<group>"; };
		E8926A38BD09D59151CDC98D /* GoogleService-Info.plist */ = {isa = PBXFileReference; lastKnownFileType = text.plist; path = "GoogleService-Info.plist"; sourceTree = "<group>"; };
		EC6F42A240FC24790A52E68D /* GOMSImageView.swift */ = {isa = PBXFileReference; lastKnownFileType = sourcecode.swift; path = GOMSImageView.swift; sourceTree = "<group>"; };
		F106A6036B3829B1CF950F05 /* IntroReactor.swift */ = {isa = PBXFileReference; lastKnownFileType = sourcecode.swift; path = IntroReactor.swift; sourceTree = "<group>"; };
		F941062F68B1C675AA5B4FF4 /* StudentInfoCell.swift .swift */ = {isa = PBXFileReference; lastKnownFileType = sourcecode.swift; path = "StudentInfoCell.swift .swift"; sourceTree = "<group>"; };
		FAEE5A3A1B193D317B4ACC48 /* OutingViewModel.swift */ = {isa = PBXFileReference; lastKnownFileType = sourcecode.swift; path = OutingViewModel.swift; sourceTree = "<group>"; };
/* End PBXFileReference section */

/* Begin PBXFrameworksBuildPhase section */
		D02FC1658295CB87615F4677 /* Frameworks */ = {
			isa = PBXFrameworksBuildPhase;
			buildActionMask = 2147483647;
			files = (
				3677857998C796CF1F619EE2 /* RxFlow in Frameworks */,
				4A258C31A37F954D524852A6 /* RxSwift in Frameworks */,
				BF9A8A20D6867E104E442A70 /* RxCocoa in Frameworks */,
				137DCB3C45E5CE2B10CF1677 /* SnapKit in Frameworks */,
				8D0B34FF3C060B87514A5C7B /* Then in Frameworks */,
				912ED3DC54EFF91C9BD9A5B4 /* Moya in Frameworks */,
				F874F498B452084D603227B5 /* Kingfisher in Frameworks */,
				289D47649380CA7B80FD00E7 /* QRScanner in Frameworks */,
				B1132D06F70EF5C367D49E53 /* GAuthSignin in Frameworks */,
				7AAFB23D3C59E17B95BD2657 /* Siren in Frameworks */,
				B53CAFA02101E7D7FF936C3D /* ReactorKit in Frameworks */,
				7AAF0E0FB49FD12113D2A6FB /* QRCode in Frameworks */,
				C60E1BEBC649786E7EBFE5B6 /* FirebaseMessaging in Frameworks */,
				ABB6F591AFDAA19F6EF2E0C5 /* FirebaseAnalytics in Frameworks */,
			);
			runOnlyForDeploymentPostprocessing = 0;
		};
/* End PBXFrameworksBuildPhase section */

/* Begin PBXGroup section */
		013C960D9803D8996F25B279 /* QRCode */ = {
			isa = PBXGroup;
			children = (
				6A298860A300AB0A815E6DA9 /* View */,
				9B2C4F14335CB2D126CDE043 /* ViewModel */,
			);
			path = QRCode;
			sourceTree = "<group>";
		};
		056D811A76B7BECB5FEF0981 /* Auth */ = {
			isa = PBXGroup;
			children = (
				72672620D7C6B3D572304238 /* Intro */,
				70D41AF4598C3E10977621A0 /* LoginWithNumber */,
			);
			path = Auth;
			sourceTree = "<group>";
		};
		0B3B882EA57317DDE77AEB29 /* Reactor */ = {
			isa = PBXGroup;
			children = (
				F106A6036B3829B1CF950F05 /* IntroReactor.swift */,
			);
			path = Reactor;
			sourceTree = "<group>";
		};
		0C68A72F0C71F2DF575F94A3 /* ViewModel */ = {
			isa = PBXGroup;
			children = (
				3E18C173AB8C2EA6A7D03EB4 /* SearchModalViewModel.swift */,
			);
			path = ViewModel;
			sourceTree = "<group>";
		};
		10BC48B7229F18F1FF8E2BD8 /* Main */ = {
			isa = PBXGroup;
			children = (
				7B2E5264F132D139B4DDD061 /* Items */,
				9A2D6A22F138088DBF246225 /* TabBar */,
			);
			path = Main;
			sourceTree = "<group>";
		};
		12E64BD15F29981B97C20AE7 /* Cell */ = {
			isa = PBXGroup;
			children = (
				0A9B50F1A7F47FC1B7298C95 /* HomeCollectionViewCell.swift */,
			);
			path = Cell;
			sourceTree = "<group>";
		};
		1409A196070CCD43D9E058E8 /* Auth */ = {
			isa = PBXGroup;
			children = (
				5C5CF79422AB13E1EE716100 /* AuthServices.swift */,
			);
			path = Auth;
			sourceTree = "<group>";
		};
		19B3FE8B53CB7072FD1E0121 /* EditUserModal */ = {
			isa = PBXGroup;
			children = (
				FE2F90CD4C977BBA330D51C0 /* View */,
				75FDE32025782ECA0668ABE4 /* ViewModel */,
			);
			path = EditUserModal;
			sourceTree = "<group>";
		};
		1BCA31073B0DF4E30D7F8644 /* Splash */ = {
			isa = PBXGroup;
			children = (
				E415BB35B9CD3EA16C2ABE79 /* SplashViewController.swift */,
			);
			path = Splash;
			sourceTree = "<group>";
		};
		1CEC8527AAAEC7481DFCDDD2 /* Reactor */ = {
			isa = PBXGroup;
			children = (
				9D19D13FE2DC98D8350DBE49 /* HomeReactor.swift */,
			);
			path = Reactor;
			sourceTree = "<group>";
		};
		1D7C950AD9A5F2466F7A8BE8 /* Presentation */ = {
			isa = PBXGroup;
			children = (
				CC411DA68DB947F2DE4D0E79 /* Base */,
				22A23173B232959748972447 /* Scene */,
				6EC4DD867D8148A0227086F8 /* Utils */,
			);
			path = Presentation;
			sourceTree = "<group>";
		};
		22A23173B232959748972447 /* Scene */ = {
			isa = PBXGroup;
			children = (
				056D811A76B7BECB5FEF0981 /* Auth */,
				5DD9EADA1B848532D6D7AB14 /* Main */,
			);
			path = Scene;
			sourceTree = "<group>";
		};
		25310D897CF908561CD9B8F1 /* View */ = {
			isa = PBXGroup;
			children = (
				334347F2BA67DC70606FE1F5 /* IntroViewController.swift */,
			);
			path = View;
			sourceTree = "<group>";
		};
		2AC82F5F5B224F5734FCE634 /* Outing */ = {
			isa = PBXGroup;
			children = (
				EA7AE2355FF2728A1C8B570A /* Cell */,
				E62B1531F076F1C4EB48E0F0 /* View */,
				30D62559A6CAE9A502152B5E /* ViewModel */,
			);
			path = Outing;
			sourceTree = "<group>";
		};
		2AE672F6EFD4B4B4C011AF72 /* Account */ = {
			isa = PBXGroup;
			children = (
				0FF5F78908D60700B4C935DF /* AccountServices.swift */,
			);
			path = Account;
			sourceTree = "<group>";
		};
		2AEA64F7361F4FBC11525BB8 /* Auth */ = {
			isa = PBXGroup;
			children = (
				E87F44DB0DCBE1F74B576907 /* AuthFlow.swift */,
			);
			path = Auth;
			sourceTree = "<group>";
		};
		2D1A36C61C26E4E796ACEC91 /* StudentCouncil */ = {
			isa = PBXGroup;
			children = (
				D87FBF56FF18F068A62D2666 /* EditAuthorityRequest.swift */,
			);
			path = StudentCouncil;
			sourceTree = "<group>";
		};
		2DEAF1C419B3E4B5E049E6E7 /* Profile */ = {
			isa = PBXGroup;
			children = (
				97BF668E4986B104AC66C353 /* Cell */,
				8030C3D784380919D1E32E14 /* View */,
				C4E614393A3E615C578AACA4 /* Reactor */,
			);
			path = Profile;
			sourceTree = "<group>";
		};
		2F38A5C6231BD3DD6CBD0AB5 /* Services */ = {
			isa = PBXGroup;
			children = (
				2AE672F6EFD4B4B4C011AF72 /* Account */,
				1409A196070CCD43D9E058E8 /* Auth */,
				660F02A333B53D87F3D172D4 /* Late */,
				309F8A7030BC39316CE288BE /* Notification */,
				C0BB95D9729D7FB96D8B3CD3 /* Outing */,
				938DC9DD73A21D6CFCA051E5 /* StudentCouncil */,
			);
			path = Services;
			sourceTree = "<group>";
		};
		309F8A7030BC39316CE288BE /* Notification */ = {
			isa = PBXGroup;
			children = (
				6B13CB7B98A03E74C3C13FF5 /* NotificationServices.swift */,
			);
			path = Notification;
			sourceTree = "<group>";
		};
		30D62559A6CAE9A502152B5E /* ViewModel */ = {
			isa = PBXGroup;
			children = (
				FAEE5A3A1B193D317B4ACC48 /* OutingViewModel.swift */,
			);
			path = ViewModel;
			sourceTree = "<group>";
		};
		31196F37CDF4F9CD903A04A8 /* View */ = {
			isa = PBXGroup;
			children = (
				4271F5E9366193892E953274 /* HomeViewController.swift */,
			);
			path = View;
			sourceTree = "<group>";
		};
		34E0870DA010B58ADE5526BF /* View */ = {
			isa = PBXGroup;
			children = (
				DD80FE74B451509F703C652C /* SearchModalViewController.swift */,
			);
			path = View;
			sourceTree = "<group>";
		};
		35A365B421C2A70E8FBE60AB /* Auth */ = {
			isa = PBXGroup;
			children = (
				6177794B256B2FF13CB79D7C /* SignIn */,
			);
			path = Auth;
			sourceTree = "<group>";
		};
		36AE259B1D0F0C5CAF7E4C9B /* Auth */ = {
			isa = PBXGroup;
			children = (
				B9367C110059253AAC232AB2 /* RefreshToken */,
				FB06AB00CBC4BB37973A0913 /* SignIn */,
			);
			path = Auth;
			sourceTree = "<group>";
		};
		3797F06D332BC2907C32555B /* Font */ = {
			isa = PBXGroup;
			children = (
				33EEE569891C3731AE11B3DB /* Fraunces-Black.ttf */,
				7E14EAC00E2627CE96CDAF3F /* SF-Pro-Text-Bold.otf */,
				39313DE12E85BD2C48238CCC /* SF-Pro-Text-Medium.otf */,
				C66C990BFA4E2308FAC7371C /* SF-Pro-Text-Regular.otf */,
				C35DA823CB515BD7427792FD /* SF-Pro-Text-Semibold.otf */,
			);
			path = Font;
			sourceTree = "<group>";
		};
		39D9F1721E67CED7DE9BD69C /* Derived */ = {
			isa = PBXGroup;
			children = (
				83AC1697873ADD5A8784867B /* Sources */,
			);
			path = Derived;
			sourceTree = "<group>";
		};
		3C08BBE787467FF7AA5AC8F9 /* Sources */ = {
			isa = PBXGroup;
			children = (
				A60E4713C2F8D878C44FADCA /* Application */,
				56323FF0400E945A8B59E94A /* Data */,
				1D7C950AD9A5F2466F7A8BE8 /* Presentation */,
			);
			path = Sources;
			sourceTree = "<group>";
		};
		3F60F2231D45D03507A7C88A /* Late */ = {
			isa = PBXGroup;
			children = (
				71DC10833DB2918D0B5D7051 /* LateRankRequest.swift */,
			);
			path = Late;
			sourceTree = "<group>";
		};
		41886F747B83AFA838F996B0 /* Home */ = {
			isa = PBXGroup;
			children = (
				12E64BD15F29981B97C20AE7 /* Cell */,
				31196F37CDF4F9CD903A04A8 /* View */,
				1CEC8527AAAEC7481DFCDDD2 /* Reactor */,
			);
			path = Home;
			sourceTree = "<group>";
		};
		56323FF0400E945A8B59E94A /* Data */ = {
			isa = PBXGroup;
			children = (
				563CB46DB9C5E64FA7DF1BD9 /* General */,
				E1938EA295496D9315328F12 /* Model */,
				A20AEDC3DF9566A364483D52 /* Request */,
				2F38A5C6231BD3DD6CBD0AB5 /* Services */,
			);
			path = Data;
			sourceTree = "<group>";
		};
		563CB46DB9C5E64FA7DF1BD9 /* General */ = {
			isa = PBXGroup;
			children = (
				8897DBB2E89D9A3111F95E28 /* BaseURL.swift */,
			);
			path = General;
			sourceTree = "<group>";
		};
		575239C0F6ABF69B08F13164 /* StudentCouncil */ = {
			isa = PBXGroup;
			children = (
				0730E97BADBC88DB876C1393 /* MakeQRModel.swift */,
				DF651ECE46F86CCB3159AC19 /* SearchModel.swift */,
				A2E02A6BAF31D5F99715EC3B /* StudentInfoModel.swift */,
			);
			path = StudentCouncil;
			sourceTree = "<group>";
		};
		5DD9EADA1B848532D6D7AB14 /* Main */ = {
			isa = PBXGroup;
			children = (
				19B3FE8B53CB7072FD1E0121 /* EditUserModal */,
				41886F747B83AFA838F996B0 /* Home */,
				2AC82F5F5B224F5734FCE634 /* Outing */,
				2DEAF1C419B3E4B5E049E6E7 /* Profile */,
				013C960D9803D8996F25B279 /* QRCode */,
				82243CFA98395411B07EF43C /* SearchModal */,
				1BCA31073B0DF4E30D7F8644 /* Splash */,
				8ADD032F921EE067B108AF7F /* StudentInfo */,
				EC75DDDA09F27CE119DA26E2 /* TabBar */,
			);
			path = Main;
			sourceTree = "<group>";
		};
		6177794B256B2FF13CB79D7C /* SignIn */ = {
			isa = PBXGroup;
			children = (
				71F53CB28B1A5311BF484B8E /* SignInRequest.swift */,
			);
			path = SignIn;
			sourceTree = "<group>";
		};
		648BAF08E2848A87A88F0B47 /* Products */ = {
			isa = PBXGroup;
			children = (
				D3A56D0F2A6BF9775902773D /* GOMS.app */,
			);
			name = Products;
			sourceTree = "<group>";
		};
		660F02A333B53D87F3D172D4 /* Late */ = {
			isa = PBXGroup;
			children = (
				295397FAD951EB22776E0EA2 /* LateServices.swift */,
			);
			path = Late;
			sourceTree = "<group>";
		};
		6A298860A300AB0A815E6DA9 /* View */ = {
			isa = PBXGroup;
			children = (
				873B7243A904733DBEA32FB0 /* QRCodeViewController.swift */,
			);
			path = View;
			sourceTree = "<group>";
		};
		6EC4DD867D8148A0227086F8 /* Utils */ = {
			isa = PBXGroup;
			children = (
				D52316C29C1910AA22AE1638 /* DesignSystem */,
				DD0DCD806D8DC2E7C8AF8C79 /* Extension */,
			);
			path = Utils;
			sourceTree = "<group>";
		};
		70D41AF4598C3E10977621A0 /* LoginWithNumber */ = {
			isa = PBXGroup;
			children = (
				C47DA95E56BB7A9949B1107D /* View */,
				BF9AA641D3DDA94986CFB7C8 /* ViewModel */,
			);
			path = LoginWithNumber;
			sourceTree = "<group>";
		};
		72672620D7C6B3D572304238 /* Intro */ = {
			isa = PBXGroup;
			children = (
				0B3B882EA57317DDE77AEB29 /* Reactor */,
				25310D897CF908561CD9B8F1 /* View */,
			);
			path = Intro;
			sourceTree = "<group>";
		};
		75FDE32025782ECA0668ABE4 /* ViewModel */ = {
			isa = PBXGroup;
			children = (
				2A2E9184132125A534E95C58 /* EditUserModalViewModel.swift */,
			);
			path = ViewModel;
			sourceTree = "<group>";
		};
		772DA8432AD666D40006B800 /* Rx */ = {
			isa = PBXGroup;
			children = (
				772DA8442AD666E60006B800 /* UILabel+Rx.swift */,
				772DA8472AD6670F0006B800 /* HomeView+Rx.swift */,
				772DA8492ADCE2B10006B800 /* ProfileView+Rx.swift */,
			);
			path = Rx;
			sourceTree = "<group>";
		};
		79BBDEC18805E22B0E13C82D /* GOMS-iOS */ = {
			isa = PBXGroup;
			children = (
				7BB6BD5705737AFB1B14871C /* Resources */,
				3C08BBE787467FF7AA5AC8F9 /* Sources */,
				54E3A574A755C72873CD6306 /* Info.plist */,
			);
			path = "GOMS-iOS";
			sourceTree = "<group>";
		};
		7B2E5264F132D139B4DDD061 /* Items */ = {
			isa = PBXGroup;
			children = (
				0CBC44172A0E10154B5B8F4D /* HomeFlow.swift */,
				2A0F2375EE5E4B6444926746 /* OutingFlow.swift */,
				64EC7ADD2EB48F6A89009F7E /* QRCodeFlow.swift */,
			);
			path = Items;
			sourceTree = "<group>";
		};
		7BB6BD5705737AFB1B14871C /* Resources */ = {
			isa = PBXGroup;
			children = (
				3797F06D332BC2907C32555B /* Font */,
				7813475D446B5FD839D6445B /* LaunchScreen.storyboard */,
				ABB6E2ADDC0ED6343FA96DB1 /* Assets.xcassets */,
				E8926A38BD09D59151CDC98D /* GoogleService-Info.plist */,
			);
			path = Resources;
			sourceTree = "<group>";
		};
		8030C3D784380919D1E32E14 /* View */ = {
			isa = PBXGroup;
			children = (
				4DDDEC7387C087EA07E01D47 /* ProfileViewController.swift */,
			);
			path = View;
			sourceTree = "<group>";
		};
		8190DAC218EC612754461DC0 /* Flow */ = {
			isa = PBXGroup;
			children = (
				BE7207EF61DBB01C42F6FAB7 /* Flows */,
				8BE6F76733D41DF56D6DA797 /* Step */,
				CC1EB3C71F7FA78C9663D371 /* AppDelegate.swift */,
				5CFE1BED4EFEAAF1A4F6C847 /* AppFlow.swift */,
				8B63889E2CE3DE6CECF9E50B /* SceneDelegate.swift */,
			);
			path = Flow;
			sourceTree = "<group>";
		};
		81B349B2A17DA59FF5FDC903 /* Frameworks */ = {
			isa = PBXGroup;
			children = (
			);
			name = Frameworks;
			sourceTree = "<group>";
		};
		82243CFA98395411B07EF43C /* SearchModal */ = {
			isa = PBXGroup;
			children = (
				97C76EEACC716A69E6043889 /* Cell */,
				34E0870DA010B58ADE5526BF /* View */,
				0C68A72F0C71F2DF575F94A3 /* ViewModel */,
			);
			path = SearchModal;
			sourceTree = "<group>";
		};
		83AC1697873ADD5A8784867B /* Sources */ = {
			isa = PBXGroup;
			children = (
				BC65C7C162624042253ABA86 /* TuistBundle+GOMSIOS.swift */,
			);
			path = Sources;
			sourceTree = "<group>";
		};
		851466E95E3D357DA3D37F44 /* ViewModel */ = {
			isa = PBXGroup;
			children = (
				CE5412482055549E0AC7F524 /* StudentInfoViewModel.swift */,
			);
			path = ViewModel;
			sourceTree = "<group>";
		};
		8ADD032F921EE067B108AF7F /* StudentInfo */ = {
			isa = PBXGroup;
			children = (
				F8E4142D54B95F3D2654C54D /* Cell */,
				BD51F574692473CF8090E746 /* View */,
				851466E95E3D357DA3D37F44 /* ViewModel */,
			);
			path = StudentInfo;
			sourceTree = "<group>";
		};
		8BE6F76733D41DF56D6DA797 /* Step */ = {
			isa = PBXGroup;
			children = (
				3E451230CE75A5B517AC7C0D /* GOMSStep.swift */,
			);
			path = Step;
			sourceTree = "<group>";
		};
		91B2C3E344F2AFAB4DC6E044 /* Project */ = {
			isa = PBXGroup;
			children = (
				39D9F1721E67CED7DE9BD69C /* Derived */,
				79BBDEC18805E22B0E13C82D /* GOMS-iOS */,
			);
			name = Project;
			sourceTree = "<group>";
		};
		938DC9DD73A21D6CFCA051E5 /* StudentCouncil */ = {
			isa = PBXGroup;
			children = (
				55D9D0634B7E8F5C42182ECA /* StudentCouncilServices.swift .swift */,
			);
			path = StudentCouncil;
			sourceTree = "<group>";
		};
		97BF668E4986B104AC66C353 /* Cell */ = {
			isa = PBXGroup;
			children = (
				298CE1A60D63FEF24C554D53 /* ProfileTableViewCell.swift */,
			);
			path = Cell;
			sourceTree = "<group>";
		};
		97C76EEACC716A69E6043889 /* Cell */ = {
			isa = PBXGroup;
			children = (
				CB3563359E3ED6D763DCB143 /* RoleCell.swift */,
			);
			path = Cell;
			sourceTree = "<group>";
		};
		9A2D6A22F138088DBF246225 /* TabBar */ = {
			isa = PBXGroup;
			children = (
				89BEA719AD89929E5D32B7E9 /* TabBarFlow.swift */,
			);
			path = TabBar;
			sourceTree = "<group>";
		};
		9B2C4F14335CB2D126CDE043 /* ViewModel */ = {
			isa = PBXGroup;
			children = (
				C6139030D5496996615900CF /* QRCodeModel.swift */,
			);
			path = ViewModel;
			sourceTree = "<group>";
		};
		A20AEDC3DF9566A364483D52 /* Request */ = {
			isa = PBXGroup;
			children = (
				35A365B421C2A70E8FBE60AB /* Auth */,
				3F60F2231D45D03507A7C88A /* Late */,
				2D1A36C61C26E4E796ACEC91 /* StudentCouncil */,
			);
			path = Request;
			sourceTree = "<group>";
		};
		A60E4713C2F8D878C44FADCA /* Application */ = {
			isa = PBXGroup;
			children = (
				8190DAC218EC612754461DC0 /* Flow */,
			);
			path = Application;
			sourceTree = "<group>";
		};
		AED56A1DF2A785FA860E859D = {
			isa = PBXGroup;
			children = (
				91B2C3E344F2AFAB4DC6E044 /* Project */,
				81B349B2A17DA59FF5FDC903 /* Frameworks */,
				648BAF08E2848A87A88F0B47 /* Products */,
			);
			sourceTree = "<group>";
		};
		B9367C110059253AAC232AB2 /* RefreshToken */ = {
			isa = PBXGroup;
			children = (
				73B05B3CB63AA72F32F58F52 /* RefreshTokenModel.swift */,
			);
			path = RefreshToken;
			sourceTree = "<group>";
		};
		BD51F574692473CF8090E746 /* View */ = {
			isa = PBXGroup;
			children = (
				0D767CB7BAADE1FF8592B1A3 /* StudentInfoViewController.swift */,
			);
			path = View;
			sourceTree = "<group>";
		};
		BE7207EF61DBB01C42F6FAB7 /* Flows */ = {
			isa = PBXGroup;
			children = (
				2AEA64F7361F4FBC11525BB8 /* Auth */,
				10BC48B7229F18F1FF8E2BD8 /* Main */,
			);
			path = Flows;
			sourceTree = "<group>";
		};
		BF9AA641D3DDA94986CFB7C8 /* ViewModel */ = {
			isa = PBXGroup;
			children = (
				04BFCF9B8EE0F0CCD0FF3B37 /* LoginWithNumberViewModel.swift */,
			);
			path = ViewModel;
			sourceTree = "<group>";
		};
		C0BB95D9729D7FB96D8B3CD3 /* Outing */ = {
			isa = PBXGroup;
			children = (
				0EF56F29FFC248A39CA54F95 /* OutingServices.swift */,
			);
			path = Outing;
			sourceTree = "<group>";
		};
		C47DA95E56BB7A9949B1107D /* View */ = {
			isa = PBXGroup;
			children = (
				DAB9A79A4E8F1C1B180987C1 /* LoginWithNumberViewController.swift */,
			);
			path = View;
			sourceTree = "<group>";
		};
		C4E614393A3E615C578AACA4 /* Reactor */ = {
			isa = PBXGroup;
			children = (
				20299AC4E5AC264227214CD1 /* ProfileReactor.swift */,
			);
			path = Reactor;
			sourceTree = "<group>";
		};
		CC411DA68DB947F2DE4D0E79 /* Base */ = {
			isa = PBXGroup;
			children = (
				0297FAE6FE4A628F72E17B21 /* BaseViewController.swift */,
				A1F81B1F96416CCEF789E952 /* BaseViewModel.swift */,
			);
			path = Base;
			sourceTree = "<group>";
		};
		D52316C29C1910AA22AE1638 /* DesignSystem */ = {
			isa = PBXGroup;
			children = (
				10FDDB8DDDB7FC4D688117EE /* LoginWithNumberTextField.swift */,
			);
			path = DesignSystem;
			sourceTree = "<group>";
		};
		DD0DCD806D8DC2E7C8AF8C79 /* Extension */ = {
			isa = PBXGroup;
			children = (
				772DA8432AD666D40006B800 /* Rx */,
				DCFA9F6D7646E771A7EDC15C /* GOMSColor.swift */,
				3C2718172E532227E0567CB2 /* GOMSFont.swift */,
				EC6F42A240FC24790A52E68D /* GOMSImageView.swift */,
				CF1D1497514F0C2F7F8EFE43 /* GOMSRefreshToken.swift */,
				576B51268D5F464BDA13F8D1 /* GOMSShadow.swift */,
				33E5C8631C7546F34AC5A330 /* GOMSTextField.swift */,
				20CB02EF771C5C28BF090526 /* GOMSToken.swift */,
				AF77FDD4DC5F66C33B8C0B9C /* UINavigationBar.swift */,
			);
			path = Extension;
			sourceTree = "<group>";
		};
		E1938EA295496D9315328F12 /* Model */ = {
			isa = PBXGroup;
			children = (
				F7DEA3EAA82AB834BE83E7FD /* Account */,
				36AE259B1D0F0C5CAF7E4C9B /* Auth */,
				E83D8C3FB2F2FD9D0E47DF0A /* Late */,
				FE46763B34FB6B77AA418D86 /* Outing */,
				575239C0F6ABF69B08F13164 /* StudentCouncil */,
			);
			path = Model;
			sourceTree = "<group>";
		};
		E62B1531F076F1C4EB48E0F0 /* View */ = {
			isa = PBXGroup;
			children = (
				6DCE5CF2248206735F8CAB45 /* OutingViewController.swift */,
			);
			path = View;
			sourceTree = "<group>";
		};
		E83D8C3FB2F2FD9D0E47DF0A /* Late */ = {
			isa = PBXGroup;
			children = (
				2B5793E1FC9341527315B0A8 /* LateRankModel.swift */,
			);
			path = Late;
			sourceTree = "<group>";
		};
		EA7AE2355FF2728A1C8B570A /* Cell */ = {
			isa = PBXGroup;
			children = (
				5E1FCEBD6BF1F71E84CF786A /* OutingTableViewCell.swift */,
			);
			path = Cell;
			sourceTree = "<group>";
		};
		EC75DDDA09F27CE119DA26E2 /* TabBar */ = {
			isa = PBXGroup;
			children = (
				E1595A554EE6AE55D9D130DE /* GOMSTabBar.swift */,
			);
			path = TabBar;
			sourceTree = "<group>";
		};
		F7DEA3EAA82AB834BE83E7FD /* Account */ = {
			isa = PBXGroup;
			children = (
				46453BBA10D94D166B2498C9 /* AccountModel.swift */,
			);
			path = Account;
			sourceTree = "<group>";
		};
		F8E4142D54B95F3D2654C54D /* Cell */ = {
			isa = PBXGroup;
			children = (
				F941062F68B1C675AA5B4FF4 /* StudentInfoCell.swift .swift */,
			);
			path = Cell;
			sourceTree = "<group>";
		};
		FB06AB00CBC4BB37973A0913 /* SignIn */ = {
			isa = PBXGroup;
			children = (
				A4B077D499D3BF1E566F0E52 /* SignInModel.swift */,
			);
			path = SignIn;
			sourceTree = "<group>";
		};
		FE2F90CD4C977BBA330D51C0 /* View */ = {
			isa = PBXGroup;
			children = (
				2117C3E8786E46CF611298AC /* EditModalViewController.swift */,
			);
			path = View;
			sourceTree = "<group>";
		};
		FE46763B34FB6B77AA418D86 /* Outing */ = {
			isa = PBXGroup;
			children = (
				A1222865F763F7F78EB7F82B /* OutingCountModel.swift */,
				0635F77C3B1C0CC85FAD2869 /* OutingListModel.swift */,
				994B53423EF41EC5BA02DEF7 /* OutingModel.swift */,
				9388FF33F3F763118675B3B5 /* OutingSearchModel.swift */,
			);
			path = Outing;
			sourceTree = "<group>";
		};
/* End PBXGroup section */

/* Begin PBXNativeTarget section */
		F66C9385E26BB33EE2931DFB /* GOMS-iOS */ = {
			isa = PBXNativeTarget;
			buildConfigurationList = 77C8DA289F40AC2417B9248D /* Build configuration list for PBXNativeTarget "GOMS-iOS" */;
			buildPhases = (
				982153C8294538EB33A3D9F6 /* Sources */,
				231319C443AE43E855BCAFCA /* Resources */,
				D543DCF894EFBA2CE01F63E0 /* Embed Frameworks */,
				D02FC1658295CB87615F4677 /* Frameworks */,
			);
			buildRules = (
			);
			dependencies = (
			);
			name = "GOMS-iOS";
			packageProductDependencies = (
				B5A5D4FDFFB3F435EF7F6B53 /* RxFlow */,
				081F136A16B08657C2E5D58D /* RxSwift */,
				BFE9D9C4C243D7D5A3A968EC /* RxCocoa */,
				C7C08E545C8AAE050C536B30 /* SnapKit */,
				EB99EDF37B441D92FE5A82CA /* Then */,
				05539138342D52593CC4A0B0 /* Moya */,
				98C1F1421CABED10E7FE1B75 /* Kingfisher */,
				4FE8C28B467C9CE652486900 /* QRScanner */,
				F813DF204217A8A8FA083193 /* GAuthSignin */,
				28027DF5225FC73445281A5F /* Siren */,
				3C88277923F2237A11F45C73 /* ReactorKit */,
				FDDF27BAA27DB80FFA7E1BF2 /* QRCode */,
				BC6304B918F94843C21D40DF /* FirebaseMessaging */,
				7D244E1453707818C962596D /* FirebaseAnalytics */,
			);
			productName = GOMS;
			productReference = D3A56D0F2A6BF9775902773D /* GOMS.app */;
			productType = "com.apple.product-type.application";
		};
/* End PBXNativeTarget section */

/* Begin PBXProject section */
		681508A39904DC3090579ACB /* Project object */ = {
			isa = PBXProject;
			attributes = {
				BuildIndependentTargetsInParallel = YES;
				ORGANIZATIONNAME = HARIBO;
			};
			buildConfigurationList = DA7408DB5218F4061454ACF0 /* Build configuration list for PBXProject "GOMS-iOS" */;
			compatibilityVersion = "Xcode 13.0";
			developmentRegion = en;
			hasScannedForEncodings = 0;
			knownRegions = (
				Base,
				en,
			);
			mainGroup = AED56A1DF2A785FA860E859D;
			packageReferences = (
				11D24DC36F4A956516852473 /* XCRemoteSwiftPackageReference "Siren" */,
				22615A22CBAE36C4E05A46D1 /* XCRemoteSwiftPackageReference "GAuthSignin-Swift" */,
				1F4F6DCEB5D971B1D4220B72 /* XCRemoteSwiftPackageReference "Moya" */,
				A8867077F776A854984B5978 /* XCRemoteSwiftPackageReference "RxSwift" */,
				90AFD2E25EE9EA6D3A7CC13E /* XCRemoteSwiftPackageReference "ReactorKit" */,
				FFD5B6D4081A35622195590E /* XCRemoteSwiftPackageReference "RxFlow" */,
				11A293E5CB1EDC0DF4832D2C /* XCRemoteSwiftPackageReference "SnapKit" */,
				6E54C8325EBF75DC324828AD /* XCRemoteSwiftPackageReference "Then" */,
				64CA448C5F3B7B9E14D639BE /* XCRemoteSwiftPackageReference "QRCode" */,
				3F44892F27F1A72C6B7EA2AD /* XCRemoteSwiftPackageReference "firebase-ios-sdk" */,
				BEBF9F1645C5AE67F1F0E723 /* XCRemoteSwiftPackageReference "QRScanner" */,
				3A19482F0C32099983F713BE /* XCRemoteSwiftPackageReference "Kingfisher" */,
			);
			productRefGroup = 648BAF08E2848A87A88F0B47 /* Products */;
			projectDirPath = "";
			projectRoot = "";
			targets = (
				F66C9385E26BB33EE2931DFB /* GOMS-iOS */,
			);
		};
/* End PBXProject section */

/* Begin PBXResourcesBuildPhase section */
		231319C443AE43E855BCAFCA /* Resources */ = {
			isa = PBXResourcesBuildPhase;
			buildActionMask = 2147483647;
			files = (
				00376F6D7377122406E0BAAD /* Assets.xcassets in Resources */,
				E6A35DF17F2B41EAD774B72B /* LaunchScreen.storyboard in Resources */,
				73F4534655B41782CE790A4C /* Fraunces-Black.ttf in Resources */,
				5A990392C21F5FEB947B6769 /* SF-Pro-Text-Bold.otf in Resources */,
				0BF7A04CD7B51FC80A4F6472 /* SF-Pro-Text-Medium.otf in Resources */,
				65AD2A08A00E8B4E4A343E58 /* SF-Pro-Text-Regular.otf in Resources */,
				25B44A02412E18EC2DD622B6 /* SF-Pro-Text-Semibold.otf in Resources */,
				52118FF2D917294507DF4F27 /* GoogleService-Info.plist in Resources */,
			);
			runOnlyForDeploymentPostprocessing = 0;
		};
/* End PBXResourcesBuildPhase section */

/* Begin PBXSourcesBuildPhase section */
		982153C8294538EB33A3D9F6 /* Sources */ = {
			isa = PBXSourcesBuildPhase;
			buildActionMask = 2147483647;
			files = (
				E6229E4983AD0ED4DF7CB7F5 /* TuistBundle+GOMSIOS.swift in Sources */,
				772DA8482AD6670F0006B800 /* HomeView+Rx.swift in Sources */,
				C076B14F4653C3D1E78F3A3E /* AppDelegate.swift in Sources */,
				C8CCAB7E00784089C11B8B3B /* AppFlow.swift in Sources */,
				281F5521BCF7E784E22419E8 /* AuthFlow.swift in Sources */,
				C991C75FBDD7E39A9B8C3A57 /* HomeFlow.swift in Sources */,
				4F404B67DE5AF8F2F8E712A9 /* OutingFlow.swift in Sources */,
				39CDEA366D86ECCD3553F1E0 /* QRCodeFlow.swift in Sources */,
				F99CB0B4579C8BF18BD50FA5 /* TabBarFlow.swift in Sources */,
				2790EF0FB564F8CB2C7A9307 /* SceneDelegate.swift in Sources */,
				248B1FD13684D09BC1863DF9 /* GOMSStep.swift in Sources */,
				F71E566CAB6CE41B32AE0BFB /* BaseURL.swift in Sources */,
				31D5181F3E02660DC61E7534 /* AccountModel.swift in Sources */,
				B63E657DEAC2370BA64B1F06 /* RefreshTokenModel.swift in Sources */,
				197141CE26653C403692AEA9 /* SignInModel.swift in Sources */,
				90C0666B24341AF743D2A48E /* LateRankModel.swift in Sources */,
				772DA84A2ADCE2B10006B800 /* ProfileView+Rx.swift in Sources */,
				32FAB44A8574F1B2397B936F /* OutingCountModel.swift in Sources */,
				00C1EDD175C07AA22845430E /* OutingListModel.swift in Sources */,
				D1BDAC2DC3627EC26CBCEE7B /* OutingModel.swift in Sources */,
				8C3E388AC696BE1B4400758F /* OutingSearchModel.swift in Sources */,
				81C846E7B6C1B3377D89F2E1 /* MakeQRModel.swift in Sources */,
				46C6B263D98A71D6EB7DB01F /* SearchModel.swift in Sources */,
				3D143330E17F1053EC95DC30 /* StudentInfoModel.swift in Sources */,
				9F913DF033454D55F1037F75 /* SignInRequest.swift in Sources */,
				5769086A0AEF802A1D6083F9 /* LateRankRequest.swift in Sources */,
				CBDDEB65BD67DC6BDEAB9B34 /* EditAuthorityRequest.swift in Sources */,
				9251671FB767C6D2E48564E8 /* AccountServices.swift in Sources */,
				B6F7B3CDE8A55413DD14BCE9 /* AuthServices.swift in Sources */,
				13BEAA05293FA4319A826530 /* LateServices.swift in Sources */,
				1C3ADC7783E4800634E86B02 /* NotificationServices.swift in Sources */,
				C166BB3EDDB3A8442A897F1E /* OutingServices.swift in Sources */,
				64376B716865B84D9A20B5EC /* StudentCouncilServices.swift .swift in Sources */,
				96CC4DEF30770C1F115658DA /* BaseViewController.swift in Sources */,
				F9836FCE6394F772A14B06D4 /* BaseViewModel.swift in Sources */,
				E554D94A81C2EE78E2FF15DF /* IntroReactor.swift in Sources */,
				E6FF1B54DBE484AE020BEBF7 /* IntroViewController.swift in Sources */,
				6BBA088B8308C541745B7FAF /* LoginWithNumberViewController.swift in Sources */,
				55E998FD61D84B4AE73449FC /* LoginWithNumberViewModel.swift in Sources */,
				EEA584257EDD64DD6BA4EA6C /* EditModalViewController.swift in Sources */,
				9C7D8A4250E2CD030BA2905D /* EditUserModalViewModel.swift in Sources */,
				772DA8452AD666E60006B800 /* UILabel+Rx.swift in Sources */,
				7556BB230BD77AA3F6C5D5A7 /* HomeCollectionViewCell.swift in Sources */,
				A7381B3B0E16928BF92368EB /* HomeViewController.swift in Sources */,
				D7EC915646A97E3AFBED5E0C /* HomeReactor.swift in Sources */,
				5FC9F0C7CF2C0C340224E20F /* OutingTableViewCell.swift in Sources */,
				287849E7425977ED3632F623 /* OutingViewController.swift in Sources */,
				8667F3E9A77160B8B7BCA741 /* OutingViewModel.swift in Sources */,
				065860829238EF362436C117 /* ProfileTableViewCell.swift in Sources */,
				1689B0D28958F0E756C64940 /* ProfileViewController.swift in Sources */,
				B7DB63D002083C316431B56C /* ProfileReactor.swift in Sources */,
				21DA8DCCAA10FFC257E85B56 /* QRCodeViewController.swift in Sources */,
				A5C8FEC5DFF28D06664375BF /* QRCodeModel.swift in Sources */,
				277CF1B904F696E9D4F7BA64 /* RoleCell.swift in Sources */,
				C350F6843C3CF098A0358D28 /* SearchModalViewController.swift in Sources */,
				5E11B5881CF5D4B520105B30 /* SearchModalViewModel.swift in Sources */,
				81B265DF073B4599B73CF3C1 /* SplashViewController.swift in Sources */,
				36C4775C0863B0A6F72D2214 /* StudentInfoCell.swift .swift in Sources */,
				F2DBC6C2F33612834713EA1F /* StudentInfoViewController.swift in Sources */,
				B08B5A267DC5D26A20E7A221 /* StudentInfoViewModel.swift in Sources */,
				220B5F82E1E65E65ACD5137E /* GOMSTabBar.swift in Sources */,
				E735EA4F0F94997438A2B045 /* LoginWithNumberTextField.swift in Sources */,
				4A68DEF931ED0D1C699E8D44 /* GOMSColor.swift in Sources */,
				B0223F045DF8F744FE811261 /* GOMSFont.swift in Sources */,
				B570A043B14A8D3E1FCC3E2C /* GOMSImageView.swift in Sources */,
				C32080A11EFCB1EAB86C1895 /* GOMSRefreshToken.swift in Sources */,
				E254CA86F50A9659678A1026 /* GOMSShadow.swift in Sources */,
				08E229C2E386FC6369FA7071 /* GOMSTextField.swift in Sources */,
				EE05594B76800E02A3351743 /* GOMSToken.swift in Sources */,
				67A531BDC4FB611B9484512F /* UINavigationBar.swift in Sources */,
			);
			runOnlyForDeploymentPostprocessing = 0;
		};
/* End PBXSourcesBuildPhase section */

/* Begin PBXVariantGroup section */
		7813475D446B5FD839D6445B /* LaunchScreen.storyboard */ = {
			isa = PBXVariantGroup;
			children = (
				1BB01AC984E534B6A92A87D8 /* Base */,
			);
			name = LaunchScreen.storyboard;
			sourceTree = "<group>";
		};
/* End PBXVariantGroup section */

/* Begin XCBuildConfiguration section */
		241AD0489E4BAABA52B1349A /* Debug */ = {
			isa = XCBuildConfiguration;
			buildSettings = {
				ALWAYS_SEARCH_USER_PATHS = NO;
				CLANG_ANALYZER_LOCALIZABILITY_NONLOCALIZED = YES;
				CLANG_ANALYZER_NONNULL = YES;
				CLANG_ANALYZER_NUMBER_OBJECT_CONVERSION = YES_AGGRESSIVE;
				CLANG_CXX_LANGUAGE_STANDARD = "gnu++14";
				CLANG_CXX_LIBRARY = "libc++";
				CLANG_ENABLE_MODULES = YES;
				CLANG_ENABLE_OBJC_ARC = YES;
				CLANG_ENABLE_OBJC_WEAK = YES;
				CLANG_WARN_BLOCK_CAPTURE_AUTORELEASING = YES;
				CLANG_WARN_BOOL_CONVERSION = YES;
				CLANG_WARN_COMMA = YES;
				CLANG_WARN_CONSTANT_CONVERSION = YES;
				CLANG_WARN_DEPRECATED_OBJC_IMPLEMENTATIONS = YES;
				CLANG_WARN_DIRECT_OBJC_ISA_USAGE = YES_ERROR;
				CLANG_WARN_DOCUMENTATION_COMMENTS = YES;
				CLANG_WARN_EMPTY_BODY = YES;
				CLANG_WARN_ENUM_CONVERSION = YES;
				CLANG_WARN_INFINITE_RECURSION = YES;
				CLANG_WARN_INT_CONVERSION = YES;
				CLANG_WARN_NON_LITERAL_NULL_CONVERSION = YES;
				CLANG_WARN_OBJC_IMPLICIT_RETAIN_SELF = YES;
				CLANG_WARN_OBJC_LITERAL_CONVERSION = YES;
				CLANG_WARN_OBJC_ROOT_CLASS = YES_ERROR;
				CLANG_WARN_QUOTED_INCLUDE_IN_FRAMEWORK_HEADER = YES;
				CLANG_WARN_RANGE_LOOP_ANALYSIS = YES;
				CLANG_WARN_STRICT_PROTOTYPES = YES;
				CLANG_WARN_SUSPICIOUS_MOVE = YES;
				CLANG_WARN_UNGUARDED_AVAILABILITY = YES_AGGRESSIVE;
				CLANG_WARN_UNREACHABLE_CODE = YES;
				CLANG_WARN__DUPLICATE_METHOD_MATCH = YES;
				COPY_PHASE_STRIP = NO;
				DEAD_CODE_STRIPPING = YES;
				DEBUG_INFORMATION_FORMAT = dwarf;
				ENABLE_STRICT_OBJC_MSGSEND = YES;
				ENABLE_TESTABILITY = YES;
				GCC_C_LANGUAGE_STANDARD = gnu11;
				GCC_DYNAMIC_NO_PIC = NO;
				GCC_NO_COMMON_BLOCKS = YES;
				GCC_OPTIMIZATION_LEVEL = 0;
				GCC_PREPROCESSOR_DEFINITIONS = (
					"DEBUG=1",
					"$(inherited)",
				);
				GCC_WARN_64_TO_32_BIT_CONVERSION = YES;
				GCC_WARN_ABOUT_RETURN_TYPE = YES_ERROR;
				GCC_WARN_UNDECLARED_SELECTOR = YES;
				GCC_WARN_UNINITIALIZED_AUTOS = YES_AGGRESSIVE;
				GCC_WARN_UNUSED_FUNCTION = YES;
				GCC_WARN_UNUSED_VARIABLE = YES;
				MTL_ENABLE_DEBUG_INFO = YES;
				ONLY_ACTIVE_ARCH = YES;
				PRODUCT_NAME = "$(TARGET_NAME)";
			};
			name = Debug;
		};
		6BB5AFDD8BBAB4337A4631DB /* Release */ = {
			isa = XCBuildConfiguration;
			buildSettings = {
				ALWAYS_SEARCH_USER_PATHS = NO;
				CLANG_ANALYZER_LOCALIZABILITY_NONLOCALIZED = YES;
				CLANG_ANALYZER_NONNULL = YES;
				CLANG_ANALYZER_NUMBER_OBJECT_CONVERSION = YES_AGGRESSIVE;
				CLANG_CXX_LANGUAGE_STANDARD = "gnu++14";
				CLANG_CXX_LIBRARY = "libc++";
				CLANG_ENABLE_MODULES = YES;
				CLANG_ENABLE_OBJC_ARC = YES;
				CLANG_ENABLE_OBJC_WEAK = YES;
				CLANG_WARN_BLOCK_CAPTURE_AUTORELEASING = YES;
				CLANG_WARN_BOOL_CONVERSION = YES;
				CLANG_WARN_COMMA = YES;
				CLANG_WARN_CONSTANT_CONVERSION = YES;
				CLANG_WARN_DEPRECATED_OBJC_IMPLEMENTATIONS = YES;
				CLANG_WARN_DIRECT_OBJC_ISA_USAGE = YES_ERROR;
				CLANG_WARN_DOCUMENTATION_COMMENTS = YES;
				CLANG_WARN_EMPTY_BODY = YES;
				CLANG_WARN_ENUM_CONVERSION = YES;
				CLANG_WARN_INFINITE_RECURSION = YES;
				CLANG_WARN_INT_CONVERSION = YES;
				CLANG_WARN_NON_LITERAL_NULL_CONVERSION = YES;
				CLANG_WARN_OBJC_IMPLICIT_RETAIN_SELF = YES;
				CLANG_WARN_OBJC_LITERAL_CONVERSION = YES;
				CLANG_WARN_OBJC_ROOT_CLASS = YES_ERROR;
				CLANG_WARN_QUOTED_INCLUDE_IN_FRAMEWORK_HEADER = YES;
				CLANG_WARN_RANGE_LOOP_ANALYSIS = YES;
				CLANG_WARN_STRICT_PROTOTYPES = YES;
				CLANG_WARN_SUSPICIOUS_MOVE = YES;
				CLANG_WARN_UNGUARDED_AVAILABILITY = YES_AGGRESSIVE;
				CLANG_WARN_UNREACHABLE_CODE = YES;
				CLANG_WARN__DUPLICATE_METHOD_MATCH = YES;
				COPY_PHASE_STRIP = NO;
				DEAD_CODE_STRIPPING = YES;
				DEBUG_INFORMATION_FORMAT = "dwarf-with-dsym";
				ENABLE_NS_ASSERTIONS = NO;
				ENABLE_STRICT_OBJC_MSGSEND = YES;
				GCC_C_LANGUAGE_STANDARD = gnu11;
				GCC_NO_COMMON_BLOCKS = YES;
				GCC_WARN_64_TO_32_BIT_CONVERSION = YES;
				GCC_WARN_ABOUT_RETURN_TYPE = YES_ERROR;
				GCC_WARN_UNDECLARED_SELECTOR = YES;
				GCC_WARN_UNINITIALIZED_AUTOS = YES_AGGRESSIVE;
				GCC_WARN_UNUSED_FUNCTION = YES;
				GCC_WARN_UNUSED_VARIABLE = YES;
				MTL_ENABLE_DEBUG_INFO = NO;
				PRODUCT_NAME = "$(TARGET_NAME)";
				VALIDATE_PRODUCT = YES;
			};
			name = Release;
		};
		7CFD4C7979FBB6BC6D66D611 /* Debug */ = {
			isa = XCBuildConfiguration;
			buildSettings = {
				ASSETCATALOG_COMPILER_APPICON_NAME = AppIcon;
				CODE_SIGN_IDENTITY = "iPhone Developer";
				ENABLE_PREVIEWS = YES;
				INFOPLIST_FILE = "GOMS-iOS/Info.plist";
				IPHONEOS_DEPLOYMENT_TARGET = 15.0;
				LD_RUNPATH_SEARCH_PATHS = (
					"$(inherited)",
					"@executable_path/Frameworks",
				);
				PRODUCT_BUNDLE_IDENTIFIER = "Minjae.GOMS-iOS";
				PRODUCT_NAME = GOMS;
				SDKROOT = iphoneos;
				SUPPORTS_MACCATALYST = NO;
				SUPPORTS_MAC_DESIGNED_FOR_IPHONE_IPAD = YES;
				SUPPORTS_XR_DESIGNED_FOR_IPHONE_IPAD = NO;
				SWIFT_ACTIVE_COMPILATION_CONDITIONS = DEBUG;
				SWIFT_COMPILATION_MODE = singlefile;
				SWIFT_OPTIMIZATION_LEVEL = "-Onone";
				SWIFT_VERSION = 5.0;
				TARGETED_DEVICE_FAMILY = "1,2";
			};
			name = Debug;
		};
		8297ECFDDC86E6105E5DCB3E /* Release */ = {
			isa = XCBuildConfiguration;
			buildSettings = {
				ASSETCATALOG_COMPILER_APPICON_NAME = AppIcon;
				CODE_SIGN_IDENTITY = "iPhone Developer";
				ENABLE_PREVIEWS = YES;
				INFOPLIST_FILE = "GOMS-iOS/Info.plist";
				IPHONEOS_DEPLOYMENT_TARGET = 15.0;
				LD_RUNPATH_SEARCH_PATHS = (
					"$(inherited)",
					"@executable_path/Frameworks",
				);
				PRODUCT_BUNDLE_IDENTIFIER = "Minjae.GOMS-iOS";
				PRODUCT_NAME = GOMS;
				SDKROOT = iphoneos;
				SUPPORTS_MACCATALYST = NO;
				SUPPORTS_MAC_DESIGNED_FOR_IPHONE_IPAD = YES;
				SUPPORTS_XR_DESIGNED_FOR_IPHONE_IPAD = NO;
				SWIFT_COMPILATION_MODE = wholemodule;
				SWIFT_OPTIMIZATION_LEVEL = "-Owholemodule";
				SWIFT_VERSION = 5.0;
				TARGETED_DEVICE_FAMILY = "1,2";
			};
			name = Release;
		};
/* End XCBuildConfiguration section */

/* Begin XCConfigurationList section */
		77C8DA289F40AC2417B9248D /* Build configuration list for PBXNativeTarget "GOMS-iOS" */ = {
			isa = XCConfigurationList;
			buildConfigurations = (
				7CFD4C7979FBB6BC6D66D611 /* Debug */,
				8297ECFDDC86E6105E5DCB3E /* Release */,
			);
			defaultConfigurationIsVisible = 0;
			defaultConfigurationName = Release;
		};
		DA7408DB5218F4061454ACF0 /* Build configuration list for PBXProject "GOMS-iOS" */ = {
			isa = XCConfigurationList;
			buildConfigurations = (
				241AD0489E4BAABA52B1349A /* Debug */,
				6BB5AFDD8BBAB4337A4631DB /* Release */,
			);
			defaultConfigurationIsVisible = 0;
			defaultConfigurationName = Release;
		};
/* End XCConfigurationList section */

/* Begin XCRemoteSwiftPackageReference section */
		11A293E5CB1EDC0DF4832D2C /* XCRemoteSwiftPackageReference "SnapKit" */ = {
			isa = XCRemoteSwiftPackageReference;
			repositoryURL = "https://github.com/SnapKit/SnapKit.git";
			requirement = {
				kind = upToNextMajorVersion;
				minimumVersion = 5.0.1;
			};
		};
		11D24DC36F4A956516852473 /* XCRemoteSwiftPackageReference "Siren" */ = {
			isa = XCRemoteSwiftPackageReference;
			repositoryURL = "https://github.com/ArtSabintsev/Siren.git";
			requirement = {
				kind = upToNextMajorVersion;
				minimumVersion = 6.1.2;
			};
		};
		1F4F6DCEB5D971B1D4220B72 /* XCRemoteSwiftPackageReference "Moya" */ = {
			isa = XCRemoteSwiftPackageReference;
			repositoryURL = "https://github.com/Moya/Moya.git";
			requirement = {
				kind = upToNextMajorVersion;
				minimumVersion = 15.0.0;
			};
		};
		22615A22CBAE36C4E05A46D1 /* XCRemoteSwiftPackageReference "GAuthSignin-Swift" */ = {
			isa = XCRemoteSwiftPackageReference;
			repositoryURL = "https://github.com/GSM-MSG/GAuthSignin-Swift";
			requirement = {
				kind = upToNextMajorVersion;
				minimumVersion = 0.0.3;
			};
		};
		3A19482F0C32099983F713BE /* XCRemoteSwiftPackageReference "Kingfisher" */ = {
			isa = XCRemoteSwiftPackageReference;
			repositoryURL = "https://github.com/onevcat/Kingfisher.git";
			requirement = {
				kind = upToNextMajorVersion;
				minimumVersion = 7.0.0;
			};
		};
		3F44892F27F1A72C6B7EA2AD /* XCRemoteSwiftPackageReference "firebase-ios-sdk" */ = {
			isa = XCRemoteSwiftPackageReference;
			repositoryURL = "https://github.com/firebase/firebase-ios-sdk";
			requirement = {
				kind = upToNextMajorVersion;
				minimumVersion = 10.0.0;
			};
		};
		64CA448C5F3B7B9E14D639BE /* XCRemoteSwiftPackageReference "QRCode" */ = {
			isa = XCRemoteSwiftPackageReference;
			repositoryURL = "https://github.com/dmrschmidt/QRCode";
			requirement = {
				kind = upToNextMajorVersion;
				minimumVersion = 1.0.0;
			};
		};
		6E54C8325EBF75DC324828AD /* XCRemoteSwiftPackageReference "Then" */ = {
			isa = XCRemoteSwiftPackageReference;
			repositoryURL = "https://github.com/devxoul/Then";
			requirement = {
				kind = upToNextMajorVersion;
				minimumVersion = 2.0.0;
			};
		};
		90AFD2E25EE9EA6D3A7CC13E /* XCRemoteSwiftPackageReference "ReactorKit" */ = {
			isa = XCRemoteSwiftPackageReference;
			repositoryURL = "https://github.com/ReactorKit/ReactorKit.git";
			requirement = {
				kind = upToNextMajorVersion;
				minimumVersion = 3.0.0;
			};
		};
		A8867077F776A854984B5978 /* XCRemoteSwiftPackageReference "RxSwift" */ = {
			isa = XCRemoteSwiftPackageReference;
			repositoryURL = "https://github.com/ReactiveX/RxSwift.git";
			requirement = {
				kind = upToNextMajorVersion;
				minimumVersion = 6.6.0;
			};
		};
		BEBF9F1645C5AE67F1F0E723 /* XCRemoteSwiftPackageReference "QRScanner" */ = {
			isa = XCRemoteSwiftPackageReference;
			repositoryURL = "https://github.com/mercari/QRScanner.git";
			requirement = {
				kind = upToNextMajorVersion;
				minimumVersion = 1.9.0;
			};
		};
		FFD5B6D4081A35622195590E /* XCRemoteSwiftPackageReference "RxFlow" */ = {
			isa = XCRemoteSwiftPackageReference;
			repositoryURL = "https://github.com/RxSwiftCommunity/RxFlow.git";
			requirement = {
				kind = upToNextMajorVersion;
				minimumVersion = 2.10.0;
			};
		};
/* End XCRemoteSwiftPackageReference section */

/* Begin XCSwiftPackageProductDependency section */
		05539138342D52593CC4A0B0 /* Moya */ = {
			isa = XCSwiftPackageProductDependency;
			productName = Moya;
		};
		081F136A16B08657C2E5D58D /* RxSwift */ = {
			isa = XCSwiftPackageProductDependency;
			productName = RxSwift;
		};
		28027DF5225FC73445281A5F /* Siren */ = {
			isa = XCSwiftPackageProductDependency;
			productName = Siren;
		};
		3C88277923F2237A11F45C73 /* ReactorKit */ = {
			isa = XCSwiftPackageProductDependency;
			productName = ReactorKit;
		};
		4FE8C28B467C9CE652486900 /* QRScanner */ = {
			isa = XCSwiftPackageProductDependency;
			productName = QRScanner;
		};
		7D244E1453707818C962596D /* FirebaseAnalytics */ = {
			isa = XCSwiftPackageProductDependency;
			productName = FirebaseAnalytics;
		};
		98C1F1421CABED10E7FE1B75 /* Kingfisher */ = {
			isa = XCSwiftPackageProductDependency;
			productName = Kingfisher;
		};
		B5A5D4FDFFB3F435EF7F6B53 /* RxFlow */ = {
			isa = XCSwiftPackageProductDependency;
			productName = RxFlow;
		};
		BC6304B918F94843C21D40DF /* FirebaseMessaging */ = {
			isa = XCSwiftPackageProductDependency;
			productName = FirebaseMessaging;
		};
		BFE9D9C4C243D7D5A3A968EC /* RxCocoa */ = {
			isa = XCSwiftPackageProductDependency;
			productName = RxCocoa;
		};
		C7C08E545C8AAE050C536B30 /* SnapKit */ = {
			isa = XCSwiftPackageProductDependency;
			productName = SnapKit;
		};
		EB99EDF37B441D92FE5A82CA /* Then */ = {
			isa = XCSwiftPackageProductDependency;
			productName = Then;
		};
		F813DF204217A8A8FA083193 /* GAuthSignin */ = {
			isa = XCSwiftPackageProductDependency;
			productName = GAuthSignin;
		};
		FDDF27BAA27DB80FFA7E1BF2 /* QRCode */ = {
			isa = XCSwiftPackageProductDependency;
			productName = QRCode;
		};
/* End XCSwiftPackageProductDependency section */
	};
	rootObject = 681508A39904DC3090579ACB /* Project object */;
}
