// !$*UTF8*$!
{
	archiveVersion = 1;
	classes = {
	};
	objectVersion = 56;
	objects = {

/* Begin PBXBuildFile section */
		774D26B82A1DF048003666E8 /* EditAuthorityRequest.swift in Sources */ = {isa = PBXBuildFile; fileRef = 774D26B72A1DF048003666E8 /* EditAuthorityRequest.swift */; };
		774D26BA2A1DFFEB003666E8 /* IsBlackListRequset.swift in Sources */ = {isa = PBXBuildFile; fileRef = 774D26B92A1DFFEB003666E8 /* IsBlackListRequset.swift */; };
		7771E79B2A0CC48100649B63 /* StudentInfoViewModel.swift in Sources */ = {isa = PBXBuildFile; fileRef = 7771E79A2A0CC48100649B63 /* StudentInfoViewModel.swift */; };
		7771E79D2A0CC48E00649B63 /* StudentInfoViewController.swift in Sources */ = {isa = PBXBuildFile; fileRef = 7771E79C2A0CC48E00649B63 /* StudentInfoViewController.swift */; };
		7771E7A12A0CCB8600649B63 /* StudentInfoCell.swift in Sources */ = {isa = PBXBuildFile; fileRef = 7771E7A02A0CCB8600649B63 /* StudentInfoCell.swift */; };
		7771E7A32A0CE1AA00649B63 /* MakeQRCodeModel.swift in Sources */ = {isa = PBXBuildFile; fileRef = 7771E7A22A0CE1AA00649B63 /* MakeQRCodeModel.swift */; };
		7771E7A52A0CE35E00649B63 /* MakeQRCodeRequest.swift in Sources */ = {isa = PBXBuildFile; fileRef = 7771E7A42A0CE35E00649B63 /* MakeQRCodeRequest.swift */; };
		7771E7AA2A0CE46D00649B63 /* StudentCouncilServices.swift in Sources */ = {isa = PBXBuildFile; fileRef = 7771E7A92A0CE46D00649B63 /* StudentCouncilServices.swift */; };
		7771E7AC2A0D019400649B63 /* StudentInfoModel.swift in Sources */ = {isa = PBXBuildFile; fileRef = 7771E7AB2A0D019400649B63 /* StudentInfoModel.swift */; };
		7771E7AE2A0D029F00649B63 /* StudentInfoRequest.swift in Sources */ = {isa = PBXBuildFile; fileRef = 7771E7AD2A0D029F00649B63 /* StudentInfoRequest.swift */; };
		7771E7B42A14AEB500649B63 /* SearchModalViewController.swift in Sources */ = {isa = PBXBuildFile; fileRef = 7771E7B32A14AEB500649B63 /* SearchModalViewController.swift */; };
		7771E7B72A14AF2400649B63 /* SearchModalViewModel.swift in Sources */ = {isa = PBXBuildFile; fileRef = 7771E7B62A14AF2400649B63 /* SearchModalViewModel.swift */; };
		7771E7BA2A14BFCA00649B63 /* SearchModel.swift in Sources */ = {isa = PBXBuildFile; fileRef = 7771E7B92A14BFCA00649B63 /* SearchModel.swift */; };
		7771E7BC2A14C04E00649B63 /* SearchRequest.swift in Sources */ = {isa = PBXBuildFile; fileRef = 7771E7BB2A14C04E00649B63 /* SearchRequest.swift */; };
		7771E7BE2A15BE2200649B63 /* GOMSTextField.swift in Sources */ = {isa = PBXBuildFile; fileRef = 7771E7BD2A15BE2200649B63 /* GOMSTextField.swift */; };
		7771E7C62A1C567800649B63 /* EditUserModalViewController.swift in Sources */ = {isa = PBXBuildFile; fileRef = 7771E7C52A1C567800649B63 /* EditUserModalViewController.swift */; };
		7771E7C82A1C568500649B63 /* EditUserModalViewModel.swift in Sources */ = {isa = PBXBuildFile; fileRef = 7771E7C72A1C568500649B63 /* EditUserModalViewModel.swift */; };
		77F0739129ED29CF00EE1FC9 /* AppDelegate.swift in Sources */ = {isa = PBXBuildFile; fileRef = 77F0739029ED29CF00EE1FC9 /* AppDelegate.swift */; };
		77F0739329ED29CF00EE1FC9 /* SceneDelegate.swift in Sources */ = {isa = PBXBuildFile; fileRef = 77F0739229ED29CF00EE1FC9 /* SceneDelegate.swift */; };
		77F0739529ED29CF00EE1FC9 /* IntroViewController.swift in Sources */ = {isa = PBXBuildFile; fileRef = 77F0739429ED29CF00EE1FC9 /* IntroViewController.swift */; };
		77F0739A29ED29D000EE1FC9 /* Assets.xcassets in Resources */ = {isa = PBXBuildFile; fileRef = 77F0739929ED29D000EE1FC9 /* Assets.xcassets */; };
		77F0739D29ED29D000EE1FC9 /* LaunchScreen.storyboard in Resources */ = {isa = PBXBuildFile; fileRef = 77F0739B29ED29D000EE1FC9 /* LaunchScreen.storyboard */; };
		77F073A629ED377800EE1FC9 /* Then in Frameworks */ = {isa = PBXBuildFile; productRef = 77F073A529ED377800EE1FC9 /* Then */; };
		77F073AC29ED379400EE1FC9 /* SnapKit in Frameworks */ = {isa = PBXBuildFile; productRef = 77F073AB29ED379400EE1FC9 /* SnapKit */; };
		77F073B129ED37AB00EE1FC9 /* RxSwift in Frameworks */ = {isa = PBXBuildFile; productRef = 77F073B029ED37AB00EE1FC9 /* RxSwift */; };
		77F073B429ED37D600EE1FC9 /* RxFlow in Frameworks */ = {isa = PBXBuildFile; productRef = 77F073B329ED37D600EE1FC9 /* RxFlow */; };
		77F073B629ED37EB00EE1FC9 /* RxCocoa in Frameworks */ = {isa = PBXBuildFile; productRef = 77F073B529ED37EB00EE1FC9 /* RxCocoa */; };
		77F073C329ED898F00EE1FC9 /* BaseViewController.swift in Sources */ = {isa = PBXBuildFile; fileRef = 77F073C229ED898F00EE1FC9 /* BaseViewController.swift */; };
		77F073C629ED8A1600EE1FC9 /* GOMSColor.swift in Sources */ = {isa = PBXBuildFile; fileRef = 77F073C529ED8A1600EE1FC9 /* GOMSColor.swift */; };
		77F073C829ED8A5200EE1FC9 /* BaseViewModel.swift in Sources */ = {isa = PBXBuildFile; fileRef = 77F073C729ED8A5200EE1FC9 /* BaseViewModel.swift */; };
		77F073D029ED8E0B00EE1FC9 /* IntroViewModel.swift in Sources */ = {isa = PBXBuildFile; fileRef = 77F073CF29ED8E0B00EE1FC9 /* IntroViewModel.swift */; };
		77F073D329ED923700EE1FC9 /* GAuthSignin in Frameworks */ = {isa = PBXBuildFile; productRef = 77F073D229ED923700EE1FC9 /* GAuthSignin */; };
		77F073D629ED970200EE1FC9 /* GOMSStep.swift in Sources */ = {isa = PBXBuildFile; fileRef = 77F073D529ED970200EE1FC9 /* GOMSStep.swift */; };
		77F073D829ED9A6000EE1FC9 /* AppFlow.swift in Sources */ = {isa = PBXBuildFile; fileRef = 77F073D729ED9A6000EE1FC9 /* AppFlow.swift */; };
		77F073DC29ED9B0C00EE1FC9 /* AuthFlow.swift in Sources */ = {isa = PBXBuildFile; fileRef = 77F073DB29ED9B0C00EE1FC9 /* AuthFlow.swift */; };
		77F073E129EE172200EE1FC9 /* GOMSFont.swift in Sources */ = {isa = PBXBuildFile; fileRef = 77F073E029EE172200EE1FC9 /* GOMSFont.swift */; };
		77F073EA29EE1B0E00EE1FC9 /* SF-Pro-Text-Semibold.otf in Resources */ = {isa = PBXBuildFile; fileRef = 77F073E929EE1B0E00EE1FC9 /* SF-Pro-Text-Semibold.otf */; };
		77F073EC29EE1B1700EE1FC9 /* SF-Pro-Text-Regular.otf in Resources */ = {isa = PBXBuildFile; fileRef = 77F073EB29EE1B1600EE1FC9 /* SF-Pro-Text-Regular.otf */; };
		77F073EE29EE1B2100EE1FC9 /* SF-Pro-Text-Medium.otf in Resources */ = {isa = PBXBuildFile; fileRef = 77F073ED29EE1B2100EE1FC9 /* SF-Pro-Text-Medium.otf */; };
		77F073F029EE20A500EE1FC9 /* SF-Pro-Text-Bold.otf in Resources */ = {isa = PBXBuildFile; fileRef = 77F073EF29EE20A500EE1FC9 /* SF-Pro-Text-Bold.otf */; };
		77F073F829EE3D5900EE1FC9 /* HomeViewController.swift in Sources */ = {isa = PBXBuildFile; fileRef = 77F073F729EE3D5900EE1FC9 /* HomeViewController.swift */; };
		77F073FA29EE3D6300EE1FC9 /* HomeViewModel.swift in Sources */ = {isa = PBXBuildFile; fileRef = 77F073F929EE3D6300EE1FC9 /* HomeViewModel.swift */; };
		77F073FC29EE448500EE1FC9 /* UINavigationBar.swift in Sources */ = {isa = PBXBuildFile; fileRef = 77F073FB29EE448500EE1FC9 /* UINavigationBar.swift */; };
		77F0740329EE89F100EE1FC9 /* QRCodeModel.swift in Sources */ = {isa = PBXBuildFile; fileRef = 77F0740229EE89F100EE1FC9 /* QRCodeModel.swift */; };
		77F0740529EE8A0200EE1FC9 /* QRCodeViewController.swift in Sources */ = {isa = PBXBuildFile; fileRef = 77F0740429EE8A0200EE1FC9 /* QRCodeViewController.swift */; };
		77F0740A29EE8A7B00EE1FC9 /* OutingViewController.swift in Sources */ = {isa = PBXBuildFile; fileRef = 77F0740929EE8A7B00EE1FC9 /* OutingViewController.swift */; };
		77F0740C29EE8A8600EE1FC9 /* OutingViewModel.swift in Sources */ = {isa = PBXBuildFile; fileRef = 77F0740B29EE8A8600EE1FC9 /* OutingViewModel.swift */; };
		77F0741129EE8B1300EE1FC9 /* TabBarFlow.swift in Sources */ = {isa = PBXBuildFile; fileRef = 77F0741029EE8B1300EE1FC9 /* TabBarFlow.swift */; };
		77F0741329EE8B2400EE1FC9 /* HomeFlow.swift in Sources */ = {isa = PBXBuildFile; fileRef = 77F0741229EE8B2400EE1FC9 /* HomeFlow.swift */; };
		77F0741529EE8B2D00EE1FC9 /* QRCodeFlow.swift in Sources */ = {isa = PBXBuildFile; fileRef = 77F0741429EE8B2D00EE1FC9 /* QRCodeFlow.swift */; };
		77F0741729EE8B3400EE1FC9 /* OutingFlow.swift in Sources */ = {isa = PBXBuildFile; fileRef = 77F0741629EE8B3400EE1FC9 /* OutingFlow.swift */; };
		77F0741C29EE8B8A00EE1FC9 /* GOMSTabBar.swift in Sources */ = {isa = PBXBuildFile; fileRef = 77F0741B29EE8B8A00EE1FC9 /* GOMSTabBar.swift */; };
		77F0742029EEDFF800EE1FC9 /* GOMSShadow.swift in Sources */ = {isa = PBXBuildFile; fileRef = 77F0741F29EEDFF800EE1FC9 /* GOMSShadow.swift */; };
		77F0742529EF6D6500EE1FC9 /* HomeCollectionViewCell.swift in Sources */ = {isa = PBXBuildFile; fileRef = 77F0742429EF6D6500EE1FC9 /* HomeCollectionViewCell.swift */; };
		77F0742929F00A7D00EE1FC9 /* QRCodeReader in Frameworks */ = {isa = PBXBuildFile; productRef = 77F0742829F00A7D00EE1FC9 /* QRCodeReader */; };
		77F0743129F15ABF00EE1FC9 /* OutingTableViewCell.swift in Sources */ = {isa = PBXBuildFile; fileRef = 77F0743029F15ABF00EE1FC9 /* OutingTableViewCell.swift */; };
		77F0743B29F1A70700EE1FC9 /* ProfileViewController.swift in Sources */ = {isa = PBXBuildFile; fileRef = 77F0743A29F1A70700EE1FC9 /* ProfileViewController.swift */; };
		77F0743D29F1A71300EE1FC9 /* ProfileViewModel.swift in Sources */ = {isa = PBXBuildFile; fileRef = 77F0743C29F1A71300EE1FC9 /* ProfileViewModel.swift */; };
		77F0744329F2176E00EE1FC9 /* ProfileTableViewCell.swift in Sources */ = {isa = PBXBuildFile; fileRef = 77F0744229F2176E00EE1FC9 /* ProfileTableViewCell.swift */; };
		77F0744929F7B08B00EE1FC9 /* Bundle.swift in Sources */ = {isa = PBXBuildFile; fileRef = 77F0744829F7B08B00EE1FC9 /* Bundle.swift */; };
		77F0744D29F7B2AC00EE1FC9 /* SignInModel.swift in Sources */ = {isa = PBXBuildFile; fileRef = 77F0744C29F7B2AC00EE1FC9 /* SignInModel.swift */; };
		77F0745129F7B3FD00EE1FC9 /* SignInRequest.swift in Sources */ = {isa = PBXBuildFile; fileRef = 77F0745029F7B3FD00EE1FC9 /* SignInRequest.swift */; };
		77F0745429F7B55600EE1FC9 /* AuthServices.swift in Sources */ = {isa = PBXBuildFile; fileRef = 77F0745329F7B55600EE1FC9 /* AuthServices.swift */; };
		77F0745829F7B59900EE1FC9 /* BaseURL.swift in Sources */ = {isa = PBXBuildFile; fileRef = 77F0745729F7B59900EE1FC9 /* BaseURL.swift */; };
		77F0745B29F7BC7600EE1FC9 /* Moya in Frameworks */ = {isa = PBXBuildFile; productRef = 77F0745A29F7BC7600EE1FC9 /* Moya */; };
		77F0745F29FA67E800EE1FC9 /* AccountModel.swift in Sources */ = {isa = PBXBuildFile; fileRef = 77F0745E29FA67E800EE1FC9 /* AccountModel.swift */; };
		77F0746429FA6FAE00EE1FC9 /* AccountRequest.swift in Sources */ = {isa = PBXBuildFile; fileRef = 77F0746329FA6FAE00EE1FC9 /* AccountRequest.swift */; };
		77F0746829FA720700EE1FC9 /* AccountServices.swift in Sources */ = {isa = PBXBuildFile; fileRef = 77F0746729FA720600EE1FC9 /* AccountServices.swift */; };
		77F0746E29FABD1400EE1FC9 /* OutingRequest.swift in Sources */ = {isa = PBXBuildFile; fileRef = 77F0746D29FABD1400EE1FC9 /* OutingRequest.swift */; };
		77F0747129FABD7500EE1FC9 /* OutingServices.swift in Sources */ = {isa = PBXBuildFile; fileRef = 77F0747029FABD7500EE1FC9 /* OutingServices.swift */; };
		77F0747329FAC13100EE1FC9 /* OutingListModel.swift in Sources */ = {isa = PBXBuildFile; fileRef = 77F0747229FAC13100EE1FC9 /* OutingListModel.swift */; };
		77F0747529FAC2CF00EE1FC9 /* OutingListRequest.swift in Sources */ = {isa = PBXBuildFile; fileRef = 77F0747429FAC2CF00EE1FC9 /* OutingListRequest.swift */; };
		77F0747729FAC51F00EE1FC9 /* OutingCountModel.swift in Sources */ = {isa = PBXBuildFile; fileRef = 77F0747629FAC51F00EE1FC9 /* OutingCountModel.swift */; };
		77F0747929FAC55B00EE1FC9 /* OutingCountRequest.swift in Sources */ = {isa = PBXBuildFile; fileRef = 77F0747829FAC55B00EE1FC9 /* OutingCountRequest.swift */; };
		77F0747F29FB4AA300EE1FC9 /* LateRankModel.swift in Sources */ = {isa = PBXBuildFile; fileRef = 77F0747E29FB4AA300EE1FC9 /* LateRankModel.swift */; };
		77F0748129FB4ADC00EE1FC9 /* LateRankRequest.swift in Sources */ = {isa = PBXBuildFile; fileRef = 77F0748029FB4ADC00EE1FC9 /* LateRankRequest.swift */; };
		77F0748329FB536100EE1FC9 /* LateServices.swift in Sources */ = {isa = PBXBuildFile; fileRef = 77F0748229FB536100EE1FC9 /* LateServices.swift */; };
		77F0748629FB625E00EE1FC9 /* RefreshTokenModel.swift in Sources */ = {isa = PBXBuildFile; fileRef = 77F0748529FB625E00EE1FC9 /* RefreshTokenModel.swift */; };
		77F0748929FB62C600EE1FC9 /* RefreshTokenRequest.swift in Sources */ = {isa = PBXBuildFile; fileRef = 77F0748829FB62C600EE1FC9 /* RefreshTokenRequest.swift */; };
		77F0748D2A0122C900EE1FC9 /* GOMSToken.swift in Sources */ = {isa = PBXBuildFile; fileRef = 77F0748C2A0122C900EE1FC9 /* GOMSToken.swift */; };
		77F074912A01761D00EE1FC9 /* GOMSRefreshToken.swift in Sources */ = {isa = PBXBuildFile; fileRef = 77F074902A01761D00EE1FC9 /* GOMSRefreshToken.swift */; };
		77F074942A03302100EE1FC9 /* Kingfisher in Frameworks */ = {isa = PBXBuildFile; productRef = 77F074932A03302100EE1FC9 /* Kingfisher */; };
		77F074992A0C965800EE1FC9 /* QRCode in Frameworks */ = {isa = PBXBuildFile; productRef = 77F074982A0C965800EE1FC9 /* QRCode */; };
		77F0749B2A0CACBC00EE1FC9 /* GOMSQrCode.swift in Sources */ = {isa = PBXBuildFile; fileRef = 77F0749A2A0CACBC00EE1FC9 /* GOMSQrCode.swift */; };
/* End PBXBuildFile section */

/* Begin PBXFileReference section */
		774D26B72A1DF048003666E8 /* EditAuthorityRequest.swift */ = {isa = PBXFileReference; lastKnownFileType = sourcecode.swift; path = EditAuthorityRequest.swift; sourceTree = "<group>"; };
		774D26B92A1DFFEB003666E8 /* IsBlackListRequset.swift */ = {isa = PBXFileReference; lastKnownFileType = sourcecode.swift; path = IsBlackListRequset.swift; sourceTree = "<group>"; };
		7771E79A2A0CC48100649B63 /* StudentInfoViewModel.swift */ = {isa = PBXFileReference; lastKnownFileType = sourcecode.swift; path = StudentInfoViewModel.swift; sourceTree = "<group>"; };
		7771E79C2A0CC48E00649B63 /* StudentInfoViewController.swift */ = {isa = PBXFileReference; lastKnownFileType = sourcecode.swift; path = StudentInfoViewController.swift; sourceTree = "<group>"; };
		7771E7A02A0CCB8600649B63 /* StudentInfoCell.swift */ = {isa = PBXFileReference; lastKnownFileType = sourcecode.swift; path = StudentInfoCell.swift; sourceTree = "<group>"; };
		7771E7A22A0CE1AA00649B63 /* MakeQRCodeModel.swift */ = {isa = PBXFileReference; lastKnownFileType = sourcecode.swift; path = MakeQRCodeModel.swift; sourceTree = "<group>"; };
		7771E7A42A0CE35E00649B63 /* MakeQRCodeRequest.swift */ = {isa = PBXFileReference; lastKnownFileType = sourcecode.swift; path = MakeQRCodeRequest.swift; sourceTree = "<group>"; };
		7771E7A92A0CE46D00649B63 /* StudentCouncilServices.swift */ = {isa = PBXFileReference; lastKnownFileType = sourcecode.swift; path = StudentCouncilServices.swift; sourceTree = "<group>"; };
		7771E7AB2A0D019400649B63 /* StudentInfoModel.swift */ = {isa = PBXFileReference; lastKnownFileType = sourcecode.swift; path = StudentInfoModel.swift; sourceTree = "<group>"; };
		7771E7AD2A0D029F00649B63 /* StudentInfoRequest.swift */ = {isa = PBXFileReference; lastKnownFileType = sourcecode.swift; path = StudentInfoRequest.swift; sourceTree = "<group>"; };
		7771E7B32A14AEB500649B63 /* SearchModalViewController.swift */ = {isa = PBXFileReference; lastKnownFileType = sourcecode.swift; path = SearchModalViewController.swift; sourceTree = "<group>"; };
		7771E7B62A14AF2400649B63 /* SearchModalViewModel.swift */ = {isa = PBXFileReference; lastKnownFileType = sourcecode.swift; path = SearchModalViewModel.swift; sourceTree = "<group>"; };
		7771E7B92A14BFCA00649B63 /* SearchModel.swift */ = {isa = PBXFileReference; lastKnownFileType = sourcecode.swift; path = SearchModel.swift; sourceTree = "<group>"; };
		7771E7BB2A14C04E00649B63 /* SearchRequest.swift */ = {isa = PBXFileReference; lastKnownFileType = sourcecode.swift; path = SearchRequest.swift; sourceTree = "<group>"; };
		7771E7BD2A15BE2200649B63 /* GOMSTextField.swift */ = {isa = PBXFileReference; lastKnownFileType = sourcecode.swift; path = GOMSTextField.swift; sourceTree = "<group>"; };
		7771E7C52A1C567800649B63 /* EditUserModalViewController.swift */ = {isa = PBXFileReference; lastKnownFileType = sourcecode.swift; path = EditUserModalViewController.swift; sourceTree = "<group>"; };
		7771E7C72A1C568500649B63 /* EditUserModalViewModel.swift */ = {isa = PBXFileReference; lastKnownFileType = sourcecode.swift; path = EditUserModalViewModel.swift; sourceTree = "<group>"; };
		77F0739029ED29CF00EE1FC9 /* AppDelegate.swift */ = {isa = PBXFileReference; lastKnownFileType = sourcecode.swift; path = AppDelegate.swift; sourceTree = "<group>"; };
		77F0739229ED29CF00EE1FC9 /* SceneDelegate.swift */ = {isa = PBXFileReference; lastKnownFileType = sourcecode.swift; path = SceneDelegate.swift; sourceTree = "<group>"; };
		77F0739429ED29CF00EE1FC9 /* IntroViewController.swift */ = {isa = PBXFileReference; lastKnownFileType = sourcecode.swift; path = IntroViewController.swift; sourceTree = "<group>"; };
		77F0739929ED29D000EE1FC9 /* Assets.xcassets */ = {isa = PBXFileReference; lastKnownFileType = folder.assetcatalog; path = Assets.xcassets; sourceTree = "<group>"; };
		77F0739C29ED29D000EE1FC9 /* Base */ = {isa = PBXFileReference; lastKnownFileType = file.storyboard; name = Base; path = Base.lproj/LaunchScreen.storyboard; sourceTree = "<group>"; };
		77F0739E29ED29D000EE1FC9 /* Info.plist */ = {isa = PBXFileReference; lastKnownFileType = text.plist.xml; path = Info.plist; sourceTree = "<group>"; };
		77F073C229ED898F00EE1FC9 /* BaseViewController.swift */ = {isa = PBXFileReference; lastKnownFileType = sourcecode.swift; path = BaseViewController.swift; sourceTree = "<group>"; };
		77F073C529ED8A1600EE1FC9 /* GOMSColor.swift */ = {isa = PBXFileReference; lastKnownFileType = sourcecode.swift; path = GOMSColor.swift; sourceTree = "<group>"; };
		77F073C729ED8A5200EE1FC9 /* BaseViewModel.swift */ = {isa = PBXFileReference; lastKnownFileType = sourcecode.swift; path = BaseViewModel.swift; sourceTree = "<group>"; };
		77F073CF29ED8E0B00EE1FC9 /* IntroViewModel.swift */ = {isa = PBXFileReference; lastKnownFileType = sourcecode.swift; path = IntroViewModel.swift; sourceTree = "<group>"; };
		77F073D529ED970200EE1FC9 /* GOMSStep.swift */ = {isa = PBXFileReference; lastKnownFileType = sourcecode.swift; path = GOMSStep.swift; sourceTree = "<group>"; };
		77F073D729ED9A6000EE1FC9 /* AppFlow.swift */ = {isa = PBXFileReference; lastKnownFileType = sourcecode.swift; path = AppFlow.swift; sourceTree = "<group>"; };
		77F073DB29ED9B0C00EE1FC9 /* AuthFlow.swift */ = {isa = PBXFileReference; lastKnownFileType = sourcecode.swift; path = AuthFlow.swift; sourceTree = "<group>"; };
		77F073E029EE172200EE1FC9 /* GOMSFont.swift */ = {isa = PBXFileReference; lastKnownFileType = sourcecode.swift; path = GOMSFont.swift; sourceTree = "<group>"; };
		77F073E929EE1B0E00EE1FC9 /* SF-Pro-Text-Semibold.otf */ = {isa = PBXFileReference; lastKnownFileType = file; name = "SF-Pro-Text-Semibold.otf"; path = "../../../../../../Downloads/SF Pro Text/SF-Pro-Text-Semibold.otf"; sourceTree = "<group>"; };
		77F073EB29EE1B1600EE1FC9 /* SF-Pro-Text-Regular.otf */ = {isa = PBXFileReference; lastKnownFileType = file; name = "SF-Pro-Text-Regular.otf"; path = "../../../../../../Downloads/SF Pro Text/SF-Pro-Text-Regular.otf"; sourceTree = "<group>"; };
		77F073ED29EE1B2100EE1FC9 /* SF-Pro-Text-Medium.otf */ = {isa = PBXFileReference; lastKnownFileType = file; name = "SF-Pro-Text-Medium.otf"; path = "../../../../../../Downloads/SF Pro Text/SF-Pro-Text-Medium.otf"; sourceTree = "<group>"; };
		77F073EF29EE20A500EE1FC9 /* SF-Pro-Text-Bold.otf */ = {isa = PBXFileReference; lastKnownFileType = file; name = "SF-Pro-Text-Bold.otf"; path = "../../../../../../Downloads/SF Pro Text/SF-Pro-Text-Bold.otf"; sourceTree = "<group>"; };
		77F073F729EE3D5900EE1FC9 /* HomeViewController.swift */ = {isa = PBXFileReference; lastKnownFileType = sourcecode.swift; path = HomeViewController.swift; sourceTree = "<group>"; };
		77F073F929EE3D6300EE1FC9 /* HomeViewModel.swift */ = {isa = PBXFileReference; lastKnownFileType = sourcecode.swift; path = HomeViewModel.swift; sourceTree = "<group>"; };
		77F073FB29EE448500EE1FC9 /* UINavigationBar.swift */ = {isa = PBXFileReference; lastKnownFileType = sourcecode.swift; path = UINavigationBar.swift; sourceTree = "<group>"; };
		77F0740229EE89F100EE1FC9 /* QRCodeModel.swift */ = {isa = PBXFileReference; lastKnownFileType = sourcecode.swift; path = QRCodeModel.swift; sourceTree = "<group>"; };
		77F0740429EE8A0200EE1FC9 /* QRCodeViewController.swift */ = {isa = PBXFileReference; lastKnownFileType = sourcecode.swift; path = QRCodeViewController.swift; sourceTree = "<group>"; };
		77F0740929EE8A7B00EE1FC9 /* OutingViewController.swift */ = {isa = PBXFileReference; lastKnownFileType = sourcecode.swift; path = OutingViewController.swift; sourceTree = "<group>"; };
		77F0740B29EE8A8600EE1FC9 /* OutingViewModel.swift */ = {isa = PBXFileReference; lastKnownFileType = sourcecode.swift; path = OutingViewModel.swift; sourceTree = "<group>"; };
		77F0741029EE8B1300EE1FC9 /* TabBarFlow.swift */ = {isa = PBXFileReference; lastKnownFileType = sourcecode.swift; path = TabBarFlow.swift; sourceTree = "<group>"; };
		77F0741229EE8B2400EE1FC9 /* HomeFlow.swift */ = {isa = PBXFileReference; lastKnownFileType = sourcecode.swift; path = HomeFlow.swift; sourceTree = "<group>"; };
		77F0741429EE8B2D00EE1FC9 /* QRCodeFlow.swift */ = {isa = PBXFileReference; lastKnownFileType = sourcecode.swift; path = QRCodeFlow.swift; sourceTree = "<group>"; };
		77F0741629EE8B3400EE1FC9 /* OutingFlow.swift */ = {isa = PBXFileReference; lastKnownFileType = sourcecode.swift; path = OutingFlow.swift; sourceTree = "<group>"; };
		77F0741B29EE8B8A00EE1FC9 /* GOMSTabBar.swift */ = {isa = PBXFileReference; lastKnownFileType = sourcecode.swift; path = GOMSTabBar.swift; sourceTree = "<group>"; };
		77F0741E29EE949B00EE1FC9 /* GOMS-iOS.app */ = {isa = PBXFileReference; explicitFileType = wrapper.application; includeInIndex = 0; path = "GOMS-iOS.app"; sourceTree = BUILT_PRODUCTS_DIR; };
		77F0741F29EEDFF800EE1FC9 /* GOMSShadow.swift */ = {isa = PBXFileReference; lastKnownFileType = sourcecode.swift; path = GOMSShadow.swift; sourceTree = "<group>"; };
		77F0742429EF6D6500EE1FC9 /* HomeCollectionViewCell.swift */ = {isa = PBXFileReference; lastKnownFileType = sourcecode.swift; path = HomeCollectionViewCell.swift; sourceTree = "<group>"; };
		77F0743029F15ABF00EE1FC9 /* OutingTableViewCell.swift */ = {isa = PBXFileReference; lastKnownFileType = sourcecode.swift; path = OutingTableViewCell.swift; sourceTree = "<group>"; };
		77F0743A29F1A70700EE1FC9 /* ProfileViewController.swift */ = {isa = PBXFileReference; lastKnownFileType = sourcecode.swift; path = ProfileViewController.swift; sourceTree = "<group>"; };
		77F0743C29F1A71300EE1FC9 /* ProfileViewModel.swift */ = {isa = PBXFileReference; lastKnownFileType = sourcecode.swift; path = ProfileViewModel.swift; sourceTree = "<group>"; };
		77F0744229F2176E00EE1FC9 /* ProfileTableViewCell.swift */ = {isa = PBXFileReference; lastKnownFileType = sourcecode.swift; path = ProfileTableViewCell.swift; sourceTree = "<group>"; };
		77F0744829F7B08B00EE1FC9 /* Bundle.swift */ = {isa = PBXFileReference; lastKnownFileType = sourcecode.swift; path = Bundle.swift; sourceTree = "<group>"; };
		77F0744C29F7B2AC00EE1FC9 /* SignInModel.swift */ = {isa = PBXFileReference; lastKnownFileType = sourcecode.swift; path = SignInModel.swift; sourceTree = "<group>"; };
		77F0745029F7B3FD00EE1FC9 /* SignInRequest.swift */ = {isa = PBXFileReference; lastKnownFileType = sourcecode.swift; path = SignInRequest.swift; sourceTree = "<group>"; };
		77F0745329F7B55600EE1FC9 /* AuthServices.swift */ = {isa = PBXFileReference; lastKnownFileType = sourcecode.swift; path = AuthServices.swift; sourceTree = "<group>"; };
		77F0745729F7B59900EE1FC9 /* BaseURL.swift */ = {isa = PBXFileReference; lastKnownFileType = sourcecode.swift; path = BaseURL.swift; sourceTree = "<group>"; };
		77F0745E29FA67E800EE1FC9 /* AccountModel.swift */ = {isa = PBXFileReference; lastKnownFileType = sourcecode.swift; path = AccountModel.swift; sourceTree = "<group>"; };
		77F0746329FA6FAE00EE1FC9 /* AccountRequest.swift */ = {isa = PBXFileReference; lastKnownFileType = sourcecode.swift; path = AccountRequest.swift; sourceTree = "<group>"; };
		77F0746729FA720600EE1FC9 /* AccountServices.swift */ = {isa = PBXFileReference; lastKnownFileType = sourcecode.swift; path = AccountServices.swift; sourceTree = "<group>"; };
		77F0746D29FABD1400EE1FC9 /* OutingRequest.swift */ = {isa = PBXFileReference; lastKnownFileType = sourcecode.swift; path = OutingRequest.swift; sourceTree = "<group>"; };
		77F0747029FABD7500EE1FC9 /* OutingServices.swift */ = {isa = PBXFileReference; lastKnownFileType = sourcecode.swift; path = OutingServices.swift; sourceTree = "<group>"; };
		77F0747229FAC13100EE1FC9 /* OutingListModel.swift */ = {isa = PBXFileReference; lastKnownFileType = sourcecode.swift; path = OutingListModel.swift; sourceTree = "<group>"; };
		77F0747429FAC2CF00EE1FC9 /* OutingListRequest.swift */ = {isa = PBXFileReference; lastKnownFileType = sourcecode.swift; path = OutingListRequest.swift; sourceTree = "<group>"; };
		77F0747629FAC51F00EE1FC9 /* OutingCountModel.swift */ = {isa = PBXFileReference; lastKnownFileType = sourcecode.swift; path = OutingCountModel.swift; sourceTree = "<group>"; };
		77F0747829FAC55B00EE1FC9 /* OutingCountRequest.swift */ = {isa = PBXFileReference; lastKnownFileType = sourcecode.swift; path = OutingCountRequest.swift; sourceTree = "<group>"; };
		77F0747E29FB4AA300EE1FC9 /* LateRankModel.swift */ = {isa = PBXFileReference; lastKnownFileType = sourcecode.swift; path = LateRankModel.swift; sourceTree = "<group>"; };
		77F0748029FB4ADC00EE1FC9 /* LateRankRequest.swift */ = {isa = PBXFileReference; lastKnownFileType = sourcecode.swift; path = LateRankRequest.swift; sourceTree = "<group>"; };
		77F0748229FB536100EE1FC9 /* LateServices.swift */ = {isa = PBXFileReference; lastKnownFileType = sourcecode.swift; path = LateServices.swift; sourceTree = "<group>"; };
		77F0748529FB625E00EE1FC9 /* RefreshTokenModel.swift */ = {isa = PBXFileReference; lastKnownFileType = sourcecode.swift; path = RefreshTokenModel.swift; sourceTree = "<group>"; };
		77F0748829FB62C600EE1FC9 /* RefreshTokenRequest.swift */ = {isa = PBXFileReference; lastKnownFileType = sourcecode.swift; path = RefreshTokenRequest.swift; sourceTree = "<group>"; };
		77F0748C2A0122C900EE1FC9 /* GOMSToken.swift */ = {isa = PBXFileReference; lastKnownFileType = sourcecode.swift; path = GOMSToken.swift; sourceTree = "<group>"; };
		77F074902A01761D00EE1FC9 /* GOMSRefreshToken.swift */ = {isa = PBXFileReference; lastKnownFileType = sourcecode.swift; path = GOMSRefreshToken.swift; sourceTree = "<group>"; };
		77F0749A2A0CACBC00EE1FC9 /* GOMSQrCode.swift */ = {isa = PBXFileReference; lastKnownFileType = sourcecode.swift; path = GOMSQrCode.swift; sourceTree = "<group>"; };
/* End PBXFileReference section */

/* Begin PBXFrameworksBuildPhase section */
		77F0738A29ED29CF00EE1FC9 /* Frameworks */ = {
			isa = PBXFrameworksBuildPhase;
			buildActionMask = 2147483647;
			files = (
				77F074992A0C965800EE1FC9 /* QRCode in Frameworks */,
				77F073B429ED37D600EE1FC9 /* RxFlow in Frameworks */,
				77F073AC29ED379400EE1FC9 /* SnapKit in Frameworks */,
				77F0745B29F7BC7600EE1FC9 /* Moya in Frameworks */,
				77F074942A03302100EE1FC9 /* Kingfisher in Frameworks */,
				77F073D329ED923700EE1FC9 /* GAuthSignin in Frameworks */,
				77F073B629ED37EB00EE1FC9 /* RxCocoa in Frameworks */,
				77F073B129ED37AB00EE1FC9 /* RxSwift in Frameworks */,
				77F0742929F00A7D00EE1FC9 /* QRCodeReader in Frameworks */,
				77F073A629ED377800EE1FC9 /* Then in Frameworks */,
			);
			runOnlyForDeploymentPostprocessing = 0;
		};
/* End PBXFrameworksBuildPhase section */

/* Begin PBXGroup section */
		7771E7962A0CC3ED00649B63 /* StudentInfo */ = {
			isa = PBXGroup;
			children = (
				7771E79F2A0CCB7900649B63 /* Cell */,
				7771E7982A0CC41400649B63 /* ViewModel */,
				7771E7972A0CC40C00649B63 /* View */,
			);
			path = StudentInfo;
			sourceTree = "<group>";
		};
		7771E7972A0CC40C00649B63 /* View */ = {
			isa = PBXGroup;
			children = (
				7771E79C2A0CC48E00649B63 /* StudentInfoViewController.swift */,
			);
			path = View;
			sourceTree = "<group>";
		};
		7771E7982A0CC41400649B63 /* ViewModel */ = {
			isa = PBXGroup;
			children = (
				7771E79A2A0CC48100649B63 /* StudentInfoViewModel.swift */,
			);
			path = ViewModel;
			sourceTree = "<group>";
		};
		7771E79F2A0CCB7900649B63 /* Cell */ = {
			isa = PBXGroup;
			children = (
				7771E7A02A0CCB8600649B63 /* StudentInfoCell.swift */,
			);
			path = Cell;
			sourceTree = "<group>";
		};
		7771E7A62A0CE41E00649B63 /* StudentCouncil */ = {
			isa = PBXGroup;
			children = (
				7771E7A22A0CE1AA00649B63 /* MakeQRCodeModel.swift */,
				7771E7AB2A0D019400649B63 /* StudentInfoModel.swift */,
				7771E7B92A14BFCA00649B63 /* SearchModel.swift */,
			);
			path = StudentCouncil;
			sourceTree = "<group>";
		};
		7771E7A72A0CE43900649B63 /* StudentCouncil */ = {
			isa = PBXGroup;
			children = (
				7771E7A42A0CE35E00649B63 /* MakeQRCodeRequest.swift */,
				7771E7AD2A0D029F00649B63 /* StudentInfoRequest.swift */,
				7771E7BB2A14C04E00649B63 /* SearchRequest.swift */,
				774D26B72A1DF048003666E8 /* EditAuthorityRequest.swift */,
				774D26B92A1DFFEB003666E8 /* IsBlackListRequset.swift */,
			);
			path = StudentCouncil;
			sourceTree = "<group>";
		};
		7771E7A82A0CE44700649B63 /* StudentCouncil */ = {
			isa = PBXGroup;
			children = (
				7771E7A92A0CE46D00649B63 /* StudentCouncilServices.swift */,
			);
			path = StudentCouncil;
			sourceTree = "<group>";
		};
		7771E7B12A14AE5900649B63 /* SearchModal */ = {
			isa = PBXGroup;
			children = (
				7771E7B52A14AF0700649B63 /* ViewModel */,
				7771E7B22A14AE9200649B63 /* View */,
			);
			path = SearchModal;
			sourceTree = "<group>";
		};
		7771E7B22A14AE9200649B63 /* View */ = {
			isa = PBXGroup;
			children = (
				7771E7B32A14AEB500649B63 /* SearchModalViewController.swift */,
			);
			path = View;
			sourceTree = "<group>";
		};
		7771E7B52A14AF0700649B63 /* ViewModel */ = {
			isa = PBXGroup;
			children = (
				7771E7B62A14AF2400649B63 /* SearchModalViewModel.swift */,
			);
			path = ViewModel;
			sourceTree = "<group>";
		};
		7771E7C22A1C563300649B63 /* EditUserModal */ = {
			isa = PBXGroup;
			children = (
				7771E7C42A1C565400649B63 /* ViewModel */,
				7771E7C32A1C564100649B63 /* View */,
			);
			path = EditUserModal;
			sourceTree = "<group>";
		};
		7771E7C32A1C564100649B63 /* View */ = {
			isa = PBXGroup;
			children = (
				7771E7C52A1C567800649B63 /* EditUserModalViewController.swift */,
			);
			path = View;
			sourceTree = "<group>";
		};
		7771E7C42A1C565400649B63 /* ViewModel */ = {
			isa = PBXGroup;
			children = (
				7771E7C72A1C568500649B63 /* EditUserModalViewModel.swift */,
			);
			path = ViewModel;
			sourceTree = "<group>";
		};
		77F0738429ED29CF00EE1FC9 = {
			isa = PBXGroup;
			children = (
				77F0738F29ED29CF00EE1FC9 /* GOMS-iOS */,
				77F073B229ED37D600EE1FC9 /* Frameworks */,
				77F0741E29EE949B00EE1FC9 /* GOMS-iOS.app */,
			);
			sourceTree = "<group>";
		};
		77F0738F29ED29CF00EE1FC9 /* GOMS-iOS */ = {
			isa = PBXGroup;
			children = (
				77F073BD29ED67A400EE1FC9 /* DesignSystem */,
				77F073BC29ED678900EE1FC9 /* Resources */,
				77F073B729ED675100EE1FC9 /* Sources */,
				77F0739E29ED29D000EE1FC9 /* Info.plist */,
			);
			path = "GOMS-iOS";
			sourceTree = "<group>";
		};
		77F073B229ED37D600EE1FC9 /* Frameworks */ = {
			isa = PBXGroup;
			children = (
			);
			name = Frameworks;
			sourceTree = "<group>";
		};
		77F073B729ED675100EE1FC9 /* Sources */ = {
			isa = PBXGroup;
			children = (
				77F073BB29ED677B00EE1FC9 /* Application */,
				77F073B929ED676D00EE1FC9 /* Data */,
				77F073B829ED676000EE1FC9 /* Presentation */,
			);
			path = Sources;
			sourceTree = "<group>";
		};
		77F073B829ED676000EE1FC9 /* Presentation */ = {
			isa = PBXGroup;
			children = (
				77F0741829EE8B5800EE1FC9 /* TabBar */,
				77F073F329EE3D3200EE1FC9 /* Main */,
				77F073C129ED893100EE1FC9 /* Base */,
				77F073BF29ED67E200EE1FC9 /* Auth */,
			);
			path = Presentation;
			sourceTree = "<group>";
		};
		77F073B929ED676D00EE1FC9 /* Data */ = {
			isa = PBXGroup;
			children = (
				77F0745529F7B58600EE1FC9 /* General */,
				77F0744629F7A4C500EE1FC9 /* Model */,
				77F0744729F7A4CB00EE1FC9 /* Request */,
				77F0744529F7A4B200EE1FC9 /* Services */,
			);
			path = Data;
			sourceTree = "<group>";
		};
		77F073BB29ED677B00EE1FC9 /* Application */ = {
			isa = PBXGroup;
			children = (
				77F073BE29ED67C000EE1FC9 /* Flow */,
			);
			path = Application;
			sourceTree = "<group>";
		};
		77F073BC29ED678900EE1FC9 /* Resources */ = {
			isa = PBXGroup;
			children = (
				77F073DF29EE170A00EE1FC9 /* Font */,
				77F073C429ED8A0800EE1FC9 /* Extension */,
				77F0739929ED29D000EE1FC9 /* Assets.xcassets */,
				77F0739B29ED29D000EE1FC9 /* LaunchScreen.storyboard */,
			);
			path = Resources;
			sourceTree = "<group>";
		};
		77F073BD29ED67A400EE1FC9 /* DesignSystem */ = {
			isa = PBXGroup;
			children = (
			);
			path = DesignSystem;
			sourceTree = "<group>";
		};
		77F073BE29ED67C000EE1FC9 /* Flow */ = {
			isa = PBXGroup;
			children = (
				77F0739029ED29CF00EE1FC9 /* AppDelegate.swift */,
				77F0739229ED29CF00EE1FC9 /* SceneDelegate.swift */,
				77F073D729ED9A6000EE1FC9 /* AppFlow.swift */,
				77F073D429ED96EE00EE1FC9 /* Step */,
				77F073D929ED9AE900EE1FC9 /* Flows */,
			);
			path = Flow;
			sourceTree = "<group>";
		};
		77F073BF29ED67E200EE1FC9 /* Auth */ = {
			isa = PBXGroup;
			children = (
				77F073C029ED67E600EE1FC9 /* Intro */,
			);
			path = Auth;
			sourceTree = "<group>";
		};
		77F073C029ED67E600EE1FC9 /* Intro */ = {
			isa = PBXGroup;
			children = (
				77F073CA29ED8B9100EE1FC9 /* ViewModel */,
				77F073C929ED8B8B00EE1FC9 /* View */,
			);
			path = Intro;
			sourceTree = "<group>";
		};
		77F073C129ED893100EE1FC9 /* Base */ = {
			isa = PBXGroup;
			children = (
				77F073C229ED898F00EE1FC9 /* BaseViewController.swift */,
				77F073C729ED8A5200EE1FC9 /* BaseViewModel.swift */,
			);
			path = Base;
			sourceTree = "<group>";
		};
		77F073C429ED8A0800EE1FC9 /* Extension */ = {
			isa = PBXGroup;
			children = (
				77F073C529ED8A1600EE1FC9 /* GOMSColor.swift */,
				77F073E029EE172200EE1FC9 /* GOMSFont.swift */,
				77F073FB29EE448500EE1FC9 /* UINavigationBar.swift */,
				77F0741F29EEDFF800EE1FC9 /* GOMSShadow.swift */,
				77F0744829F7B08B00EE1FC9 /* Bundle.swift */,
				77F0748C2A0122C900EE1FC9 /* GOMSToken.swift */,
				77F074902A01761D00EE1FC9 /* GOMSRefreshToken.swift */,
				77F0749A2A0CACBC00EE1FC9 /* GOMSQrCode.swift */,
				7771E7BD2A15BE2200649B63 /* GOMSTextField.swift */,
			);
			path = Extension;
			sourceTree = "<group>";
		};
		77F073C929ED8B8B00EE1FC9 /* View */ = {
			isa = PBXGroup;
			children = (
				77F0739429ED29CF00EE1FC9 /* IntroViewController.swift */,
			);
			path = View;
			sourceTree = "<group>";
		};
		77F073CA29ED8B9100EE1FC9 /* ViewModel */ = {
			isa = PBXGroup;
			children = (
				77F073CF29ED8E0B00EE1FC9 /* IntroViewModel.swift */,
			);
			path = ViewModel;
			sourceTree = "<group>";
		};
		77F073D429ED96EE00EE1FC9 /* Step */ = {
			isa = PBXGroup;
			children = (
				77F073D529ED970200EE1FC9 /* GOMSStep.swift */,
			);
			path = Step;
			sourceTree = "<group>";
		};
		77F073D929ED9AE900EE1FC9 /* Flows */ = {
			isa = PBXGroup;
			children = (
				77F0740D29EE8AF100EE1FC9 /* Main */,
				77F073DA29ED9AFA00EE1FC9 /* Auth */,
			);
			path = Flows;
			sourceTree = "<group>";
		};
		77F073DA29ED9AFA00EE1FC9 /* Auth */ = {
			isa = PBXGroup;
			children = (
				77F073DB29ED9B0C00EE1FC9 /* AuthFlow.swift */,
			);
			path = Auth;
			sourceTree = "<group>";
		};
		77F073DF29EE170A00EE1FC9 /* Font */ = {
			isa = PBXGroup;
			children = (
				77F073E929EE1B0E00EE1FC9 /* SF-Pro-Text-Semibold.otf */,
				77F073EB29EE1B1600EE1FC9 /* SF-Pro-Text-Regular.otf */,
				77F073ED29EE1B2100EE1FC9 /* SF-Pro-Text-Medium.otf */,
				77F073EF29EE20A500EE1FC9 /* SF-Pro-Text-Bold.otf */,
			);
			path = Font;
			sourceTree = "<group>";
		};
		77F073F329EE3D3200EE1FC9 /* Main */ = {
			isa = PBXGroup;
			children = (
				7771E7C22A1C563300649B63 /* EditUserModal */,
				7771E7B12A14AE5900649B63 /* SearchModal */,
				7771E7962A0CC3ED00649B63 /* StudentInfo */,
				77F0743729F1A6F100EE1FC9 /* Profile */,
				77F0740629EE8A5E00EE1FC9 /* Outing */,
				77F073FF29EE89B700EE1FC9 /* QRCode */,
				77F073F429EE3D3B00EE1FC9 /* Home */,
			);
			path = Main;
			sourceTree = "<group>";
		};
		77F073F429EE3D3B00EE1FC9 /* Home */ = {
			isa = PBXGroup;
			children = (
				77F0742329EF6D5000EE1FC9 /* Cell */,
				77F073F629EE3D4800EE1FC9 /* ViewModel */,
				77F073F529EE3D4400EE1FC9 /* View */,
			);
			path = Home;
			sourceTree = "<group>";
		};
		77F073F529EE3D4400EE1FC9 /* View */ = {
			isa = PBXGroup;
			children = (
				77F073F729EE3D5900EE1FC9 /* HomeViewController.swift */,
			);
			path = View;
			sourceTree = "<group>";
		};
		77F073F629EE3D4800EE1FC9 /* ViewModel */ = {
			isa = PBXGroup;
			children = (
				77F073F929EE3D6300EE1FC9 /* HomeViewModel.swift */,
			);
			path = ViewModel;
			sourceTree = "<group>";
		};
		77F073FF29EE89B700EE1FC9 /* QRCode */ = {
			isa = PBXGroup;
			children = (
				77F0740129EE89E000EE1FC9 /* ViewModel */,
				77F0740029EE89DC00EE1FC9 /* View */,
			);
			path = QRCode;
			sourceTree = "<group>";
		};
		77F0740029EE89DC00EE1FC9 /* View */ = {
			isa = PBXGroup;
			children = (
				77F0740429EE8A0200EE1FC9 /* QRCodeViewController.swift */,
			);
			path = View;
			sourceTree = "<group>";
		};
		77F0740129EE89E000EE1FC9 /* ViewModel */ = {
			isa = PBXGroup;
			children = (
				77F0740229EE89F100EE1FC9 /* QRCodeModel.swift */,
			);
			path = ViewModel;
			sourceTree = "<group>";
		};
		77F0740629EE8A5E00EE1FC9 /* Outing */ = {
			isa = PBXGroup;
			children = (
				77F0742F29F15AAB00EE1FC9 /* Cell */,
				77F0740829EE8A6F00EE1FC9 /* ViewModel */,
				77F0740729EE8A6A00EE1FC9 /* View */,
			);
			path = Outing;
			sourceTree = "<group>";
		};
		77F0740729EE8A6A00EE1FC9 /* View */ = {
			isa = PBXGroup;
			children = (
				77F0740929EE8A7B00EE1FC9 /* OutingViewController.swift */,
			);
			path = View;
			sourceTree = "<group>";
		};
		77F0740829EE8A6F00EE1FC9 /* ViewModel */ = {
			isa = PBXGroup;
			children = (
				77F0740B29EE8A8600EE1FC9 /* OutingViewModel.swift */,
			);
			path = ViewModel;
			sourceTree = "<group>";
		};
		77F0740D29EE8AF100EE1FC9 /* Main */ = {
			isa = PBXGroup;
			children = (
				77F0740F29EE8B0600EE1FC9 /* Items */,
				77F0740E29EE8AF600EE1FC9 /* TabBar */,
			);
			path = Main;
			sourceTree = "<group>";
		};
		77F0740E29EE8AF600EE1FC9 /* TabBar */ = {
			isa = PBXGroup;
			children = (
				77F0741029EE8B1300EE1FC9 /* TabBarFlow.swift */,
			);
			path = TabBar;
			sourceTree = "<group>";
		};
		77F0740F29EE8B0600EE1FC9 /* Items */ = {
			isa = PBXGroup;
			children = (
				77F0741229EE8B2400EE1FC9 /* HomeFlow.swift */,
				77F0741429EE8B2D00EE1FC9 /* QRCodeFlow.swift */,
				77F0741629EE8B3400EE1FC9 /* OutingFlow.swift */,
			);
			path = Items;
			sourceTree = "<group>";
		};
		77F0741829EE8B5800EE1FC9 /* TabBar */ = {
			isa = PBXGroup;
			children = (
				77F0741B29EE8B8A00EE1FC9 /* GOMSTabBar.swift */,
			);
			path = TabBar;
			sourceTree = "<group>";
		};
		77F0742329EF6D5000EE1FC9 /* Cell */ = {
			isa = PBXGroup;
			children = (
				77F0742429EF6D6500EE1FC9 /* HomeCollectionViewCell.swift */,
			);
			path = Cell;
			sourceTree = "<group>";
		};
		77F0742F29F15AAB00EE1FC9 /* Cell */ = {
			isa = PBXGroup;
			children = (
				77F0743029F15ABF00EE1FC9 /* OutingTableViewCell.swift */,
			);
			path = Cell;
			sourceTree = "<group>";
		};
		77F0743729F1A6F100EE1FC9 /* Profile */ = {
			isa = PBXGroup;
			children = (
				77F0744129F2175C00EE1FC9 /* Cell */,
				77F0743929F1A6FD00EE1FC9 /* ViewModel */,
				77F0743829F1A6F700EE1FC9 /* View */,
			);
			path = Profile;
			sourceTree = "<group>";
		};
		77F0743829F1A6F700EE1FC9 /* View */ = {
			isa = PBXGroup;
			children = (
				77F0743A29F1A70700EE1FC9 /* ProfileViewController.swift */,
			);
			path = View;
			sourceTree = "<group>";
		};
		77F0743929F1A6FD00EE1FC9 /* ViewModel */ = {
			isa = PBXGroup;
			children = (
				77F0743C29F1A71300EE1FC9 /* ProfileViewModel.swift */,
			);
			path = ViewModel;
			sourceTree = "<group>";
		};
		77F0744129F2175C00EE1FC9 /* Cell */ = {
			isa = PBXGroup;
			children = (
				77F0744229F2176E00EE1FC9 /* ProfileTableViewCell.swift */,
			);
			path = Cell;
			sourceTree = "<group>";
		};
		77F0744529F7A4B200EE1FC9 /* Services */ = {
			isa = PBXGroup;
			children = (
				7771E7A82A0CE44700649B63 /* StudentCouncil */,
				77F0747D29FB4A9400EE1FC9 /* Late */,
				77F0746F29FABD5200EE1FC9 /* Outing */,
				77F0746529FA717400EE1FC9 /* Account */,
				77F0745229F7B54100EE1FC9 /* Auth */,
			);
			path = Services;
			sourceTree = "<group>";
		};
		77F0744629F7A4C500EE1FC9 /* Model */ = {
			isa = PBXGroup;
			children = (
				7771E7A62A0CE41E00649B63 /* StudentCouncil */,
				77F0747B29FB4A8700EE1FC9 /* Late */,
				77F0746929FABC9500EE1FC9 /* Outing */,
				77F0745D29FA67D800EE1FC9 /* Account */,
				77F0744A29F7B29700EE1FC9 /* Auth */,
			);
			path = Model;
			sourceTree = "<group>";
		};
		77F0744729F7A4CB00EE1FC9 /* Request */ = {
			isa = PBXGroup;
			children = (
				7771E7A72A0CE43900649B63 /* StudentCouncil */,
				77F0747C29FB4A8C00EE1FC9 /* Late */,
				77F0746C29FABD0300EE1FC9 /* Outing */,
				77F0746229FA6FA200EE1FC9 /* Account */,
				77F0744E29F7B3D400EE1FC9 /* Auth */,
			);
			path = Request;
			sourceTree = "<group>";
		};
		77F0744A29F7B29700EE1FC9 /* Auth */ = {
			isa = PBXGroup;
			children = (
				77F0748429FB624900EE1FC9 /* RefreshToken */,
				77F0744B29F7B2A100EE1FC9 /* SignIn */,
			);
			path = Auth;
			sourceTree = "<group>";
		};
		77F0744B29F7B2A100EE1FC9 /* SignIn */ = {
			isa = PBXGroup;
			children = (
				77F0744C29F7B2AC00EE1FC9 /* SignInModel.swift */,
			);
			path = SignIn;
			sourceTree = "<group>";
		};
		77F0744E29F7B3D400EE1FC9 /* Auth */ = {
			isa = PBXGroup;
			children = (
				77F0748729FB62B400EE1FC9 /* RefreshToken */,
				77F0744F29F7B3EE00EE1FC9 /* SignIn */,
			);
			path = Auth;
			sourceTree = "<group>";
		};
		77F0744F29F7B3EE00EE1FC9 /* SignIn */ = {
			isa = PBXGroup;
			children = (
				77F0745029F7B3FD00EE1FC9 /* SignInRequest.swift */,
			);
			path = SignIn;
			sourceTree = "<group>";
		};
		77F0745229F7B54100EE1FC9 /* Auth */ = {
			isa = PBXGroup;
			children = (
				77F0745329F7B55600EE1FC9 /* AuthServices.swift */,
			);
			name = Auth;
			path = "며소";
			sourceTree = "<group>";
		};
		77F0745529F7B58600EE1FC9 /* General */ = {
			isa = PBXGroup;
			children = (
				77F0745729F7B59900EE1FC9 /* BaseURL.swift */,
			);
			path = General;
			sourceTree = "<group>";
		};
		77F0745D29FA67D800EE1FC9 /* Account */ = {
			isa = PBXGroup;
			children = (
				77F0745E29FA67E800EE1FC9 /* AccountModel.swift */,
			);
			path = Account;
			sourceTree = "<group>";
		};
		77F0746229FA6FA200EE1FC9 /* Account */ = {
			isa = PBXGroup;
			children = (
				77F0746329FA6FAE00EE1FC9 /* AccountRequest.swift */,
			);
			path = Account;
			sourceTree = "<group>";
		};
		77F0746529FA717400EE1FC9 /* Account */ = {
			isa = PBXGroup;
			children = (
				77F0746729FA720600EE1FC9 /* AccountServices.swift */,
			);
			path = Account;
			sourceTree = "<group>";
		};
		77F0746929FABC9500EE1FC9 /* Outing */ = {
			isa = PBXGroup;
			children = (
				77F0747229FAC13100EE1FC9 /* OutingListModel.swift */,
				77F0747629FAC51F00EE1FC9 /* OutingCountModel.swift */,
			);
			path = Outing;
			sourceTree = "<group>";
		};
		77F0746C29FABD0300EE1FC9 /* Outing */ = {
			isa = PBXGroup;
			children = (
				77F0746D29FABD1400EE1FC9 /* OutingRequest.swift */,
				77F0747429FAC2CF00EE1FC9 /* OutingListRequest.swift */,
				77F0747829FAC55B00EE1FC9 /* OutingCountRequest.swift */,
			);
			path = Outing;
			sourceTree = "<group>";
		};
		77F0746F29FABD5200EE1FC9 /* Outing */ = {
			isa = PBXGroup;
			children = (
				77F0747029FABD7500EE1FC9 /* OutingServices.swift */,
			);
			path = Outing;
			sourceTree = "<group>";
		};
		77F0747B29FB4A8700EE1FC9 /* Late */ = {
			isa = PBXGroup;
			children = (
				77F0747E29FB4AA300EE1FC9 /* LateRankModel.swift */,
			);
			path = Late;
			sourceTree = "<group>";
		};
		77F0747C29FB4A8C00EE1FC9 /* Late */ = {
			isa = PBXGroup;
			children = (
				77F0748029FB4ADC00EE1FC9 /* LateRankRequest.swift */,
			);
			path = Late;
			sourceTree = "<group>";
		};
		77F0747D29FB4A9400EE1FC9 /* Late */ = {
			isa = PBXGroup;
			children = (
				77F0748229FB536100EE1FC9 /* LateServices.swift */,
			);
			path = Late;
			sourceTree = "<group>";
		};
		77F0748429FB624900EE1FC9 /* RefreshToken */ = {
			isa = PBXGroup;
			children = (
				77F0748529FB625E00EE1FC9 /* RefreshTokenModel.swift */,
			);
			path = RefreshToken;
			sourceTree = "<group>";
		};
		77F0748729FB62B400EE1FC9 /* RefreshToken */ = {
			isa = PBXGroup;
			children = (
				77F0748829FB62C600EE1FC9 /* RefreshTokenRequest.swift */,
			);
			path = RefreshToken;
			sourceTree = "<group>";
		};
/* End PBXGroup section */

/* Begin PBXNativeTarget section */
		77F0738C29ED29CF00EE1FC9 /* GOMS-iOS */ = {
			isa = PBXNativeTarget;
			buildConfigurationList = 77F073A129ED29D000EE1FC9 /* Build configuration list for PBXNativeTarget "GOMS-iOS" */;
			buildPhases = (
				77F0738929ED29CF00EE1FC9 /* Sources */,
				77F0738A29ED29CF00EE1FC9 /* Frameworks */,
				77F0738B29ED29CF00EE1FC9 /* Resources */,
			);
			buildRules = (
			);
			dependencies = (
			);
			name = "GOMS-iOS";
			packageProductDependencies = (
				77F073A529ED377800EE1FC9 /* Then */,
				77F073AB29ED379400EE1FC9 /* SnapKit */,
				77F073B029ED37AB00EE1FC9 /* RxSwift */,
				77F073B329ED37D600EE1FC9 /* RxFlow */,
				77F073B529ED37EB00EE1FC9 /* RxCocoa */,
				77F073D229ED923700EE1FC9 /* GAuthSignin */,
				77F0742829F00A7D00EE1FC9 /* QRCodeReader */,
				77F0745A29F7BC7600EE1FC9 /* Moya */,
				77F074932A03302100EE1FC9 /* Kingfisher */,
				77F074982A0C965800EE1FC9 /* QRCode */,
			);
			productName = "GOMS-iOS";
			productReference = 77F0741E29EE949B00EE1FC9 /* GOMS-iOS.app */;
			productType = "com.apple.product-type.application";
		};
/* End PBXNativeTarget section */

/* Begin PBXProject section */
		77F0738529ED29CF00EE1FC9 /* Project object */ = {
			isa = PBXProject;
			attributes = {
				BuildIndependentTargetsInParallel = 1;
				LastSwiftUpdateCheck = 1430;
				LastUpgradeCheck = 1430;
				TargetAttributes = {
					77F0738C29ED29CF00EE1FC9 = {
						CreatedOnToolsVersion = 14.3;
					};
				};
			};
			buildConfigurationList = 77F0738829ED29CF00EE1FC9 /* Build configuration list for PBXProject "GOMS-iOS" */;
			compatibilityVersion = "Xcode 14.0";
			developmentRegion = en;
			hasScannedForEncodings = 0;
			knownRegions = (
				en,
				Base,
			);
			mainGroup = 77F0738429ED29CF00EE1FC9;
			packageReferences = (
				77F073A429ED377800EE1FC9 /* XCRemoteSwiftPackageReference "Then" */,
				77F073A729ED378600EE1FC9 /* XCRemoteSwiftPackageReference "RxFlow" */,
				77F073AA29ED379400EE1FC9 /* XCRemoteSwiftPackageReference "SnapKit" */,
				77F073AD29ED37AB00EE1FC9 /* XCRemoteSwiftPackageReference "RxSwift" */,
				77F073D129ED923700EE1FC9 /* XCRemoteSwiftPackageReference "GAuthSignin-Swift" */,
				77F0742729F00A7D00EE1FC9 /* XCRemoteSwiftPackageReference "QRCodeReader" */,
				77F0745929F7BC7600EE1FC9 /* XCRemoteSwiftPackageReference "Moya" */,
				77F074922A03302100EE1FC9 /* XCRemoteSwiftPackageReference "Kingfisher" */,
				77F074952A0C959200EE1FC9 /* XCRemoteSwiftPackageReference "QRCode" */,
			);
			productRefGroup = 77F0738429ED29CF00EE1FC9;
			projectDirPath = "";
			projectRoot = "";
			targets = (
				77F0738C29ED29CF00EE1FC9 /* GOMS-iOS */,
			);
		};
/* End PBXProject section */

/* Begin PBXResourcesBuildPhase section */
		77F0738B29ED29CF00EE1FC9 /* Resources */ = {
			isa = PBXResourcesBuildPhase;
			buildActionMask = 2147483647;
			files = (
				77F073EA29EE1B0E00EE1FC9 /* SF-Pro-Text-Semibold.otf in Resources */,
				77F0739D29ED29D000EE1FC9 /* LaunchScreen.storyboard in Resources */,
				77F073F029EE20A500EE1FC9 /* SF-Pro-Text-Bold.otf in Resources */,
				77F073EC29EE1B1700EE1FC9 /* SF-Pro-Text-Regular.otf in Resources */,
				77F073EE29EE1B2100EE1FC9 /* SF-Pro-Text-Medium.otf in Resources */,
				77F0739A29ED29D000EE1FC9 /* Assets.xcassets in Resources */,
			);
			runOnlyForDeploymentPostprocessing = 0;
		};
/* End PBXResourcesBuildPhase section */

/* Begin PBXSourcesBuildPhase section */
		77F0738929ED29CF00EE1FC9 /* Sources */ = {
			isa = PBXSourcesBuildPhase;
			buildActionMask = 2147483647;
			files = (
				77F0747529FAC2CF00EE1FC9 /* OutingListRequest.swift in Sources */,
				77F0740329EE89F100EE1FC9 /* QRCodeModel.swift in Sources */,
				77F0739529ED29CF00EE1FC9 /* IntroViewController.swift in Sources */,
				77F0741329EE8B2400EE1FC9 /* HomeFlow.swift in Sources */,
				77F0741C29EE8B8A00EE1FC9 /* GOMSTabBar.swift in Sources */,
				77F074912A01761D00EE1FC9 /* GOMSRefreshToken.swift in Sources */,
				77F073D829ED9A6000EE1FC9 /* AppFlow.swift in Sources */,
				77F0746429FA6FAE00EE1FC9 /* AccountRequest.swift in Sources */,
				77F0743129F15ABF00EE1FC9 /* OutingTableViewCell.swift in Sources */,
				7771E7AE2A0D029F00649B63 /* StudentInfoRequest.swift in Sources */,
				77F0744D29F7B2AC00EE1FC9 /* SignInModel.swift in Sources */,
				77F0743D29F1A71300EE1FC9 /* ProfileViewModel.swift in Sources */,
				77F0743B29F1A70700EE1FC9 /* ProfileViewController.swift in Sources */,
				77F0747129FABD7500EE1FC9 /* OutingServices.swift in Sources */,
				77F073C329ED898F00EE1FC9 /* BaseViewController.swift in Sources */,
				77F0748929FB62C600EE1FC9 /* RefreshTokenRequest.swift in Sources */,
				77F0746E29FABD1400EE1FC9 /* OutingRequest.swift in Sources */,
				7771E7B72A14AF2400649B63 /* SearchModalViewModel.swift in Sources */,
				77F0741729EE8B3400EE1FC9 /* OutingFlow.swift in Sources */,
				77F0740C29EE8A8600EE1FC9 /* OutingViewModel.swift in Sources */,
				77F073C629ED8A1600EE1FC9 /* GOMSColor.swift in Sources */,
				7771E7C82A1C568500649B63 /* EditUserModalViewModel.swift in Sources */,
				77F073D629ED970200EE1FC9 /* GOMSStep.swift in Sources */,
				77F0749B2A0CACBC00EE1FC9 /* GOMSQrCode.swift in Sources */,
				7771E7A12A0CCB8600649B63 /* StudentInfoCell.swift in Sources */,
				77F0745829F7B59900EE1FC9 /* BaseURL.swift in Sources */,
				7771E7BC2A14C04E00649B63 /* SearchRequest.swift in Sources */,
				7771E7BA2A14BFCA00649B63 /* SearchModel.swift in Sources */,
				7771E7A52A0CE35E00649B63 /* MakeQRCodeRequest.swift in Sources */,
				77F0745F29FA67E800EE1FC9 /* AccountModel.swift in Sources */,
				77F0744929F7B08B00EE1FC9 /* Bundle.swift in Sources */,
				77F0741529EE8B2D00EE1FC9 /* QRCodeFlow.swift in Sources */,
				77F0748D2A0122C900EE1FC9 /* GOMSToken.swift in Sources */,
				7771E79D2A0CC48E00649B63 /* StudentInfoViewController.swift in Sources */,
				7771E7A32A0CE1AA00649B63 /* MakeQRCodeModel.swift in Sources */,
				77F0748629FB625E00EE1FC9 /* RefreshTokenModel.swift in Sources */,
				77F073E129EE172200EE1FC9 /* GOMSFont.swift in Sources */,
				77F073D029ED8E0B00EE1FC9 /* IntroViewModel.swift in Sources */,
				77F0739129ED29CF00EE1FC9 /* AppDelegate.swift in Sources */,
				77F0747F29FB4AA300EE1FC9 /* LateRankModel.swift in Sources */,
				77F0748129FB4ADC00EE1FC9 /* LateRankRequest.swift in Sources */,
				77F0741129EE8B1300EE1FC9 /* TabBarFlow.swift in Sources */,
				77F073FA29EE3D6300EE1FC9 /* HomeViewModel.swift in Sources */,
				77F0748329FB536100EE1FC9 /* LateServices.swift in Sources */,
				77F0745429F7B55600EE1FC9 /* AuthServices.swift in Sources */,
				77F0747929FAC55B00EE1FC9 /* OutingCountRequest.swift in Sources */,
				774D26B82A1DF048003666E8 /* EditAuthorityRequest.swift in Sources */,
				7771E7BE2A15BE2200649B63 /* GOMSTextField.swift in Sources */,
				7771E7AC2A0D019400649B63 /* StudentInfoModel.swift in Sources */,
				774D26BA2A1DFFEB003666E8 /* IsBlackListRequset.swift in Sources */,
				77F0739329ED29CF00EE1FC9 /* SceneDelegate.swift in Sources */,
				77F073C829ED8A5200EE1FC9 /* BaseViewModel.swift in Sources */,
				7771E79B2A0CC48100649B63 /* StudentInfoViewModel.swift in Sources */,
				77F073DC29ED9B0C00EE1FC9 /* AuthFlow.swift in Sources */,
				77F0744329F2176E00EE1FC9 /* ProfileTableViewCell.swift in Sources */,
				77F0746829FA720700EE1FC9 /* AccountServices.swift in Sources */,
				77F073F829EE3D5900EE1FC9 /* HomeViewController.swift in Sources */,
				77F0742529EF6D6500EE1FC9 /* HomeCollectionViewCell.swift in Sources */,
				77F0740A29EE8A7B00EE1FC9 /* OutingViewController.swift in Sources */,
				77F0747329FAC13100EE1FC9 /* OutingListModel.swift in Sources */,
				7771E7C62A1C567800649B63 /* EditUserModalViewController.swift in Sources */,
				77F0740529EE8A0200EE1FC9 /* QRCodeViewController.swift in Sources */,
				7771E7AA2A0CE46D00649B63 /* StudentCouncilServices.swift in Sources */,
				77F073FC29EE448500EE1FC9 /* UINavigationBar.swift in Sources */,
				7771E7B42A14AEB500649B63 /* SearchModalViewController.swift in Sources */,
				77F0742029EEDFF800EE1FC9 /* GOMSShadow.swift in Sources */,
				77F0745129F7B3FD00EE1FC9 /* SignInRequest.swift in Sources */,
				77F0747729FAC51F00EE1FC9 /* OutingCountModel.swift in Sources */,
			);
			runOnlyForDeploymentPostprocessing = 0;
		};
/* End PBXSourcesBuildPhase section */

/* Begin PBXVariantGroup section */
		77F0739B29ED29D000EE1FC9 /* LaunchScreen.storyboard */ = {
			isa = PBXVariantGroup;
			children = (
				77F0739C29ED29D000EE1FC9 /* Base */,
			);
			name = LaunchScreen.storyboard;
			sourceTree = "<group>";
		};
/* End PBXVariantGroup section */

/* Begin XCBuildConfiguration section */
		77F0739F29ED29D000EE1FC9 /* Debug */ = {
			isa = XCBuildConfiguration;
			buildSettings = {
				ALWAYS_SEARCH_USER_PATHS = NO;
				CLANG_ANALYZER_NONNULL = YES;
				CLANG_ANALYZER_NUMBER_OBJECT_CONVERSION = YES_AGGRESSIVE;
				CLANG_CXX_LANGUAGE_STANDARD = "gnu++20";
				CLANG_ENABLE_MODULES = YES;
				CLANG_ENABLE_OBJC_ARC = YES;
				CLANG_ENABLE_OBJC_WEAK = YES;
				CLANG_WARN_BLOCK_CAPTURE_AUTORELEASING = YES;
				CLANG_WARN_BOOL_CONVERSION = YES;
				CLANG_WARN_COMMA = YES;
				CLANG_WARN_CONSTANT_CONVERSION = YES;
				CLANG_WARN_DEPRECATED_OBJC_IMPLEMENTATIONS = YES;
				CLANG_WARN_DIRECT_OBJC_ISA_USAGE = YES_ERROR;
				CLANG_WARN_DOCUMENTATION_COMMENTS = YES;
				CLANG_WARN_EMPTY_BODY = YES;
				CLANG_WARN_ENUM_CONVERSION = YES;
				CLANG_WARN_INFINITE_RECURSION = YES;
				CLANG_WARN_INT_CONVERSION = YES;
				CLANG_WARN_NON_LITERAL_NULL_CONVERSION = YES;
				CLANG_WARN_OBJC_IMPLICIT_RETAIN_SELF = YES;
				CLANG_WARN_OBJC_LITERAL_CONVERSION = YES;
				CLANG_WARN_OBJC_ROOT_CLASS = YES_ERROR;
				CLANG_WARN_QUOTED_INCLUDE_IN_FRAMEWORK_HEADER = YES;
				CLANG_WARN_RANGE_LOOP_ANALYSIS = YES;
				CLANG_WARN_STRICT_PROTOTYPES = YES;
				CLANG_WARN_SUSPICIOUS_MOVE = YES;
				CLANG_WARN_UNGUARDED_AVAILABILITY = YES_AGGRESSIVE;
				CLANG_WARN_UNREACHABLE_CODE = YES;
				CLANG_WARN__DUPLICATE_METHOD_MATCH = YES;
				COPY_PHASE_STRIP = NO;
				DEBUG_INFORMATION_FORMAT = dwarf;
				ENABLE_STRICT_OBJC_MSGSEND = YES;
				ENABLE_TESTABILITY = YES;
				GCC_C_LANGUAGE_STANDARD = gnu11;
				GCC_DYNAMIC_NO_PIC = NO;
				GCC_NO_COMMON_BLOCKS = YES;
				GCC_OPTIMIZATION_LEVEL = 0;
				GCC_PREPROCESSOR_DEFINITIONS = (
					"DEBUG=1",
					"$(inherited)",
				);
				GCC_WARN_64_TO_32_BIT_CONVERSION = YES;
				GCC_WARN_ABOUT_RETURN_TYPE = YES_ERROR;
				GCC_WARN_UNDECLARED_SELECTOR = YES;
				GCC_WARN_UNINITIALIZED_AUTOS = YES_AGGRESSIVE;
				GCC_WARN_UNUSED_FUNCTION = YES;
				GCC_WARN_UNUSED_VARIABLE = YES;
				IPHONEOS_DEPLOYMENT_TARGET = 15.0;
				MTL_ENABLE_DEBUG_INFO = INCLUDE_SOURCE;
				MTL_FAST_MATH = YES;
				ONLY_ACTIVE_ARCH = YES;
				SDKROOT = iphoneos;
				SWIFT_ACTIVE_COMPILATION_CONDITIONS = DEBUG;
				SWIFT_OPTIMIZATION_LEVEL = "-Onone";
			};
			name = Debug;
		};
		77F073A029ED29D000EE1FC9 /* Release */ = {
			isa = XCBuildConfiguration;
			buildSettings = {
				ALWAYS_SEARCH_USER_PATHS = NO;
				CLANG_ANALYZER_NONNULL = YES;
				CLANG_ANALYZER_NUMBER_OBJECT_CONVERSION = YES_AGGRESSIVE;
				CLANG_CXX_LANGUAGE_STANDARD = "gnu++20";
				CLANG_ENABLE_MODULES = YES;
				CLANG_ENABLE_OBJC_ARC = YES;
				CLANG_ENABLE_OBJC_WEAK = YES;
				CLANG_WARN_BLOCK_CAPTURE_AUTORELEASING = YES;
				CLANG_WARN_BOOL_CONVERSION = YES;
				CLANG_WARN_COMMA = YES;
				CLANG_WARN_CONSTANT_CONVERSION = YES;
				CLANG_WARN_DEPRECATED_OBJC_IMPLEMENTATIONS = YES;
				CLANG_WARN_DIRECT_OBJC_ISA_USAGE = YES_ERROR;
				CLANG_WARN_DOCUMENTATION_COMMENTS = YES;
				CLANG_WARN_EMPTY_BODY = YES;
				CLANG_WARN_ENUM_CONVERSION = YES;
				CLANG_WARN_INFINITE_RECURSION = YES;
				CLANG_WARN_INT_CONVERSION = YES;
				CLANG_WARN_NON_LITERAL_NULL_CONVERSION = YES;
				CLANG_WARN_OBJC_IMPLICIT_RETAIN_SELF = YES;
				CLANG_WARN_OBJC_LITERAL_CONVERSION = YES;
				CLANG_WARN_OBJC_ROOT_CLASS = YES_ERROR;
				CLANG_WARN_QUOTED_INCLUDE_IN_FRAMEWORK_HEADER = YES;
				CLANG_WARN_RANGE_LOOP_ANALYSIS = YES;
				CLANG_WARN_STRICT_PROTOTYPES = YES;
				CLANG_WARN_SUSPICIOUS_MOVE = YES;
				CLANG_WARN_UNGUARDED_AVAILABILITY = YES_AGGRESSIVE;
				CLANG_WARN_UNREACHABLE_CODE = YES;
				CLANG_WARN__DUPLICATE_METHOD_MATCH = YES;
				COPY_PHASE_STRIP = NO;
				DEBUG_INFORMATION_FORMAT = "dwarf-with-dsym";
				ENABLE_NS_ASSERTIONS = NO;
				ENABLE_STRICT_OBJC_MSGSEND = YES;
				GCC_C_LANGUAGE_STANDARD = gnu11;
				GCC_NO_COMMON_BLOCKS = YES;
				GCC_WARN_64_TO_32_BIT_CONVERSION = YES;
				GCC_WARN_ABOUT_RETURN_TYPE = YES_ERROR;
				GCC_WARN_UNDECLARED_SELECTOR = YES;
				GCC_WARN_UNINITIALIZED_AUTOS = YES_AGGRESSIVE;
				GCC_WARN_UNUSED_FUNCTION = YES;
				GCC_WARN_UNUSED_VARIABLE = YES;
				IPHONEOS_DEPLOYMENT_TARGET = 15.0;
				MTL_ENABLE_DEBUG_INFO = NO;
				MTL_FAST_MATH = YES;
				SDKROOT = iphoneos;
				SWIFT_COMPILATION_MODE = wholemodule;
				SWIFT_OPTIMIZATION_LEVEL = "-O";
				VALIDATE_PRODUCT = YES;
			};
			name = Release;
		};
		77F073A229ED29D000EE1FC9 /* Debug */ = {
			isa = XCBuildConfiguration;
			buildSettings = {
				ASSETCATALOG_COMPILER_APPICON_NAME = AppIcon;
				ASSETCATALOG_COMPILER_GLOBAL_ACCENT_COLOR_NAME = AccentColor;
				CODE_SIGN_STYLE = Automatic;
				CURRENT_PROJECT_VERSION = 1;
				DEVELOPMENT_TEAM = 5GD5Q99952;
				GENERATE_INFOPLIST_FILE = YES;
				INFOPLIST_FILE = "GOMS-iOS/Info.plist";
				INFOPLIST_KEY_UIApplicationSupportsIndirectInputEvents = YES;
				INFOPLIST_KEY_UILaunchStoryboardName = LaunchScreen;
				INFOPLIST_KEY_UIMainStoryboardFile = "";
				INFOPLIST_KEY_UISupportedInterfaceOrientations_iPad = "UIInterfaceOrientationPortrait UIInterfaceOrientationPortraitUpsideDown UIInterfaceOrientationLandscapeLeft UIInterfaceOrientationLandscapeRight";
				INFOPLIST_KEY_UISupportedInterfaceOrientations_iPhone = "UIInterfaceOrientationPortrait UIInterfaceOrientationLandscapeLeft UIInterfaceOrientationLandscapeRight";
				IPHONEOS_DEPLOYMENT_TARGET = 15.0;
				LD_RUNPATH_SEARCH_PATHS = (
					"$(inherited)",
					"@executable_path/Frameworks",
				);
				MARKETING_VERSION = 1.0.1;
				PRODUCT_BUNDLE_IDENTIFIER = "Minjae.GOMS-iOS";
				PRODUCT_NAME = "$(TARGET_NAME)";
				SWIFT_EMIT_LOC_STRINGS = YES;
				SWIFT_VERSION = 5.0;
				TARGETED_DEVICE_FAMILY = "1,2";
			};
			name = Debug;
		};
		77F073A329ED29D000EE1FC9 /* Release */ = {
			isa = XCBuildConfiguration;
			buildSettings = {
				ASSETCATALOG_COMPILER_APPICON_NAME = AppIcon;
				ASSETCATALOG_COMPILER_GLOBAL_ACCENT_COLOR_NAME = AccentColor;
				CODE_SIGN_STYLE = Automatic;
				CURRENT_PROJECT_VERSION = 1;
				DEVELOPMENT_TEAM = 5GD5Q99952;
				GENERATE_INFOPLIST_FILE = YES;
				INFOPLIST_FILE = "GOMS-iOS/Info.plist";
				INFOPLIST_KEY_UIApplicationSupportsIndirectInputEvents = YES;
				INFOPLIST_KEY_UILaunchStoryboardName = LaunchScreen;
				INFOPLIST_KEY_UIMainStoryboardFile = "";
				INFOPLIST_KEY_UISupportedInterfaceOrientations_iPad = "UIInterfaceOrientationPortrait UIInterfaceOrientationPortraitUpsideDown UIInterfaceOrientationLandscapeLeft UIInterfaceOrientationLandscapeRight";
				INFOPLIST_KEY_UISupportedInterfaceOrientations_iPhone = "UIInterfaceOrientationPortrait UIInterfaceOrientationLandscapeLeft UIInterfaceOrientationLandscapeRight";
				IPHONEOS_DEPLOYMENT_TARGET = 15.0;
				LD_RUNPATH_SEARCH_PATHS = (
					"$(inherited)",
					"@executable_path/Frameworks",
				);
				MARKETING_VERSION = 1.0.1;
				PRODUCT_BUNDLE_IDENTIFIER = "Minjae.GOMS-iOS";
				PRODUCT_NAME = "$(TARGET_NAME)";
				SWIFT_EMIT_LOC_STRINGS = YES;
				SWIFT_VERSION = 5.0;
				TARGETED_DEVICE_FAMILY = "1,2";
			};
			name = Release;
		};
/* End XCBuildConfiguration section */

/* Begin XCConfigurationList section */
		77F0738829ED29CF00EE1FC9 /* Build configuration list for PBXProject "GOMS-iOS" */ = {
			isa = XCConfigurationList;
			buildConfigurations = (
				77F0739F29ED29D000EE1FC9 /* Debug */,
				77F073A029ED29D000EE1FC9 /* Release */,
			);
			defaultConfigurationIsVisible = 0;
			defaultConfigurationName = Release;
		};
		77F073A129ED29D000EE1FC9 /* Build configuration list for PBXNativeTarget "GOMS-iOS" */ = {
			isa = XCConfigurationList;
			buildConfigurations = (
				77F073A229ED29D000EE1FC9 /* Debug */,
				77F073A329ED29D000EE1FC9 /* Release */,
			);
			defaultConfigurationIsVisible = 0;
			defaultConfigurationName = Release;
		};
/* End XCConfigurationList section */

/* Begin XCRemoteSwiftPackageReference section */
		77F073A429ED377800EE1FC9 /* XCRemoteSwiftPackageReference "Then" */ = {
			isa = XCRemoteSwiftPackageReference;
			repositoryURL = "https://github.com/devxoul/Then";
			requirement = {
				kind = upToNextMajorVersion;
				minimumVersion = 3.0.0;
			};
		};
		77F073A729ED378600EE1FC9 /* XCRemoteSwiftPackageReference "RxFlow" */ = {
			isa = XCRemoteSwiftPackageReference;
			repositoryURL = "https://github.com/RxSwiftCommunity/RxFlow";
			requirement = {
				kind = upToNextMajorVersion;
				minimumVersion = 2.0.0;
			};
		};
		77F073AA29ED379400EE1FC9 /* XCRemoteSwiftPackageReference "SnapKit" */ = {
			isa = XCRemoteSwiftPackageReference;
			repositoryURL = "https://github.com/SnapKit/SnapKit";
			requirement = {
				kind = upToNextMajorVersion;
				minimumVersion = 5.0.0;
			};
		};
		77F073AD29ED37AB00EE1FC9 /* XCRemoteSwiftPackageReference "RxSwift" */ = {
			isa = XCRemoteSwiftPackageReference;
			repositoryURL = "https://github.com/ReactiveX/RxSwift";
			requirement = {
				kind = upToNextMajorVersion;
				minimumVersion = 6.0.0;
			};
		};
		77F073D129ED923700EE1FC9 /* XCRemoteSwiftPackageReference "GAuthSignin-Swift" */ = {
			isa = XCRemoteSwiftPackageReference;
			repositoryURL = "https://github.com/GSM-MSG/GAuthSignin-Swift";
			requirement = {
				kind = upToNextMajorVersion;
				minimumVersion = 0.0.3;
			};
		};
		77F0742729F00A7D00EE1FC9 /* XCRemoteSwiftPackageReference "QRCodeReader" */ = {
			isa = XCRemoteSwiftPackageReference;
			repositoryURL = "https://github.com/yannickl/QRCodeReader.swift";
			requirement = {
				kind = upToNextMajorVersion;
				minimumVersion = 10.0.0;
			};
		};
		77F0745929F7BC7600EE1FC9 /* XCRemoteSwiftPackageReference "Moya" */ = {
			isa = XCRemoteSwiftPackageReference;
			repositoryURL = "https://github.com/Moya/Moya";
			requirement = {
				kind = upToNextMajorVersion;
				minimumVersion = 15.0.0;
			};
		};
		77F074922A03302100EE1FC9 /* XCRemoteSwiftPackageReference "Kingfisher" */ = {
			isa = XCRemoteSwiftPackageReference;
			repositoryURL = "https://github.com/onevcat/Kingfisher";
			requirement = {
				kind = upToNextMajorVersion;
				minimumVersion = 7.0.0;
			};
		};
		77F074952A0C959200EE1FC9 /* XCRemoteSwiftPackageReference "QRCode" */ = {
			isa = XCRemoteSwiftPackageReference;
			repositoryURL = "https://github.com/dmrschmidt/QRCode";
			requirement = {
				kind = upToNextMajorVersion;
				minimumVersion = 1.0.0;
			};
		};
/* End XCRemoteSwiftPackageReference section */

/* Begin XCSwiftPackageProductDependency section */
		77F073A529ED377800EE1FC9 /* Then */ = {
			isa = XCSwiftPackageProductDependency;
			package = 77F073A429ED377800EE1FC9 /* XCRemoteSwiftPackageReference "Then" */;
			productName = Then;
		};
		77F073AB29ED379400EE1FC9 /* SnapKit */ = {
			isa = XCSwiftPackageProductDependency;
			package = 77F073AA29ED379400EE1FC9 /* XCRemoteSwiftPackageReference "SnapKit" */;
			productName = SnapKit;
		};
		77F073B029ED37AB00EE1FC9 /* RxSwift */ = {
			isa = XCSwiftPackageProductDependency;
			package = 77F073AD29ED37AB00EE1FC9 /* XCRemoteSwiftPackageReference "RxSwift" */;
			productName = RxSwift;
		};
		77F073B329ED37D600EE1FC9 /* RxFlow */ = {
			isa = XCSwiftPackageProductDependency;
			package = 77F073A729ED378600EE1FC9 /* XCRemoteSwiftPackageReference "RxFlow" */;
			productName = RxFlow;
		};
		77F073B529ED37EB00EE1FC9 /* RxCocoa */ = {
			isa = XCSwiftPackageProductDependency;
			package = 77F073AD29ED37AB00EE1FC9 /* XCRemoteSwiftPackageReference "RxSwift" */;
			productName = RxCocoa;
		};
		77F073D229ED923700EE1FC9 /* GAuthSignin */ = {
			isa = XCSwiftPackageProductDependency;
			package = 77F073D129ED923700EE1FC9 /* XCRemoteSwiftPackageReference "GAuthSignin-Swift" */;
			productName = GAuthSignin;
		};
		77F0742829F00A7D00EE1FC9 /* QRCodeReader */ = {
			isa = XCSwiftPackageProductDependency;
			package = 77F0742729F00A7D00EE1FC9 /* XCRemoteSwiftPackageReference "QRCodeReader" */;
			productName = QRCodeReader;
		};
		77F0745A29F7BC7600EE1FC9 /* Moya */ = {
			isa = XCSwiftPackageProductDependency;
			package = 77F0745929F7BC7600EE1FC9 /* XCRemoteSwiftPackageReference "Moya" */;
			productName = Moya;
		};
		77F074932A03302100EE1FC9 /* Kingfisher */ = {
			isa = XCSwiftPackageProductDependency;
			package = 77F074922A03302100EE1FC9 /* XCRemoteSwiftPackageReference "Kingfisher" */;
			productName = Kingfisher;
		};
		77F074982A0C965800EE1FC9 /* QRCode */ = {
			isa = XCSwiftPackageProductDependency;
			package = 77F074952A0C959200EE1FC9 /* XCRemoteSwiftPackageReference "QRCode" */;
			productName = QRCode;
		};
/* End XCSwiftPackageProductDependency section */
	};
	rootObject = 77F0738529ED29CF00EE1FC9 /* Project object */;
}
